// !$*UTF8*$!
{
	archiveVersion = 1;
	classes = {
	};
	objectVersion = 46;
	objects = {

/* Begin PBXBuildFile section */
		2344E4851E313A6B00867A71 /* chat_message.pb.swift in Sources */ = {isa = PBXBuildFile; fileRef = 2344E4841E313A6B00867A71 /* chat_message.pb.swift */; };
		2373E1451E3DE4080055136C /* Localizable.strings in Resources */ = {isa = PBXBuildFile; fileRef = 2373E1471E3DE4080055136C /* Localizable.strings */; };
		2373E14E1E3E43870055136C /* genColors.swift in Sources */ = {isa = PBXBuildFile; fileRef = 2373E14B1E3E43870055136C /* genColors.swift */; };
		2373E14F1E3E43870055136C /* genL10n.swift in Sources */ = {isa = PBXBuildFile; fileRef = 2373E14C1E3E43870055136C /* genL10n.swift */; };
		2373E1501E3E43870055136C /* genStoryboards.swift in Sources */ = {isa = PBXBuildFile; fileRef = 2373E14D1E3E43870055136C /* genStoryboards.swift */; };
		2373E15A1E3F293F0055136C /* NSBundle+language.m in Sources */ = {isa = PBXBuildFile; fileRef = 2373E1591E3F293F0055136C /* NSBundle+language.m */; };
		2373E15C1E3F361B0055136C /* button.swift in Sources */ = {isa = PBXBuildFile; fileRef = 2373E15B1E3F361B0055136C /* button.swift */; };
		2373E15E1E3F4EB80055136C /* image.swift in Sources */ = {isa = PBXBuildFile; fileRef = 2373E15D1E3F4EB80055136C /* image.swift */; };
		2373E1991E40A1C60055136C /* SwiftTimer.swift in Sources */ = {isa = PBXBuildFile; fileRef = 2373E1941E40A1C60055136C /* SwiftTimer.swift */; };
		2373E19D1E40A7920055136C /* nettype.swift in Sources */ = {isa = PBXBuildFile; fileRef = 2373E19C1E40A7920055136C /* nettype.swift */; };
		2373E1A01E4175E40055136C /* IndicatorButton.swift in Sources */ = {isa = PBXBuildFile; fileRef = 2373E19F1E4175E40055136C /* IndicatorButton.swift */; };
		238D43E81E45C73000DB9F03 /* Reachability.framework in Frameworks */ = {isa = PBXBuildFile; fileRef = 238D43E71E45C73000DB9F03 /* Reachability.framework */; };
		238D43E91E45C73000DB9F03 /* Reachability.framework in Embed Frameworks */ = {isa = PBXBuildFile; fileRef = 238D43E71E45C73000DB9F03 /* Reachability.framework */; settings = {ATTRIBUTES = (CodeSignOnCopy, RemoveHeadersOnCopy, ); }; };
		238D43EB1E46329800DB9F03 /* whisper.swift in Sources */ = {isa = PBXBuildFile; fileRef = 238D43EA1E46329800DB9F03 /* whisper.swift */; };
		238D43ED1E46C50600DB9F03 /* XCGLogger.framework in Frameworks */ = {isa = PBXBuildFile; fileRef = 238D43EC1E46C50600DB9F03 /* XCGLogger.framework */; };
		238D43EE1E46C50600DB9F03 /* XCGLogger.framework in Embed Frameworks */ = {isa = PBXBuildFile; fileRef = 238D43EC1E46C50600DB9F03 /* XCGLogger.framework */; settings = {ATTRIBUTES = (CodeSignOnCopy, RemoveHeadersOnCopy, ); }; };
		238D43F11E46CC5A00DB9F03 /* leveldbwarpper.mm in Sources */ = {isa = PBXBuildFile; fileRef = 238D43EF1E46CC5A00DB9F03 /* leveldbwarpper.mm */; };
		238D43F31E46E3A500DB9F03 /* leveldb.swift in Sources */ = {isa = PBXBuildFile; fileRef = 238D43F21E46E3A500DB9F03 /* leveldb.swift */; };
		238D43F51E47538C00DB9F03 /* typemap.cxx in Sources */ = {isa = PBXBuildFile; fileRef = 238D43F41E47538C00DB9F03 /* typemap.cxx */; };
		23A8817F1E3673FF0023B421 /* ActiveLabel.framework in Frameworks */ = {isa = PBXBuildFile; fileRef = 23A8816B1E3673FF0023B421 /* ActiveLabel.framework */; };
		23A881801E3673FF0023B421 /* ActiveLabel.framework in Embed Frameworks */ = {isa = PBXBuildFile; fileRef = 23A8816B1E3673FF0023B421 /* ActiveLabel.framework */; settings = {ATTRIBUTES = (CodeSignOnCopy, RemoveHeadersOnCopy, ); }; };
		23A881831E3673FF0023B421 /* Device.framework in Frameworks */ = {isa = PBXBuildFile; fileRef = 23A8816D1E3673FF0023B421 /* Device.framework */; };
		23A881841E3673FF0023B421 /* Device.framework in Embed Frameworks */ = {isa = PBXBuildFile; fileRef = 23A8816D1E3673FF0023B421 /* Device.framework */; settings = {ATTRIBUTES = (CodeSignOnCopy, RemoveHeadersOnCopy, ); }; };
		23A881851E3673FF0023B421 /* Diff.framework in Frameworks */ = {isa = PBXBuildFile; fileRef = 23A8816E1E3673FF0023B421 /* Diff.framework */; };
		23A881861E3673FF0023B421 /* Diff.framework in Embed Frameworks */ = {isa = PBXBuildFile; fileRef = 23A8816E1E3673FF0023B421 /* Diff.framework */; settings = {ATTRIBUTES = (CodeSignOnCopy, RemoveHeadersOnCopy, ); }; };
		23A881871E3673FF0023B421 /* DynamicColor.framework in Frameworks */ = {isa = PBXBuildFile; fileRef = 23A8816F1E3673FF0023B421 /* DynamicColor.framework */; };
		23A881881E3673FF0023B421 /* DynamicColor.framework in Embed Frameworks */ = {isa = PBXBuildFile; fileRef = 23A8816F1E3673FF0023B421 /* DynamicColor.framework */; settings = {ATTRIBUTES = (CodeSignOnCopy, RemoveHeadersOnCopy, ); }; };
		23A881891E3673FF0023B421 /* EasyTipView.framework in Frameworks */ = {isa = PBXBuildFile; fileRef = 23A881701E3673FF0023B421 /* EasyTipView.framework */; };
		23A8818A1E3673FF0023B421 /* EasyTipView.framework in Embed Frameworks */ = {isa = PBXBuildFile; fileRef = 23A881701E3673FF0023B421 /* EasyTipView.framework */; settings = {ATTRIBUTES = (CodeSignOnCopy, RemoveHeadersOnCopy, ); }; };
		23A8818D1E3673FF0023B421 /* FillableLoaders.framework in Frameworks */ = {isa = PBXBuildFile; fileRef = 23A881721E3673FF0023B421 /* FillableLoaders.framework */; };
		23A8818E1E3673FF0023B421 /* FillableLoaders.framework in Embed Frameworks */ = {isa = PBXBuildFile; fileRef = 23A881721E3673FF0023B421 /* FillableLoaders.framework */; settings = {ATTRIBUTES = (CodeSignOnCopy, RemoveHeadersOnCopy, ); }; };
		23A8818F1E3673FF0023B421 /* Format.framework in Frameworks */ = {isa = PBXBuildFile; fileRef = 23A881731E3673FF0023B421 /* Format.framework */; };
		23A881901E3673FF0023B421 /* Format.framework in Embed Frameworks */ = {isa = PBXBuildFile; fileRef = 23A881731E3673FF0023B421 /* Format.framework */; settings = {ATTRIBUTES = (CodeSignOnCopy, RemoveHeadersOnCopy, ); }; };
		23A881911E3673FF0023B421 /* LTMorphingLabel.framework in Frameworks */ = {isa = PBXBuildFile; fileRef = 23A881741E3673FF0023B421 /* LTMorphingLabel.framework */; };
		23A881921E3673FF0023B421 /* LTMorphingLabel.framework in Embed Frameworks */ = {isa = PBXBuildFile; fileRef = 23A881741E3673FF0023B421 /* LTMorphingLabel.framework */; settings = {ATTRIBUTES = (CodeSignOnCopy, RemoveHeadersOnCopy, ); }; };
		23A881931E3673FF0023B421 /* NavigationStack.framework in Frameworks */ = {isa = PBXBuildFile; fileRef = 23A881751E3673FF0023B421 /* NavigationStack.framework */; };
		23A881941E3673FF0023B421 /* NavigationStack.framework in Embed Frameworks */ = {isa = PBXBuildFile; fileRef = 23A881751E3673FF0023B421 /* NavigationStack.framework */; settings = {ATTRIBUTES = (CodeSignOnCopy, RemoveHeadersOnCopy, ); }; };
		23A881991E3673FF0023B421 /* SnapKit.framework in Frameworks */ = {isa = PBXBuildFile; fileRef = 23A881781E3673FF0023B421 /* SnapKit.framework */; };
		23A8819A1E3673FF0023B421 /* SnapKit.framework in Embed Frameworks */ = {isa = PBXBuildFile; fileRef = 23A881781E3673FF0023B421 /* SnapKit.framework */; settings = {ATTRIBUTES = (CodeSignOnCopy, RemoveHeadersOnCopy, ); }; };
		23A8819B1E3673FF0023B421 /* Stellar.framework in Frameworks */ = {isa = PBXBuildFile; fileRef = 23A881791E3673FF0023B421 /* Stellar.framework */; };
		23A8819C1E3673FF0023B421 /* Stellar.framework in Embed Frameworks */ = {isa = PBXBuildFile; fileRef = 23A881791E3673FF0023B421 /* Stellar.framework */; settings = {ATTRIBUTES = (CodeSignOnCopy, RemoveHeadersOnCopy, ); }; };
		23A8819D1E3673FF0023B421 /* SwiftProtobuf.framework in Frameworks */ = {isa = PBXBuildFile; fileRef = 23A8817A1E3673FF0023B421 /* SwiftProtobuf.framework */; };
		23A8819E1E3673FF0023B421 /* SwiftProtobuf.framework in Embed Frameworks */ = {isa = PBXBuildFile; fileRef = 23A8817A1E3673FF0023B421 /* SwiftProtobuf.framework */; settings = {ATTRIBUTES = (CodeSignOnCopy, RemoveHeadersOnCopy, ); }; };
		23A8819F1E3673FF0023B421 /* SwiftyAttributes.framework in Frameworks */ = {isa = PBXBuildFile; fileRef = 23A8817B1E3673FF0023B421 /* SwiftyAttributes.framework */; };
		23A881A01E3673FF0023B421 /* SwiftyAttributes.framework in Embed Frameworks */ = {isa = PBXBuildFile; fileRef = 23A8817B1E3673FF0023B421 /* SwiftyAttributes.framework */; settings = {ATTRIBUTES = (CodeSignOnCopy, RemoveHeadersOnCopy, ); }; };
		23A881A51E3673FF0023B421 /* Whisper.framework in Frameworks */ = {isa = PBXBuildFile; fileRef = 23A8817E1E3673FF0023B421 /* Whisper.framework */; };
		23A881A61E3673FF0023B421 /* Whisper.framework in Embed Frameworks */ = {isa = PBXBuildFile; fileRef = 23A8817E1E3673FF0023B421 /* Whisper.framework */; settings = {ATTRIBUTES = (CodeSignOnCopy, RemoveHeadersOnCopy, ); }; };
		23A881D51E3687270023B421 /* messageController.swift in Sources */ = {isa = PBXBuildFile; fileRef = 23A881D11E3687270023B421 /* messageController.swift */; };
		23A881D61E3687270023B421 /* SigninController.swift in Sources */ = {isa = PBXBuildFile; fileRef = 23A881D31E3687270023B421 /* SigninController.swift */; };
		23A881D71E3687270023B421 /* SignupController.swift in Sources */ = {isa = PBXBuildFile; fileRef = 23A881D41E3687270023B421 /* SignupController.swift */; };
		23A881DA1E368B340023B421 /* Chatto.framework in Frameworks */ = {isa = PBXBuildFile; fileRef = 23A881D81E368B340023B421 /* Chatto.framework */; };
		23A881DB1E368B340023B421 /* Chatto.framework in Embed Frameworks */ = {isa = PBXBuildFile; fileRef = 23A881D81E368B340023B421 /* Chatto.framework */; settings = {ATTRIBUTES = (CodeSignOnCopy, RemoveHeadersOnCopy, ); }; };
		23A881DC1E368B340023B421 /* ChattoAdditions.framework in Frameworks */ = {isa = PBXBuildFile; fileRef = 23A881D91E368B340023B421 /* ChattoAdditions.framework */; };
		23A881DD1E368B340023B421 /* ChattoAdditions.framework in Embed Frameworks */ = {isa = PBXBuildFile; fileRef = 23A881D91E368B340023B421 /* ChattoAdditions.framework */; settings = {ATTRIBUTES = (CodeSignOnCopy, RemoveHeadersOnCopy, ); }; };
		A402B7381E2DF84200DA2C56 /* AppDelegate.swift in Sources */ = {isa = PBXBuildFile; fileRef = A402B7371E2DF84200DA2C56 /* AppDelegate.swift */; };
		A402B73D1E2DF84200DA2C56 /* Main.storyboard in Resources */ = {isa = PBXBuildFile; fileRef = A402B73B1E2DF84200DA2C56 /* Main.storyboard */; };
		A402B73F1E2DF84200DA2C56 /* Assets.xcassets in Resources */ = {isa = PBXBuildFile; fileRef = A402B73E1E2DF84200DA2C56 /* Assets.xcassets */; };
		A402B7421E2DF84200DA2C56 /* LaunchScreen.storyboard in Resources */ = {isa = PBXBuildFile; fileRef = A402B7401E2DF84200DA2C56 /* LaunchScreen.storyboard */; };
		A47A62D71E36F50500E80F32 /* friendsController.swift in Sources */ = {isa = PBXBuildFile; fileRef = A47A62D61E36F50500E80F32 /* friendsController.swift */; };
		A4A66CE71E3228D1001A25D7 /* root-ca.crt in Resources */ = {isa = PBXBuildFile; fileRef = A4A66CE61E3228D1001A25D7 /* root-ca.crt */; };
		A4A66CEF1E322B64001A25D7 /* buffer_yi.cpp in Sources */ = {isa = PBXBuildFile; fileRef = A4A66CE91E322B64001A25D7 /* buffer_yi.cpp */; };
		A4A66CF01E322B64001A25D7 /* lib_client.cpp in Sources */ = {isa = PBXBuildFile; fileRef = A4A66CEB1E322B64001A25D7 /* lib_client.cpp */; };
		A4A66CF11E322B64001A25D7 /* net_yi.cpp in Sources */ = {isa = PBXBuildFile; fileRef = A4A66CED1E322B64001A25D7 /* net_yi.cpp */; };
		A4A66D7F1E349079001A25D7 /* EAAnimationFuture.swift in Sources */ = {isa = PBXBuildFile; fileRef = A4A66D751E349079001A25D7 /* EAAnimationFuture.swift */; };
		A4A66D801E349079001A25D7 /* EasyAnimation.swift in Sources */ = {isa = PBXBuildFile; fileRef = A4A66D771E349079001A25D7 /* EasyAnimation.swift */; };
		A4A66D811E349079001A25D7 /* Info-tvOS.plist in Resources */ = {isa = PBXBuildFile; fileRef = A4A66D781E349079001A25D7 /* Info-tvOS.plist */; };
		A4A66D821E349079001A25D7 /* Info.plist in Resources */ = {isa = PBXBuildFile; fileRef = A4A66D791E349079001A25D7 /* Info.plist */; };
		A4A66D831E349079001A25D7 /* LICENSE in Resources */ = {isa = PBXBuildFile; fileRef = A4A66D7B1E349079001A25D7 /* LICENSE */; };
		A4A66D841E349079001A25D7 /* RBBBlockBasedArray.swift in Sources */ = {isa = PBXBuildFile; fileRef = A4A66D7C1E349079001A25D7 /* RBBBlockBasedArray.swift */; };
		A4A66D851E349079001A25D7 /* RBBLinearInterpolation.swift in Sources */ = {isa = PBXBuildFile; fileRef = A4A66D7D1E349079001A25D7 /* RBBLinearInterpolation.swift */; };
		A4A66D861E349079001A25D7 /* RBBSpringAnimation.swift in Sources */ = {isa = PBXBuildFile; fileRef = A4A66D7E1E349079001A25D7 /* RBBSpringAnimation.swift */; };
		A4A66EA71E34D0F3001A25D7 /* CountryCode.plist in Resources */ = {isa = PBXBuildFile; fileRef = A4A66EA61E34D0F3001A25D7 /* CountryCode.plist */; };
		A4A6DE3D1E3877EE003871B1 /* netyiwarpper.mm in Sources */ = {isa = PBXBuildFile; fileRef = A4A6DE3C1E3877EE003871B1 /* netyiwarpper.mm */; };
		A4A6DE451E388B74003871B1 /* libstdc++.tbd in Frameworks */ = {isa = PBXBuildFile; fileRef = A4A6DE441E388B74003871B1 /* libstdc++.tbd */; };
		A4ACAD011E2F7DC300E7BE41 /* libcrypto.a in Frameworks */ = {isa = PBXBuildFile; fileRef = A4ACACD71E2F7DC300E7BE41 /* libcrypto.a */; };
		A4ACAD021E2F7DC300E7BE41 /* libssl.a in Frameworks */ = {isa = PBXBuildFile; fileRef = A4ACACD81E2F7DC300E7BE41 /* libssl.a */; };
		A4ACAD1C1E2F80EE00E7BE41 /* libleveldb.a in Frameworks */ = {isa = PBXBuildFile; fileRef = A4ACAD141E2F80EE00E7BE41 /* libleveldb.a */; };
		A4ACAD1D1E2F80EE00E7BE41 /* libmemenv.a in Frameworks */ = {isa = PBXBuildFile; fileRef = A4ACAD151E2F80EE00E7BE41 /* libmemenv.a */; };
		A4ACAD231E2F8E5C00E7BE41 /* libev.a in Frameworks */ = {isa = PBXBuildFile; fileRef = A4ACAD221E2F8E5C00E7BE41 /* libev.a */; };
/* End PBXBuildFile section */

/* Begin PBXCopyFilesBuildPhase section */
		A4F330421E31BBC500F2ED1B /* Embed Frameworks */ = {
			isa = PBXCopyFilesBuildPhase;
			buildActionMask = 2147483647;
			dstPath = "";
			dstSubfolderSpec = 10;
			files = (
				23A881841E3673FF0023B421 /* Device.framework in Embed Frameworks */,
				23A8819E1E3673FF0023B421 /* SwiftProtobuf.framework in Embed Frameworks */,
				23A881DD1E368B340023B421 /* ChattoAdditions.framework in Embed Frameworks */,
				23A881901E3673FF0023B421 /* Format.framework in Embed Frameworks */,
				23A8819A1E3673FF0023B421 /* SnapKit.framework in Embed Frameworks */,
				23A881DB1E368B340023B421 /* Chatto.framework in Embed Frameworks */,
				23A8819C1E3673FF0023B421 /* Stellar.framework in Embed Frameworks */,
				23A881921E3673FF0023B421 /* LTMorphingLabel.framework in Embed Frameworks */,
				23A8818E1E3673FF0023B421 /* FillableLoaders.framework in Embed Frameworks */,
				23A8818A1E3673FF0023B421 /* EasyTipView.framework in Embed Frameworks */,
				23A881801E3673FF0023B421 /* ActiveLabel.framework in Embed Frameworks */,
				23A881A01E3673FF0023B421 /* SwiftyAttributes.framework in Embed Frameworks */,
				238D43E91E45C73000DB9F03 /* Reachability.framework in Embed Frameworks */,
				23A881861E3673FF0023B421 /* Diff.framework in Embed Frameworks */,
				23A881941E3673FF0023B421 /* NavigationStack.framework in Embed Frameworks */,
				23A881881E3673FF0023B421 /* DynamicColor.framework in Embed Frameworks */,
				23A881A61E3673FF0023B421 /* Whisper.framework in Embed Frameworks */,
				238D43EE1E46C50600DB9F03 /* XCGLogger.framework in Embed Frameworks */,
			);
			name = "Embed Frameworks";
			runOnlyForDeploymentPostprocessing = 0;
		};
/* End PBXCopyFilesBuildPhase section */

/* Begin PBXFileReference section */
		2344E4811E2FDAE900867A71 /* typemap.h */ = {isa = PBXFileReference; lastKnownFileType = sourcecode.c.h; path = typemap.h; sourceTree = "<group>"; };
		2344E4841E313A6B00867A71 /* chat_message.pb.swift */ = {isa = PBXFileReference; fileEncoding = 4; lastKnownFileType = sourcecode.swift; path = chat_message.pb.swift; sourceTree = "<group>"; };
		2373E1461E3DE4080055136C /* zh-Hans */ = {isa = PBXFileReference; lastKnownFileType = text.plist.strings; name = "zh-Hans"; path = "zh-Hans.lproj/Localizable.strings"; sourceTree = "<group>"; };
		2373E14B1E3E43870055136C /* genColors.swift */ = {isa = PBXFileReference; fileEncoding = 4; lastKnownFileType = sourcecode.swift; path = genColors.swift; sourceTree = "<group>"; };
		2373E14C1E3E43870055136C /* genL10n.swift */ = {isa = PBXFileReference; fileEncoding = 4; lastKnownFileType = sourcecode.swift; path = genL10n.swift; sourceTree = "<group>"; };
		2373E14D1E3E43870055136C /* genStoryboards.swift */ = {isa = PBXFileReference; fileEncoding = 4; lastKnownFileType = sourcecode.swift; path = genStoryboards.swift; sourceTree = "<group>"; };
		2373E1581E3F293F0055136C /* NSBundle+language.h */ = {isa = PBXFileReference; fileEncoding = 4; lastKnownFileType = sourcecode.c.h; path = "NSBundle+language.h"; sourceTree = "<group>"; };
		2373E1591E3F293F0055136C /* NSBundle+language.m */ = {isa = PBXFileReference; fileEncoding = 4; lastKnownFileType = sourcecode.c.objc; path = "NSBundle+language.m"; sourceTree = "<group>"; };
		2373E15B1E3F361B0055136C /* button.swift */ = {isa = PBXFileReference; fileEncoding = 4; lastKnownFileType = sourcecode.swift; path = button.swift; sourceTree = "<group>"; };
		2373E15D1E3F4EB80055136C /* image.swift */ = {isa = PBXFileReference; fileEncoding = 4; lastKnownFileType = sourcecode.swift; path = image.swift; sourceTree = "<group>"; };
		2373E1931E40A1C60055136C /* SwiftTimer.h */ = {isa = PBXFileReference; fileEncoding = 4; lastKnownFileType = sourcecode.c.h; path = SwiftTimer.h; sourceTree = "<group>"; };
		2373E1941E40A1C60055136C /* SwiftTimer.swift */ = {isa = PBXFileReference; fileEncoding = 4; lastKnownFileType = sourcecode.swift; path = SwiftTimer.swift; sourceTree = "<group>"; };
		2373E19C1E40A7920055136C /* nettype.swift */ = {isa = PBXFileReference; fileEncoding = 4; lastKnownFileType = sourcecode.swift; path = nettype.swift; sourceTree = "<group>"; };
		2373E19F1E4175E40055136C /* IndicatorButton.swift */ = {isa = PBXFileReference; fileEncoding = 4; lastKnownFileType = sourcecode.swift; path = IndicatorButton.swift; sourceTree = "<group>"; };
		238D43E71E45C73000DB9F03 /* Reachability.framework */ = {isa = PBXFileReference; lastKnownFileType = wrapper.framework; name = Reachability.framework; path = Carthage/Build/iOS/Reachability.framework; sourceTree = "<group>"; };
		238D43EA1E46329800DB9F03 /* whisper.swift */ = {isa = PBXFileReference; fileEncoding = 4; lastKnownFileType = sourcecode.swift; path = whisper.swift; sourceTree = "<group>"; };
		238D43EC1E46C50600DB9F03 /* XCGLogger.framework */ = {isa = PBXFileReference; lastKnownFileType = wrapper.framework; name = XCGLogger.framework; path = Carthage/Build/iOS/XCGLogger.framework; sourceTree = "<group>"; };
		238D43EF1E46CC5A00DB9F03 /* leveldbwarpper.mm */ = {isa = PBXFileReference; fileEncoding = 4; lastKnownFileType = sourcecode.cpp.objcpp; path = leveldbwarpper.mm; sourceTree = "<group>"; };
		238D43F01E46CC5A00DB9F03 /* leveldbwarpper.h */ = {isa = PBXFileReference; fileEncoding = 4; lastKnownFileType = sourcecode.c.h; path = leveldbwarpper.h; sourceTree = "<group>"; };
		238D43F21E46E3A500DB9F03 /* leveldb.swift */ = {isa = PBXFileReference; fileEncoding = 4; lastKnownFileType = sourcecode.swift; path = leveldb.swift; sourceTree = "<group>"; };
		238D43F41E47538C00DB9F03 /* typemap.cxx */ = {isa = PBXFileReference; fileEncoding = 4; lastKnownFileType = sourcecode.cpp.cpp; path = typemap.cxx; sourceTree = "<group>"; };
		23A8816B1E3673FF0023B421 /* ActiveLabel.framework */ = {isa = PBXFileReference; lastKnownFileType = wrapper.framework; name = ActiveLabel.framework; path = Carthage/Build/iOS/ActiveLabel.framework; sourceTree = "<group>"; };
		23A8816D1E3673FF0023B421 /* Device.framework */ = {isa = PBXFileReference; lastKnownFileType = wrapper.framework; name = Device.framework; path = Carthage/Build/iOS/Device.framework; sourceTree = "<group>"; };
		23A8816E1E3673FF0023B421 /* Diff.framework */ = {isa = PBXFileReference; lastKnownFileType = wrapper.framework; name = Diff.framework; path = Carthage/Build/iOS/Diff.framework; sourceTree = "<group>"; };
		23A8816F1E3673FF0023B421 /* DynamicColor.framework */ = {isa = PBXFileReference; lastKnownFileType = wrapper.framework; name = DynamicColor.framework; path = Carthage/Build/iOS/DynamicColor.framework; sourceTree = "<group>"; };
		23A881701E3673FF0023B421 /* EasyTipView.framework */ = {isa = PBXFileReference; lastKnownFileType = wrapper.framework; name = EasyTipView.framework; path = Carthage/Build/iOS/EasyTipView.framework; sourceTree = "<group>"; };
		23A881721E3673FF0023B421 /* FillableLoaders.framework */ = {isa = PBXFileReference; lastKnownFileType = wrapper.framework; name = FillableLoaders.framework; path = Carthage/Build/iOS/FillableLoaders.framework; sourceTree = "<group>"; };
		23A881731E3673FF0023B421 /* Format.framework */ = {isa = PBXFileReference; lastKnownFileType = wrapper.framework; name = Format.framework; path = Carthage/Build/iOS/Format.framework; sourceTree = "<group>"; };
		23A881741E3673FF0023B421 /* LTMorphingLabel.framework */ = {isa = PBXFileReference; lastKnownFileType = wrapper.framework; name = LTMorphingLabel.framework; path = Carthage/Build/iOS/LTMorphingLabel.framework; sourceTree = "<group>"; };
		23A881751E3673FF0023B421 /* NavigationStack.framework */ = {isa = PBXFileReference; lastKnownFileType = wrapper.framework; name = NavigationStack.framework; path = Carthage/Build/iOS/NavigationStack.framework; sourceTree = "<group>"; };
		23A881781E3673FF0023B421 /* SnapKit.framework */ = {isa = PBXFileReference; lastKnownFileType = wrapper.framework; name = SnapKit.framework; path = Carthage/Build/iOS/SnapKit.framework; sourceTree = "<group>"; };
		23A881791E3673FF0023B421 /* Stellar.framework */ = {isa = PBXFileReference; lastKnownFileType = wrapper.framework; name = Stellar.framework; path = Carthage/Build/iOS/Stellar.framework; sourceTree = "<group>"; };
		23A8817A1E3673FF0023B421 /* SwiftProtobuf.framework */ = {isa = PBXFileReference; lastKnownFileType = wrapper.framework; name = SwiftProtobuf.framework; path = Carthage/Build/iOS/SwiftProtobuf.framework; sourceTree = "<group>"; };
		23A8817B1E3673FF0023B421 /* SwiftyAttributes.framework */ = {isa = PBXFileReference; lastKnownFileType = wrapper.framework; name = SwiftyAttributes.framework; path = Carthage/Build/iOS/SwiftyAttributes.framework; sourceTree = "<group>"; };
		23A8817E1E3673FF0023B421 /* Whisper.framework */ = {isa = PBXFileReference; lastKnownFileType = wrapper.framework; name = Whisper.framework; path = Carthage/Build/iOS/Whisper.framework; sourceTree = "<group>"; };
		23A881D11E3687270023B421 /* messageController.swift */ = {isa = PBXFileReference; fileEncoding = 4; lastKnownFileType = sourcecode.swift; path = messageController.swift; sourceTree = "<group>"; };
		23A881D31E3687270023B421 /* SigninController.swift */ = {isa = PBXFileReference; fileEncoding = 4; lastKnownFileType = sourcecode.swift; path = SigninController.swift; sourceTree = "<group>"; };
		23A881D41E3687270023B421 /* SignupController.swift */ = {isa = PBXFileReference; fileEncoding = 4; lastKnownFileType = sourcecode.swift; path = SignupController.swift; sourceTree = "<group>"; };
		23A881D81E368B340023B421 /* Chatto.framework */ = {isa = PBXFileReference; lastKnownFileType = wrapper.framework; name = Chatto.framework; path = Carthage/Build/iOS/Chatto.framework; sourceTree = "<group>"; };
		23A881D91E368B340023B421 /* ChattoAdditions.framework */ = {isa = PBXFileReference; lastKnownFileType = wrapper.framework; name = ChattoAdditions.framework; path = Carthage/Build/iOS/ChattoAdditions.framework; sourceTree = "<group>"; };
		A402B7341E2DF84200DA2C56 /* heibaiyu.app */ = {isa = PBXFileReference; explicitFileType = wrapper.application; includeInIndex = 0; path = heibaiyu.app; sourceTree = BUILT_PRODUCTS_DIR; };
		A402B7371E2DF84200DA2C56 /* AppDelegate.swift */ = {isa = PBXFileReference; lastKnownFileType = sourcecode.swift; path = AppDelegate.swift; sourceTree = "<group>"; };
		A402B73C1E2DF84200DA2C56 /* Base */ = {isa = PBXFileReference; lastKnownFileType = file.storyboard; name = Base; path = Base.lproj/Main.storyboard; sourceTree = "<group>"; };
		A402B73E1E2DF84200DA2C56 /* Assets.xcassets */ = {isa = PBXFileReference; lastKnownFileType = folder.assetcatalog; path = Assets.xcassets; sourceTree = "<group>"; };
		A402B7411E2DF84200DA2C56 /* Base */ = {isa = PBXFileReference; lastKnownFileType = file.storyboard; name = Base; path = Base.lproj/LaunchScreen.storyboard; sourceTree = "<group>"; };
		A402B7431E2DF84200DA2C56 /* Info.plist */ = {isa = PBXFileReference; lastKnownFileType = text.plist.xml; path = Info.plist; sourceTree = "<group>"; };
		A468CEEF1E3892990017D266 /* netyiwarpper.h */ = {isa = PBXFileReference; lastKnownFileType = sourcecode.c.h; path = netyiwarpper.h; sourceTree = "<group>"; };
		A47A62D61E36F50500E80F32 /* friendsController.swift */ = {isa = PBXFileReference; fileEncoding = 4; lastKnownFileType = sourcecode.swift; path = friendsController.swift; sourceTree = "<group>"; };
		A4A66CE61E3228D1001A25D7 /* root-ca.crt */ = {isa = PBXFileReference; fileEncoding = 4; lastKnownFileType = text; path = "root-ca.crt"; sourceTree = "<group>"; };
		A4A66CE91E322B64001A25D7 /* buffer_yi.cpp */ = {isa = PBXFileReference; fileEncoding = 4; lastKnownFileType = sourcecode.cpp.cpp; path = buffer_yi.cpp; sourceTree = "<group>"; };
		A4A66CEA1E322B64001A25D7 /* buffer_yi.h */ = {isa = PBXFileReference; fileEncoding = 4; lastKnownFileType = sourcecode.c.h; path = buffer_yi.h; sourceTree = "<group>"; };
		A4A66CEB1E322B64001A25D7 /* lib_client.cpp */ = {isa = PBXFileReference; fileEncoding = 4; lastKnownFileType = sourcecode.cpp.cpp; path = lib_client.cpp; sourceTree = "<group>"; };
		A4A66CEC1E322B64001A25D7 /* lib_client.h */ = {isa = PBXFileReference; fileEncoding = 4; lastKnownFileType = sourcecode.c.h; path = lib_client.h; sourceTree = "<group>"; };
		A4A66CED1E322B64001A25D7 /* net_yi.cpp */ = {isa = PBXFileReference; fileEncoding = 4; lastKnownFileType = sourcecode.cpp.cpp; path = net_yi.cpp; sourceTree = "<group>"; };
		A4A66CEE1E322B64001A25D7 /* net_yi.h */ = {isa = PBXFileReference; fileEncoding = 4; lastKnownFileType = sourcecode.c.h; path = net_yi.h; sourceTree = "<group>"; };
		A4A66D751E349079001A25D7 /* EAAnimationFuture.swift */ = {isa = PBXFileReference; fileEncoding = 4; lastKnownFileType = sourcecode.swift; path = EAAnimationFuture.swift; sourceTree = "<group>"; };
		A4A66D761E349079001A25D7 /* EasyAnimation.h */ = {isa = PBXFileReference; fileEncoding = 4; lastKnownFileType = sourcecode.c.h; path = EasyAnimation.h; sourceTree = "<group>"; };
		A4A66D771E349079001A25D7 /* EasyAnimation.swift */ = {isa = PBXFileReference; fileEncoding = 4; lastKnownFileType = sourcecode.swift; path = EasyAnimation.swift; sourceTree = "<group>"; };
		A4A66D781E349079001A25D7 /* Info-tvOS.plist */ = {isa = PBXFileReference; fileEncoding = 4; lastKnownFileType = text.plist.xml; path = "Info-tvOS.plist"; sourceTree = "<group>"; };
		A4A66D791E349079001A25D7 /* Info.plist */ = {isa = PBXFileReference; fileEncoding = 4; lastKnownFileType = text.plist.xml; path = Info.plist; sourceTree = "<group>"; };
		A4A66D7B1E349079001A25D7 /* LICENSE */ = {isa = PBXFileReference; fileEncoding = 4; lastKnownFileType = text; path = LICENSE; sourceTree = "<group>"; };
		A4A66D7C1E349079001A25D7 /* RBBBlockBasedArray.swift */ = {isa = PBXFileReference; fileEncoding = 4; lastKnownFileType = sourcecode.swift; path = RBBBlockBasedArray.swift; sourceTree = "<group>"; };
		A4A66D7D1E349079001A25D7 /* RBBLinearInterpolation.swift */ = {isa = PBXFileReference; fileEncoding = 4; lastKnownFileType = sourcecode.swift; path = RBBLinearInterpolation.swift; sourceTree = "<group>"; };
		A4A66D7E1E349079001A25D7 /* RBBSpringAnimation.swift */ = {isa = PBXFileReference; fileEncoding = 4; lastKnownFileType = sourcecode.swift; path = RBBSpringAnimation.swift; sourceTree = "<group>"; };
		A4A66EA61E34D0F3001A25D7 /* CountryCode.plist */ = {isa = PBXFileReference; fileEncoding = 4; lastKnownFileType = text.plist.xml; path = CountryCode.plist; sourceTree = "<group>"; };
		A4A6DE3C1E3877EE003871B1 /* netyiwarpper.mm */ = {isa = PBXFileReference; fileEncoding = 4; lastKnownFileType = sourcecode.cpp.objcpp; path = netyiwarpper.mm; sourceTree = "<group>"; };
		A4A6DE401E387A26003871B1 /* bridging-header.h */ = {isa = PBXFileReference; lastKnownFileType = sourcecode.c.h; path = "bridging-header.h"; sourceTree = "<group>"; };
		A4A6DE421E3886C6003871B1 /* libc++.tbd */ = {isa = PBXFileReference; lastKnownFileType = "sourcecode.text-based-dylib-definition"; name = "libc++.tbd"; path = "usr/lib/libc++.tbd"; sourceTree = SDKROOT; };
		A4A6DE441E388B74003871B1 /* libstdc++.tbd */ = {isa = PBXFileReference; lastKnownFileType = "sourcecode.text-based-dylib-definition"; name = "libstdc++.tbd"; path = "usr/lib/libstdc++.tbd"; sourceTree = SDKROOT; };
		A4ACAC3A1E2F6BE800E7BE41 /* macro.h */ = {isa = PBXFileReference; fileEncoding = 4; lastKnownFileType = sourcecode.c.h; path = macro.h; sourceTree = "<group>"; };
		A4ACACB31E2F7DC300E7BE41 /* aes.h */ = {isa = PBXFileReference; fileEncoding = 4; lastKnownFileType = sourcecode.c.h; path = aes.h; sourceTree = "<group>"; };
		A4ACACB41E2F7DC300E7BE41 /* asn1.h */ = {isa = PBXFileReference; fileEncoding = 4; lastKnownFileType = sourcecode.c.h; path = asn1.h; sourceTree = "<group>"; };
		A4ACACB51E2F7DC300E7BE41 /* asn1_mac.h */ = {isa = PBXFileReference; fileEncoding = 4; lastKnownFileType = sourcecode.c.h; path = asn1_mac.h; sourceTree = "<group>"; };
		A4ACACB61E2F7DC300E7BE41 /* asn1t.h */ = {isa = PBXFileReference; fileEncoding = 4; lastKnownFileType = sourcecode.c.h; path = asn1t.h; sourceTree = "<group>"; };
		A4ACACB71E2F7DC300E7BE41 /* bio.h */ = {isa = PBXFileReference; fileEncoding = 4; lastKnownFileType = sourcecode.c.h; path = bio.h; sourceTree = "<group>"; };
		A4ACACB81E2F7DC300E7BE41 /* blowfish.h */ = {isa = PBXFileReference; fileEncoding = 4; lastKnownFileType = sourcecode.c.h; path = blowfish.h; sourceTree = "<group>"; };
		A4ACACB91E2F7DC300E7BE41 /* bn.h */ = {isa = PBXFileReference; fileEncoding = 4; lastKnownFileType = sourcecode.c.h; path = bn.h; sourceTree = "<group>"; };
		A4ACACBA1E2F7DC300E7BE41 /* buffer.h */ = {isa = PBXFileReference; fileEncoding = 4; lastKnownFileType = sourcecode.c.h; path = buffer.h; sourceTree = "<group>"; };
		A4ACACBB1E2F7DC300E7BE41 /* camellia.h */ = {isa = PBXFileReference; fileEncoding = 4; lastKnownFileType = sourcecode.c.h; path = camellia.h; sourceTree = "<group>"; };
		A4ACACBC1E2F7DC300E7BE41 /* cast.h */ = {isa = PBXFileReference; fileEncoding = 4; lastKnownFileType = sourcecode.c.h; path = cast.h; sourceTree = "<group>"; };
		A4ACACBD1E2F7DC300E7BE41 /* cmac.h */ = {isa = PBXFileReference; fileEncoding = 4; lastKnownFileType = sourcecode.c.h; path = cmac.h; sourceTree = "<group>"; };
		A4ACACBE1E2F7DC300E7BE41 /* cms.h */ = {isa = PBXFileReference; fileEncoding = 4; lastKnownFileType = sourcecode.c.h; path = cms.h; sourceTree = "<group>"; };
		A4ACACBF1E2F7DC300E7BE41 /* comp.h */ = {isa = PBXFileReference; fileEncoding = 4; lastKnownFileType = sourcecode.c.h; path = comp.h; sourceTree = "<group>"; };
		A4ACACC01E2F7DC300E7BE41 /* conf.h */ = {isa = PBXFileReference; fileEncoding = 4; lastKnownFileType = sourcecode.c.h; path = conf.h; sourceTree = "<group>"; };
		A4ACACC11E2F7DC300E7BE41 /* conf_api.h */ = {isa = PBXFileReference; fileEncoding = 4; lastKnownFileType = sourcecode.c.h; path = conf_api.h; sourceTree = "<group>"; };
		A4ACACC21E2F7DC300E7BE41 /* crypto.h */ = {isa = PBXFileReference; fileEncoding = 4; lastKnownFileType = sourcecode.c.h; path = crypto.h; sourceTree = "<group>"; };
		A4ACACC31E2F7DC300E7BE41 /* des.h */ = {isa = PBXFileReference; fileEncoding = 4; lastKnownFileType = sourcecode.c.h; path = des.h; sourceTree = "<group>"; };
		A4ACACC41E2F7DC300E7BE41 /* des_old.h */ = {isa = PBXFileReference; fileEncoding = 4; lastKnownFileType = sourcecode.c.h; path = des_old.h; sourceTree = "<group>"; };
		A4ACACC51E2F7DC300E7BE41 /* dh.h */ = {isa = PBXFileReference; fileEncoding = 4; lastKnownFileType = sourcecode.c.h; path = dh.h; sourceTree = "<group>"; };
		A4ACACC61E2F7DC300E7BE41 /* dsa.h */ = {isa = PBXFileReference; fileEncoding = 4; lastKnownFileType = sourcecode.c.h; path = dsa.h; sourceTree = "<group>"; };
		A4ACACC71E2F7DC300E7BE41 /* dso.h */ = {isa = PBXFileReference; fileEncoding = 4; lastKnownFileType = sourcecode.c.h; path = dso.h; sourceTree = "<group>"; };
		A4ACACC81E2F7DC300E7BE41 /* dtls1.h */ = {isa = PBXFileReference; fileEncoding = 4; lastKnownFileType = sourcecode.c.h; path = dtls1.h; sourceTree = "<group>"; };
		A4ACACC91E2F7DC300E7BE41 /* e_os2.h */ = {isa = PBXFileReference; fileEncoding = 4; lastKnownFileType = sourcecode.c.h; path = e_os2.h; sourceTree = "<group>"; };
		A4ACACCA1E2F7DC300E7BE41 /* ebcdic.h */ = {isa = PBXFileReference; fileEncoding = 4; lastKnownFileType = sourcecode.c.h; path = ebcdic.h; sourceTree = "<group>"; };
		A4ACACCB1E2F7DC300E7BE41 /* ec.h */ = {isa = PBXFileReference; fileEncoding = 4; lastKnownFileType = sourcecode.c.h; path = ec.h; sourceTree = "<group>"; };
		A4ACACCC1E2F7DC300E7BE41 /* ecdh.h */ = {isa = PBXFileReference; fileEncoding = 4; lastKnownFileType = sourcecode.c.h; path = ecdh.h; sourceTree = "<group>"; };
		A4ACACCD1E2F7DC300E7BE41 /* ecdsa.h */ = {isa = PBXFileReference; fileEncoding = 4; lastKnownFileType = sourcecode.c.h; path = ecdsa.h; sourceTree = "<group>"; };
		A4ACACCE1E2F7DC300E7BE41 /* engine.h */ = {isa = PBXFileReference; fileEncoding = 4; lastKnownFileType = sourcecode.c.h; path = engine.h; sourceTree = "<group>"; };
		A4ACACCF1E2F7DC300E7BE41 /* err.h */ = {isa = PBXFileReference; fileEncoding = 4; lastKnownFileType = sourcecode.c.h; path = err.h; sourceTree = "<group>"; };
		A4ACACD01E2F7DC300E7BE41 /* evp.h */ = {isa = PBXFileReference; fileEncoding = 4; lastKnownFileType = sourcecode.c.h; path = evp.h; sourceTree = "<group>"; };
		A4ACACD11E2F7DC300E7BE41 /* hmac.h */ = {isa = PBXFileReference; fileEncoding = 4; lastKnownFileType = sourcecode.c.h; path = hmac.h; sourceTree = "<group>"; };
		A4ACACD21E2F7DC300E7BE41 /* idea.h */ = {isa = PBXFileReference; fileEncoding = 4; lastKnownFileType = sourcecode.c.h; path = idea.h; sourceTree = "<group>"; };
		A4ACACD31E2F7DC300E7BE41 /* krb5_asn.h */ = {isa = PBXFileReference; fileEncoding = 4; lastKnownFileType = sourcecode.c.h; path = krb5_asn.h; sourceTree = "<group>"; };
		A4ACACD41E2F7DC300E7BE41 /* kssl.h */ = {isa = PBXFileReference; fileEncoding = 4; lastKnownFileType = sourcecode.c.h; path = kssl.h; sourceTree = "<group>"; };
		A4ACACD51E2F7DC300E7BE41 /* lhash.h */ = {isa = PBXFileReference; fileEncoding = 4; lastKnownFileType = sourcecode.c.h; path = lhash.h; sourceTree = "<group>"; };
		A4ACACD71E2F7DC300E7BE41 /* libcrypto.a */ = {isa = PBXFileReference; lastKnownFileType = archive.ar; path = libcrypto.a; sourceTree = "<group>"; };
		A4ACACD81E2F7DC300E7BE41 /* libssl.a */ = {isa = PBXFileReference; lastKnownFileType = archive.ar; path = libssl.a; sourceTree = "<group>"; };
		A4ACACD91E2F7DC300E7BE41 /* md4.h */ = {isa = PBXFileReference; fileEncoding = 4; lastKnownFileType = sourcecode.c.h; path = md4.h; sourceTree = "<group>"; };
		A4ACACDA1E2F7DC300E7BE41 /* md5.h */ = {isa = PBXFileReference; fileEncoding = 4; lastKnownFileType = sourcecode.c.h; path = md5.h; sourceTree = "<group>"; };
		A4ACACDB1E2F7DC300E7BE41 /* mdc2.h */ = {isa = PBXFileReference; fileEncoding = 4; lastKnownFileType = sourcecode.c.h; path = mdc2.h; sourceTree = "<group>"; };
		A4ACACDC1E2F7DC300E7BE41 /* modes.h */ = {isa = PBXFileReference; fileEncoding = 4; lastKnownFileType = sourcecode.c.h; path = modes.h; sourceTree = "<group>"; };
		A4ACACDD1E2F7DC300E7BE41 /* obj_mac.h */ = {isa = PBXFileReference; fileEncoding = 4; lastKnownFileType = sourcecode.c.h; path = obj_mac.h; sourceTree = "<group>"; };
		A4ACACDE1E2F7DC300E7BE41 /* objects.h */ = {isa = PBXFileReference; fileEncoding = 4; lastKnownFileType = sourcecode.c.h; path = objects.h; sourceTree = "<group>"; };
		A4ACACDF1E2F7DC300E7BE41 /* ocsp.h */ = {isa = PBXFileReference; fileEncoding = 4; lastKnownFileType = sourcecode.c.h; path = ocsp.h; sourceTree = "<group>"; };
		A4ACACE01E2F7DC300E7BE41 /* opensslconf.h */ = {isa = PBXFileReference; fileEncoding = 4; lastKnownFileType = sourcecode.c.h; path = opensslconf.h; sourceTree = "<group>"; };
		A4ACACE11E2F7DC300E7BE41 /* opensslv.h */ = {isa = PBXFileReference; fileEncoding = 4; lastKnownFileType = sourcecode.c.h; path = opensslv.h; sourceTree = "<group>"; };
		A4ACACE21E2F7DC300E7BE41 /* ossl_typ.h */ = {isa = PBXFileReference; fileEncoding = 4; lastKnownFileType = sourcecode.c.h; path = ossl_typ.h; sourceTree = "<group>"; };
		A4ACACE31E2F7DC300E7BE41 /* pem.h */ = {isa = PBXFileReference; fileEncoding = 4; lastKnownFileType = sourcecode.c.h; path = pem.h; sourceTree = "<group>"; };
		A4ACACE41E2F7DC300E7BE41 /* pem2.h */ = {isa = PBXFileReference; fileEncoding = 4; lastKnownFileType = sourcecode.c.h; path = pem2.h; sourceTree = "<group>"; };
		A4ACACE51E2F7DC300E7BE41 /* pkcs12.h */ = {isa = PBXFileReference; fileEncoding = 4; lastKnownFileType = sourcecode.c.h; path = pkcs12.h; sourceTree = "<group>"; };
		A4ACACE61E2F7DC300E7BE41 /* pkcs7.h */ = {isa = PBXFileReference; fileEncoding = 4; lastKnownFileType = sourcecode.c.h; path = pkcs7.h; sourceTree = "<group>"; };
		A4ACACE71E2F7DC300E7BE41 /* pqueue.h */ = {isa = PBXFileReference; fileEncoding = 4; lastKnownFileType = sourcecode.c.h; path = pqueue.h; sourceTree = "<group>"; };
		A4ACACE81E2F7DC300E7BE41 /* rand.h */ = {isa = PBXFileReference; fileEncoding = 4; lastKnownFileType = sourcecode.c.h; path = rand.h; sourceTree = "<group>"; };
		A4ACACE91E2F7DC300E7BE41 /* rc2.h */ = {isa = PBXFileReference; fileEncoding = 4; lastKnownFileType = sourcecode.c.h; path = rc2.h; sourceTree = "<group>"; };
		A4ACACEA1E2F7DC300E7BE41 /* rc4.h */ = {isa = PBXFileReference; fileEncoding = 4; lastKnownFileType = sourcecode.c.h; path = rc4.h; sourceTree = "<group>"; };
		A4ACACEB1E2F7DC300E7BE41 /* ripemd.h */ = {isa = PBXFileReference; fileEncoding = 4; lastKnownFileType = sourcecode.c.h; path = ripemd.h; sourceTree = "<group>"; };
		A4ACACEC1E2F7DC300E7BE41 /* rsa.h */ = {isa = PBXFileReference; fileEncoding = 4; lastKnownFileType = sourcecode.c.h; path = rsa.h; sourceTree = "<group>"; };
		A4ACACED1E2F7DC300E7BE41 /* safestack.h */ = {isa = PBXFileReference; fileEncoding = 4; lastKnownFileType = sourcecode.c.h; path = safestack.h; sourceTree = "<group>"; };
		A4ACACEE1E2F7DC300E7BE41 /* seed.h */ = {isa = PBXFileReference; fileEncoding = 4; lastKnownFileType = sourcecode.c.h; path = seed.h; sourceTree = "<group>"; };
		A4ACACEF1E2F7DC300E7BE41 /* sha.h */ = {isa = PBXFileReference; fileEncoding = 4; lastKnownFileType = sourcecode.c.h; path = sha.h; sourceTree = "<group>"; };
		A4ACACF01E2F7DC300E7BE41 /* srp.h */ = {isa = PBXFileReference; fileEncoding = 4; lastKnownFileType = sourcecode.c.h; path = srp.h; sourceTree = "<group>"; };
		A4ACACF11E2F7DC300E7BE41 /* srtp.h */ = {isa = PBXFileReference; fileEncoding = 4; lastKnownFileType = sourcecode.c.h; path = srtp.h; sourceTree = "<group>"; };
		A4ACACF21E2F7DC300E7BE41 /* ssl.h */ = {isa = PBXFileReference; fileEncoding = 4; lastKnownFileType = sourcecode.c.h; path = ssl.h; sourceTree = "<group>"; };
		A4ACACF31E2F7DC300E7BE41 /* ssl2.h */ = {isa = PBXFileReference; fileEncoding = 4; lastKnownFileType = sourcecode.c.h; path = ssl2.h; sourceTree = "<group>"; };
		A4ACACF41E2F7DC300E7BE41 /* ssl23.h */ = {isa = PBXFileReference; fileEncoding = 4; lastKnownFileType = sourcecode.c.h; path = ssl23.h; sourceTree = "<group>"; };
		A4ACACF51E2F7DC300E7BE41 /* ssl3.h */ = {isa = PBXFileReference; fileEncoding = 4; lastKnownFileType = sourcecode.c.h; path = ssl3.h; sourceTree = "<group>"; };
		A4ACACF61E2F7DC300E7BE41 /* stack.h */ = {isa = PBXFileReference; fileEncoding = 4; lastKnownFileType = sourcecode.c.h; path = stack.h; sourceTree = "<group>"; };
		A4ACACF71E2F7DC300E7BE41 /* symhacks.h */ = {isa = PBXFileReference; fileEncoding = 4; lastKnownFileType = sourcecode.c.h; path = symhacks.h; sourceTree = "<group>"; };
		A4ACACF81E2F7DC300E7BE41 /* tls1.h */ = {isa = PBXFileReference; fileEncoding = 4; lastKnownFileType = sourcecode.c.h; path = tls1.h; sourceTree = "<group>"; };
		A4ACACF91E2F7DC300E7BE41 /* ts.h */ = {isa = PBXFileReference; fileEncoding = 4; lastKnownFileType = sourcecode.c.h; path = ts.h; sourceTree = "<group>"; };
		A4ACACFA1E2F7DC300E7BE41 /* txt_db.h */ = {isa = PBXFileReference; fileEncoding = 4; lastKnownFileType = sourcecode.c.h; path = txt_db.h; sourceTree = "<group>"; };
		A4ACACFB1E2F7DC300E7BE41 /* ui.h */ = {isa = PBXFileReference; fileEncoding = 4; lastKnownFileType = sourcecode.c.h; path = ui.h; sourceTree = "<group>"; };
		A4ACACFC1E2F7DC300E7BE41 /* ui_compat.h */ = {isa = PBXFileReference; fileEncoding = 4; lastKnownFileType = sourcecode.c.h; path = ui_compat.h; sourceTree = "<group>"; };
		A4ACACFD1E2F7DC300E7BE41 /* whrlpool.h */ = {isa = PBXFileReference; fileEncoding = 4; lastKnownFileType = sourcecode.c.h; path = whrlpool.h; sourceTree = "<group>"; };
		A4ACACFE1E2F7DC300E7BE41 /* x509.h */ = {isa = PBXFileReference; fileEncoding = 4; lastKnownFileType = sourcecode.c.h; path = x509.h; sourceTree = "<group>"; };
		A4ACACFF1E2F7DC300E7BE41 /* x509_vfy.h */ = {isa = PBXFileReference; fileEncoding = 4; lastKnownFileType = sourcecode.c.h; path = x509_vfy.h; sourceTree = "<group>"; };
		A4ACAD001E2F7DC300E7BE41 /* x509v3.h */ = {isa = PBXFileReference; fileEncoding = 4; lastKnownFileType = sourcecode.c.h; path = x509v3.h; sourceTree = "<group>"; };
		A4ACAD041E2F7F3300E7BE41 /* ev++.h */ = {isa = PBXFileReference; fileEncoding = 4; lastKnownFileType = sourcecode.c.h; path = "ev++.h"; sourceTree = "<group>"; };
		A4ACAD051E2F7F3300E7BE41 /* ev.h */ = {isa = PBXFileReference; fileEncoding = 4; lastKnownFileType = sourcecode.c.h; path = ev.h; sourceTree = "<group>"; };
		A4ACAD061E2F7F3300E7BE41 /* event.h */ = {isa = PBXFileReference; fileEncoding = 4; lastKnownFileType = sourcecode.c.h; path = event.h; sourceTree = "<group>"; };
		A4ACAD0B1E2F80EE00E7BE41 /* c.h */ = {isa = PBXFileReference; fileEncoding = 4; lastKnownFileType = sourcecode.c.h; path = c.h; sourceTree = "<group>"; };
		A4ACAD0C1E2F80EE00E7BE41 /* cache.h */ = {isa = PBXFileReference; fileEncoding = 4; lastKnownFileType = sourcecode.c.h; path = cache.h; sourceTree = "<group>"; };
		A4ACAD0D1E2F80EE00E7BE41 /* comparator.h */ = {isa = PBXFileReference; fileEncoding = 4; lastKnownFileType = sourcecode.c.h; path = comparator.h; sourceTree = "<group>"; };
		A4ACAD0E1E2F80EE00E7BE41 /* db.h */ = {isa = PBXFileReference; fileEncoding = 4; lastKnownFileType = sourcecode.c.h; path = db.h; sourceTree = "<group>"; };
		A4ACAD0F1E2F80EE00E7BE41 /* dumpfile.h */ = {isa = PBXFileReference; fileEncoding = 4; lastKnownFileType = sourcecode.c.h; path = dumpfile.h; sourceTree = "<group>"; };
		A4ACAD101E2F80EE00E7BE41 /* env.h */ = {isa = PBXFileReference; fileEncoding = 4; lastKnownFileType = sourcecode.c.h; path = env.h; sourceTree = "<group>"; };
		A4ACAD111E2F80EE00E7BE41 /* filter_policy.h */ = {isa = PBXFileReference; fileEncoding = 4; lastKnownFileType = sourcecode.c.h; path = filter_policy.h; sourceTree = "<group>"; };
		A4ACAD121E2F80EE00E7BE41 /* iterator.h */ = {isa = PBXFileReference; fileEncoding = 4; lastKnownFileType = sourcecode.c.h; path = iterator.h; sourceTree = "<group>"; };
		A4ACAD141E2F80EE00E7BE41 /* libleveldb.a */ = {isa = PBXFileReference; lastKnownFileType = archive.ar; path = libleveldb.a; sourceTree = "<group>"; };
		A4ACAD151E2F80EE00E7BE41 /* libmemenv.a */ = {isa = PBXFileReference; lastKnownFileType = archive.ar; path = libmemenv.a; sourceTree = "<group>"; };
		A4ACAD161E2F80EE00E7BE41 /* options.h */ = {isa = PBXFileReference; fileEncoding = 4; lastKnownFileType = sourcecode.c.h; path = options.h; sourceTree = "<group>"; };
		A4ACAD171E2F80EE00E7BE41 /* slice.h */ = {isa = PBXFileReference; fileEncoding = 4; lastKnownFileType = sourcecode.c.h; path = slice.h; sourceTree = "<group>"; };
		A4ACAD181E2F80EE00E7BE41 /* status.h */ = {isa = PBXFileReference; fileEncoding = 4; lastKnownFileType = sourcecode.c.h; path = status.h; sourceTree = "<group>"; };
		A4ACAD191E2F80EE00E7BE41 /* table.h */ = {isa = PBXFileReference; fileEncoding = 4; lastKnownFileType = sourcecode.c.h; path = table.h; sourceTree = "<group>"; };
		A4ACAD1A1E2F80EE00E7BE41 /* table_builder.h */ = {isa = PBXFileReference; fileEncoding = 4; lastKnownFileType = sourcecode.c.h; path = table_builder.h; sourceTree = "<group>"; };
		A4ACAD1B1E2F80EE00E7BE41 /* write_batch.h */ = {isa = PBXFileReference; fileEncoding = 4; lastKnownFileType = sourcecode.c.h; path = write_batch.h; sourceTree = "<group>"; };
		A4ACAD221E2F8E5C00E7BE41 /* libev.a */ = {isa = PBXFileReference; lastKnownFileType = archive.ar; path = libev.a; sourceTree = "<group>"; };
/* End PBXFileReference section */

/* Begin PBXFrameworksBuildPhase section */
		A402B7311E2DF84200DA2C56 /* Frameworks */ = {
			isa = PBXFrameworksBuildPhase;
			buildActionMask = 2147483647;
			files = (
				A4A6DE451E388B74003871B1 /* libstdc++.tbd in Frameworks */,
				23A8819B1E3673FF0023B421 /* Stellar.framework in Frameworks */,
				A4ACAD1C1E2F80EE00E7BE41 /* libleveldb.a in Frameworks */,
				23A881851E3673FF0023B421 /* Diff.framework in Frameworks */,
				23A8819F1E3673FF0023B421 /* SwiftyAttributes.framework in Frameworks */,
				23A8817F1E3673FF0023B421 /* ActiveLabel.framework in Frameworks */,
				23A8818F1E3673FF0023B421 /* Format.framework in Frameworks */,
				A4ACAD231E2F8E5C00E7BE41 /* libev.a in Frameworks */,
				23A881DC1E368B340023B421 /* ChattoAdditions.framework in Frameworks */,
				23A881871E3673FF0023B421 /* DynamicColor.framework in Frameworks */,
				A4ACAD021E2F7DC300E7BE41 /* libssl.a in Frameworks */,
				23A881831E3673FF0023B421 /* Device.framework in Frameworks */,
				23A881911E3673FF0023B421 /* LTMorphingLabel.framework in Frameworks */,
				23A881991E3673FF0023B421 /* SnapKit.framework in Frameworks */,
				23A881891E3673FF0023B421 /* EasyTipView.framework in Frameworks */,
				23A8819D1E3673FF0023B421 /* SwiftProtobuf.framework in Frameworks */,
				A4ACAD1D1E2F80EE00E7BE41 /* libmemenv.a in Frameworks */,
				238D43ED1E46C50600DB9F03 /* XCGLogger.framework in Frameworks */,
				23A881931E3673FF0023B421 /* NavigationStack.framework in Frameworks */,
				238D43E81E45C73000DB9F03 /* Reachability.framework in Frameworks */,
				23A8818D1E3673FF0023B421 /* FillableLoaders.framework in Frameworks */,
				23A881DA1E368B340023B421 /* Chatto.framework in Frameworks */,
				A4ACAD011E2F7DC300E7BE41 /* libcrypto.a in Frameworks */,
				23A881A51E3673FF0023B421 /* Whisper.framework in Frameworks */,
			);
			runOnlyForDeploymentPostprocessing = 0;
		};
/* End PBXFrameworksBuildPhase section */

/* Begin PBXGroup section */
		2344E5211E314B6900867A71 /* framework */ = {
			isa = PBXGroup;
			children = (
				238D43EC1E46C50600DB9F03 /* XCGLogger.framework */,
				238D43E71E45C73000DB9F03 /* Reachability.framework */,
				23A881D81E368B340023B421 /* Chatto.framework */,
				23A881D91E368B340023B421 /* ChattoAdditions.framework */,
				23A8816B1E3673FF0023B421 /* ActiveLabel.framework */,
				23A8816D1E3673FF0023B421 /* Device.framework */,
				23A8816E1E3673FF0023B421 /* Diff.framework */,
				23A8816F1E3673FF0023B421 /* DynamicColor.framework */,
				23A881701E3673FF0023B421 /* EasyTipView.framework */,
				23A881721E3673FF0023B421 /* FillableLoaders.framework */,
				23A881731E3673FF0023B421 /* Format.framework */,
				23A881741E3673FF0023B421 /* LTMorphingLabel.framework */,
				23A881751E3673FF0023B421 /* NavigationStack.framework */,
				23A881781E3673FF0023B421 /* SnapKit.framework */,
				23A881791E3673FF0023B421 /* Stellar.framework */,
				23A8817A1E3673FF0023B421 /* SwiftProtobuf.framework */,
				23A8817B1E3673FF0023B421 /* SwiftyAttributes.framework */,
				23A8817E1E3673FF0023B421 /* Whisper.framework */,
			);
			name = framework;
			sourceTree = "<group>";
		};
		2373E1571E3F293F0055136C /* extension */ = {
			isa = PBXGroup;
			children = (
				2373E1581E3F293F0055136C /* NSBundle+language.h */,
				2373E1591E3F293F0055136C /* NSBundle+language.m */,
				2373E15B1E3F361B0055136C /* button.swift */,
				2373E15D1E3F4EB80055136C /* image.swift */,
				238D43EA1E46329800DB9F03 /* whisper.swift */,
			);
			path = extension;
			sourceTree = "<group>";
		};
		2373E18D1E40A1AB0055136C /* SwiftTimer */ = {
			isa = PBXGroup;
			children = (
				2373E18E1E40A1C60055136C /* Sources */,
			);
			name = SwiftTimer;
			sourceTree = "<group>";
		};
		2373E18E1E40A1C60055136C /* Sources */ = {
			isa = PBXGroup;
			children = (
				2373E1931E40A1C60055136C /* SwiftTimer.h */,
				2373E1941E40A1C60055136C /* SwiftTimer.swift */,
			);
			name = Sources;
			path = submodule/SwiftTimer/Sources;
			sourceTree = "<group>";
		};
		2373E19E1E4175990055136C /* customview */ = {
			isa = PBXGroup;
			children = (
				2373E19F1E4175E40055136C /* IndicatorButton.swift */,
			);
			path = customview;
			sourceTree = "<group>";
		};
		23A881D01E3687270023B421 /* message */ = {
			isa = PBXGroup;
			children = (
				23A881D11E3687270023B421 /* messageController.swift */,
			);
			path = message;
			sourceTree = "<group>";
		};
		23A881D21E3687270023B421 /* user */ = {
			isa = PBXGroup;
			children = (
				23A881D31E3687270023B421 /* SigninController.swift */,
				23A881D41E3687270023B421 /* SignupController.swift */,
				A47A62D61E36F50500E80F32 /* friendsController.swift */,
			);
			path = user;
			sourceTree = "<group>";
		};
		A402B72B1E2DF84200DA2C56 = {
			isa = PBXGroup;
			children = (
				2344E5211E314B6900867A71 /* framework */,
				A4ACAC321E2F6A9E00E7BE41 /* cxx */,
				A4A303FE1E2E3D59004BF97E /* submodule */,
				A4D100A61E2E2BAA007F374C /* staticlib */,
				A402B7361E2DF84200DA2C56 /* heibaiyu */,
				A402B7351E2DF84200DA2C56 /* Products */,
				A4A6DE411E3886C6003871B1 /* Frameworks */,
			);
			sourceTree = "<group>";
		};
		A402B7351E2DF84200DA2C56 /* Products */ = {
			isa = PBXGroup;
			children = (
				A402B7341E2DF84200DA2C56 /* heibaiyu.app */,
			);
			name = Products;
			sourceTree = "<group>";
		};
		A402B7361E2DF84200DA2C56 /* heibaiyu */ = {
			isa = PBXGroup;
			children = (
				2373E19E1E4175990055136C /* customview */,
				2373E1571E3F293F0055136C /* extension */,
				A47A62DA1E37245E00E80F32 /* netdb */,
				23A881D01E3687270023B421 /* message */,
				23A881D21E3687270023B421 /* user */,
				A4A66CE21E31E63C001A25D7 /* main */,
			);
			path = heibaiyu;
			sourceTree = "<group>";
		};
		A47A62DA1E37245E00E80F32 /* netdb */ = {
			isa = PBXGroup;
			children = (
				2373E19C1E40A7920055136C /* nettype.swift */,
				A4A6DE3C1E3877EE003871B1 /* netyiwarpper.mm */,
				A468CEEF1E3892990017D266 /* netyiwarpper.h */,
				238D43EF1E46CC5A00DB9F03 /* leveldbwarpper.mm */,
				238D43F01E46CC5A00DB9F03 /* leveldbwarpper.h */,
				238D43F21E46E3A500DB9F03 /* leveldb.swift */,
			);
			path = netdb;
			sourceTree = "<group>";
		};
		A4A303FE1E2E3D59004BF97E /* submodule */ = {
			isa = PBXGroup;
			children = (
				2373E18D1E40A1AB0055136C /* SwiftTimer */,
				A4A66D741E349079001A25D7 /* EasyAnimation */,
			);
			name = submodule;
			sourceTree = "<group>";
		};
		A4A66CE21E31E63C001A25D7 /* main */ = {
			isa = PBXGroup;
			children = (
				2373E14B1E3E43870055136C /* genColors.swift */,
				2373E14C1E3E43870055136C /* genL10n.swift */,
				2373E14D1E3E43870055136C /* genStoryboards.swift */,
				A4A66EA61E34D0F3001A25D7 /* CountryCode.plist */,
				A402B73E1E2DF84200DA2C56 /* Assets.xcassets */,
				A402B7401E2DF84200DA2C56 /* LaunchScreen.storyboard */,
				A402B7431E2DF84200DA2C56 /* Info.plist */,
				2344E4841E313A6B00867A71 /* chat_message.pb.swift */,
				A402B7371E2DF84200DA2C56 /* AppDelegate.swift */,
				2373E1471E3DE4080055136C /* Localizable.strings */,
				A402B73B1E2DF84200DA2C56 /* Main.storyboard */,
				A4A6DE401E387A26003871B1 /* bridging-header.h */,
			);
			name = main;
			sourceTree = "<group>";
		};
		A4A66D741E349079001A25D7 /* EasyAnimation */ = {
			isa = PBXGroup;
			children = (
				A4A66D751E349079001A25D7 /* EAAnimationFuture.swift */,
				A4A66D761E349079001A25D7 /* EasyAnimation.h */,
				A4A66D771E349079001A25D7 /* EasyAnimation.swift */,
				A4A66D781E349079001A25D7 /* Info-tvOS.plist */,
				A4A66D791E349079001A25D7 /* Info.plist */,
				A4A66D7A1E349079001A25D7 /* RBBSpringAnimation */,
			);
			name = EasyAnimation;
			path = submodule/EasyAnimation/EasyAnimation;
			sourceTree = "<group>";
		};
		A4A66D7A1E349079001A25D7 /* RBBSpringAnimation */ = {
			isa = PBXGroup;
			children = (
				A4A66D7B1E349079001A25D7 /* LICENSE */,
				A4A66D7C1E349079001A25D7 /* RBBBlockBasedArray.swift */,
				A4A66D7D1E349079001A25D7 /* RBBLinearInterpolation.swift */,
				A4A66D7E1E349079001A25D7 /* RBBSpringAnimation.swift */,
			);
			path = RBBSpringAnimation;
			sourceTree = "<group>";
		};
		A4A6DE411E3886C6003871B1 /* Frameworks */ = {
			isa = PBXGroup;
			children = (
				A4A6DE441E388B74003871B1 /* libstdc++.tbd */,
				A4A6DE421E3886C6003871B1 /* libc++.tbd */,
			);
			name = Frameworks;
			sourceTree = "<group>";
		};
		A4ACAC321E2F6A9E00E7BE41 /* cxx */ = {
			isa = PBXGroup;
			children = (
				A4A66CE91E322B64001A25D7 /* buffer_yi.cpp */,
				A4A66CEA1E322B64001A25D7 /* buffer_yi.h */,
				A4A66CEB1E322B64001A25D7 /* lib_client.cpp */,
				A4A66CEC1E322B64001A25D7 /* lib_client.h */,
				A4A66CED1E322B64001A25D7 /* net_yi.cpp */,
				A4A66CEE1E322B64001A25D7 /* net_yi.h */,
				238D43F41E47538C00DB9F03 /* typemap.cxx */,
				2344E4811E2FDAE900867A71 /* typemap.h */,
				A4ACAC3A1E2F6BE800E7BE41 /* macro.h */,
				A4A66CE61E3228D1001A25D7 /* root-ca.crt */,
			);
			path = cxx;
			sourceTree = "<group>";
		};
		A4ACACB21E2F7DC300E7BE41 /* openssl */ = {
			isa = PBXGroup;
			children = (
				A4ACACB31E2F7DC300E7BE41 /* aes.h */,
				A4ACACB41E2F7DC300E7BE41 /* asn1.h */,
				A4ACACB51E2F7DC300E7BE41 /* asn1_mac.h */,
				A4ACACB61E2F7DC300E7BE41 /* asn1t.h */,
				A4ACACB71E2F7DC300E7BE41 /* bio.h */,
				A4ACACB81E2F7DC300E7BE41 /* blowfish.h */,
				A4ACACB91E2F7DC300E7BE41 /* bn.h */,
				A4ACACBA1E2F7DC300E7BE41 /* buffer.h */,
				A4ACACBB1E2F7DC300E7BE41 /* camellia.h */,
				A4ACACBC1E2F7DC300E7BE41 /* cast.h */,
				A4ACACBD1E2F7DC300E7BE41 /* cmac.h */,
				A4ACACBE1E2F7DC300E7BE41 /* cms.h */,
				A4ACACBF1E2F7DC300E7BE41 /* comp.h */,
				A4ACACC01E2F7DC300E7BE41 /* conf.h */,
				A4ACACC11E2F7DC300E7BE41 /* conf_api.h */,
				A4ACACC21E2F7DC300E7BE41 /* crypto.h */,
				A4ACACC31E2F7DC300E7BE41 /* des.h */,
				A4ACACC41E2F7DC300E7BE41 /* des_old.h */,
				A4ACACC51E2F7DC300E7BE41 /* dh.h */,
				A4ACACC61E2F7DC300E7BE41 /* dsa.h */,
				A4ACACC71E2F7DC300E7BE41 /* dso.h */,
				A4ACACC81E2F7DC300E7BE41 /* dtls1.h */,
				A4ACACC91E2F7DC300E7BE41 /* e_os2.h */,
				A4ACACCA1E2F7DC300E7BE41 /* ebcdic.h */,
				A4ACACCB1E2F7DC300E7BE41 /* ec.h */,
				A4ACACCC1E2F7DC300E7BE41 /* ecdh.h */,
				A4ACACCD1E2F7DC300E7BE41 /* ecdsa.h */,
				A4ACACCE1E2F7DC300E7BE41 /* engine.h */,
				A4ACACCF1E2F7DC300E7BE41 /* err.h */,
				A4ACACD01E2F7DC300E7BE41 /* evp.h */,
				A4ACACD11E2F7DC300E7BE41 /* hmac.h */,
				A4ACACD21E2F7DC300E7BE41 /* idea.h */,
				A4ACACD31E2F7DC300E7BE41 /* krb5_asn.h */,
				A4ACACD41E2F7DC300E7BE41 /* kssl.h */,
				A4ACACD51E2F7DC300E7BE41 /* lhash.h */,
				A4ACACD61E2F7DC300E7BE41 /* lib */,
				A4ACACD91E2F7DC300E7BE41 /* md4.h */,
				A4ACACDA1E2F7DC300E7BE41 /* md5.h */,
				A4ACACDB1E2F7DC300E7BE41 /* mdc2.h */,
				A4ACACDC1E2F7DC300E7BE41 /* modes.h */,
				A4ACACDD1E2F7DC300E7BE41 /* obj_mac.h */,
				A4ACACDE1E2F7DC300E7BE41 /* objects.h */,
				A4ACACDF1E2F7DC300E7BE41 /* ocsp.h */,
				A4ACACE01E2F7DC300E7BE41 /* opensslconf.h */,
				A4ACACE11E2F7DC300E7BE41 /* opensslv.h */,
				A4ACACE21E2F7DC300E7BE41 /* ossl_typ.h */,
				A4ACACE31E2F7DC300E7BE41 /* pem.h */,
				A4ACACE41E2F7DC300E7BE41 /* pem2.h */,
				A4ACACE51E2F7DC300E7BE41 /* pkcs12.h */,
				A4ACACE61E2F7DC300E7BE41 /* pkcs7.h */,
				A4ACACE71E2F7DC300E7BE41 /* pqueue.h */,
				A4ACACE81E2F7DC300E7BE41 /* rand.h */,
				A4ACACE91E2F7DC300E7BE41 /* rc2.h */,
				A4ACACEA1E2F7DC300E7BE41 /* rc4.h */,
				A4ACACEB1E2F7DC300E7BE41 /* ripemd.h */,
				A4ACACEC1E2F7DC300E7BE41 /* rsa.h */,
				A4ACACED1E2F7DC300E7BE41 /* safestack.h */,
				A4ACACEE1E2F7DC300E7BE41 /* seed.h */,
				A4ACACEF1E2F7DC300E7BE41 /* sha.h */,
				A4ACACF01E2F7DC300E7BE41 /* srp.h */,
				A4ACACF11E2F7DC300E7BE41 /* srtp.h */,
				A4ACACF21E2F7DC300E7BE41 /* ssl.h */,
				A4ACACF31E2F7DC300E7BE41 /* ssl2.h */,
				A4ACACF41E2F7DC300E7BE41 /* ssl23.h */,
				A4ACACF51E2F7DC300E7BE41 /* ssl3.h */,
				A4ACACF61E2F7DC300E7BE41 /* stack.h */,
				A4ACACF71E2F7DC300E7BE41 /* symhacks.h */,
				A4ACACF81E2F7DC300E7BE41 /* tls1.h */,
				A4ACACF91E2F7DC300E7BE41 /* ts.h */,
				A4ACACFA1E2F7DC300E7BE41 /* txt_db.h */,
				A4ACACFB1E2F7DC300E7BE41 /* ui.h */,
				A4ACACFC1E2F7DC300E7BE41 /* ui_compat.h */,
				A4ACACFD1E2F7DC300E7BE41 /* whrlpool.h */,
				A4ACACFE1E2F7DC300E7BE41 /* x509.h */,
				A4ACACFF1E2F7DC300E7BE41 /* x509_vfy.h */,
				A4ACAD001E2F7DC300E7BE41 /* x509v3.h */,
			);
			path = openssl;
			sourceTree = "<group>";
		};
		A4ACACD61E2F7DC300E7BE41 /* lib */ = {
			isa = PBXGroup;
			children = (
				A4ACACD71E2F7DC300E7BE41 /* libcrypto.a */,
				A4ACACD81E2F7DC300E7BE41 /* libssl.a */,
			);
			path = lib;
			sourceTree = "<group>";
		};
		A4ACAD031E2F7F3300E7BE41 /* libev */ = {
			isa = PBXGroup;
			children = (
				A4ACAD041E2F7F3300E7BE41 /* ev++.h */,
				A4ACAD051E2F7F3300E7BE41 /* ev.h */,
				A4ACAD061E2F7F3300E7BE41 /* event.h */,
				A4ACAD071E2F7F3300E7BE41 /* lib */,
			);
			path = libev;
			sourceTree = "<group>";
		};
		A4ACAD071E2F7F3300E7BE41 /* lib */ = {
			isa = PBXGroup;
			children = (
				A4ACAD221E2F8E5C00E7BE41 /* libev.a */,
			);
			path = lib;
			sourceTree = "<group>";
		};
		A4ACAD0A1E2F80EE00E7BE41 /* leveldb */ = {
			isa = PBXGroup;
			children = (
				A4ACAD0B1E2F80EE00E7BE41 /* c.h */,
				A4ACAD0C1E2F80EE00E7BE41 /* cache.h */,
				A4ACAD0D1E2F80EE00E7BE41 /* comparator.h */,
				A4ACAD0E1E2F80EE00E7BE41 /* db.h */,
				A4ACAD0F1E2F80EE00E7BE41 /* dumpfile.h */,
				A4ACAD101E2F80EE00E7BE41 /* env.h */,
				A4ACAD111E2F80EE00E7BE41 /* filter_policy.h */,
				A4ACAD121E2F80EE00E7BE41 /* iterator.h */,
				A4ACAD131E2F80EE00E7BE41 /* lib */,
				A4ACAD161E2F80EE00E7BE41 /* options.h */,
				A4ACAD171E2F80EE00E7BE41 /* slice.h */,
				A4ACAD181E2F80EE00E7BE41 /* status.h */,
				A4ACAD191E2F80EE00E7BE41 /* table.h */,
				A4ACAD1A1E2F80EE00E7BE41 /* table_builder.h */,
				A4ACAD1B1E2F80EE00E7BE41 /* write_batch.h */,
			);
			path = leveldb;
			sourceTree = "<group>";
		};
		A4ACAD131E2F80EE00E7BE41 /* lib */ = {
			isa = PBXGroup;
			children = (
				A4ACAD141E2F80EE00E7BE41 /* libleveldb.a */,
				A4ACAD151E2F80EE00E7BE41 /* libmemenv.a */,
			);
			path = lib;
			sourceTree = "<group>";
		};
		A4D100A61E2E2BAA007F374C /* staticlib */ = {
			isa = PBXGroup;
			children = (
				A4ACAD0A1E2F80EE00E7BE41 /* leveldb */,
				A4ACAD031E2F7F3300E7BE41 /* libev */,
				A4ACACB21E2F7DC300E7BE41 /* openssl */,
			);
			path = staticlib;
			sourceTree = "<group>";
		};
/* End PBXGroup section */

/* Begin PBXNativeTarget section */
		A402B7331E2DF84200DA2C56 /* heibaiyu */ = {
			isa = PBXNativeTarget;
			buildConfigurationList = A402B75C1E2DF84200DA2C56 /* Build configuration list for PBXNativeTarget "heibaiyu" */;
			buildPhases = (
				A402B7301E2DF84200DA2C56 /* Sources */,
				A402B7311E2DF84200DA2C56 /* Frameworks */,
				A402B7321E2DF84200DA2C56 /* Resources */,
				A4F330421E31BBC500F2ED1B /* Embed Frameworks */,
			);
			buildRules = (
			);
			dependencies = (
			);
			name = heibaiyu;
			productName = heibaiyu;
			productReference = A402B7341E2DF84200DA2C56 /* heibaiyu.app */;
			productType = "com.apple.product-type.application";
		};
/* End PBXNativeTarget section */

/* Begin PBXProject section */
		A402B72C1E2DF84200DA2C56 /* Project object */ = {
			isa = PBXProject;
			attributes = {
				LastSwiftUpdateCheck = 0820;
				LastUpgradeCheck = 0820;
				ORGANIZATIONNAME = yijian;
				TargetAttributes = {
					A402B7331E2DF84200DA2C56 = {
						CreatedOnToolsVersion = 8.2.1;
						DevelopmentTeam = WXN2XA3VYP;
						LastSwiftMigration = 0820;
						ProvisioningStyle = Automatic;
						SystemCapabilities = {
							com.apple.BackgroundModes = {
								enabled = 0;
							};
						};
					};
				};
			};
			buildConfigurationList = A402B72F1E2DF84200DA2C56 /* Build configuration list for PBXProject "heibaiyu" */;
			compatibilityVersion = "Xcode 3.2";
			developmentRegion = English;
			hasScannedForEncodings = 0;
			knownRegions = (
				en,
				Base,
				ja,
				de,
				es,
				fr,
				he,
				it,
				"zh-Hans",
				"zh-Hant",
				nl,
			);
			mainGroup = A402B72B1E2DF84200DA2C56;
			productRefGroup = A402B7351E2DF84200DA2C56 /* Products */;
			projectDirPath = "";
			projectRoot = "";
			targets = (
				A402B7331E2DF84200DA2C56 /* heibaiyu */,
			);
		};
/* End PBXProject section */

/* Begin PBXResourcesBuildPhase section */
		A402B7321E2DF84200DA2C56 /* Resources */ = {
			isa = PBXResourcesBuildPhase;
			buildActionMask = 2147483647;
			files = (
				A4A66D811E349079001A25D7 /* Info-tvOS.plist in Resources */,
				A402B7421E2DF84200DA2C56 /* LaunchScreen.storyboard in Resources */,
				A4A66D821E349079001A25D7 /* Info.plist in Resources */,
				A4A66D831E349079001A25D7 /* LICENSE in Resources */,
				2373E1451E3DE4080055136C /* Localizable.strings in Resources */,
				A402B73F1E2DF84200DA2C56 /* Assets.xcassets in Resources */,
				A402B73D1E2DF84200DA2C56 /* Main.storyboard in Resources */,
				A4A66CE71E3228D1001A25D7 /* root-ca.crt in Resources */,
				A4A66EA71E34D0F3001A25D7 /* CountryCode.plist in Resources */,
			);
			runOnlyForDeploymentPostprocessing = 0;
		};
/* End PBXResourcesBuildPhase section */

/* Begin PBXSourcesBuildPhase section */
		A402B7301E2DF84200DA2C56 /* Sources */ = {
			isa = PBXSourcesBuildPhase;
			buildActionMask = 2147483647;
			files = (
				2373E19D1E40A7920055136C /* nettype.swift in Sources */,
				A4A66D851E349079001A25D7 /* RBBLinearInterpolation.swift in Sources */,
				238D43EB1E46329800DB9F03 /* whisper.swift in Sources */,
				A47A62D71E36F50500E80F32 /* friendsController.swift in Sources */,
				23A881D61E3687270023B421 /* SigninController.swift in Sources */,
				2373E1501E3E43870055136C /* genStoryboards.swift in Sources */,
				2344E4851E313A6B00867A71 /* chat_message.pb.swift in Sources */,
				2373E15E1E3F4EB80055136C /* image.swift in Sources */,
				2373E14F1E3E43870055136C /* genL10n.swift in Sources */,
				A4A66D7F1E349079001A25D7 /* EAAnimationFuture.swift in Sources */,
				A4A66D841E349079001A25D7 /* RBBBlockBasedArray.swift in Sources */,
				2373E14E1E3E43870055136C /* genColors.swift in Sources */,
				238D43F51E47538C00DB9F03 /* typemap.cxx in Sources */,
				A4A66D861E349079001A25D7 /* RBBSpringAnimation.swift in Sources */,
				23A881D51E3687270023B421 /* messageController.swift in Sources */,
				2373E15C1E3F361B0055136C /* button.swift in Sources */,
				2373E15A1E3F293F0055136C /* NSBundle+language.m in Sources */,
				A4A66CF01E322B64001A25D7 /* lib_client.cpp in Sources */,
				A4A66CF11E322B64001A25D7 /* net_yi.cpp in Sources */,
				238D43F11E46CC5A00DB9F03 /* leveldbwarpper.mm in Sources */,
				2373E1A01E4175E40055136C /* IndicatorButton.swift in Sources */,
				A4A6DE3D1E3877EE003871B1 /* netyiwarpper.mm in Sources */,
				2373E1991E40A1C60055136C /* SwiftTimer.swift in Sources */,
				23A881D71E3687270023B421 /* SignupController.swift in Sources */,
				A4A66D801E349079001A25D7 /* EasyAnimation.swift in Sources */,
				A402B7381E2DF84200DA2C56 /* AppDelegate.swift in Sources */,
				238D43F31E46E3A500DB9F03 /* leveldb.swift in Sources */,
				A4A66CEF1E322B64001A25D7 /* buffer_yi.cpp in Sources */,
			);
			runOnlyForDeploymentPostprocessing = 0;
		};
/* End PBXSourcesBuildPhase section */

/* Begin PBXVariantGroup section */
		2373E1471E3DE4080055136C /* Localizable.strings */ = {
			isa = PBXVariantGroup;
			children = (
				2373E1461E3DE4080055136C /* zh-Hans */,
			);
			name = Localizable.strings;
			sourceTree = "<group>";
		};
		A402B73B1E2DF84200DA2C56 /* Main.storyboard */ = {
			isa = PBXVariantGroup;
			children = (
				A402B73C1E2DF84200DA2C56 /* Base */,
			);
			name = Main.storyboard;
			sourceTree = "<group>";
		};
		A402B7401E2DF84200DA2C56 /* LaunchScreen.storyboard */ = {
			isa = PBXVariantGroup;
			children = (
				A402B7411E2DF84200DA2C56 /* Base */,
			);
			name = LaunchScreen.storyboard;
			sourceTree = "<group>";
		};
/* End PBXVariantGroup section */

/* Begin XCBuildConfiguration section */
		A402B75A1E2DF84200DA2C56 /* Debug */ = {
			isa = XCBuildConfiguration;
			buildSettings = {
				ALWAYS_SEARCH_USER_PATHS = NO;
				CLANG_ANALYZER_NONNULL = YES;
				CLANG_CXX_LANGUAGE_STANDARD = "gnu++0x";
				CLANG_CXX_LIBRARY = "libc++";
				CLANG_ENABLE_MODULES = YES;
				CLANG_ENABLE_OBJC_ARC = YES;
				CLANG_WARN_BOOL_CONVERSION = YES;
				CLANG_WARN_CONSTANT_CONVERSION = YES;
				CLANG_WARN_DIRECT_OBJC_ISA_USAGE = YES_ERROR;
				CLANG_WARN_DOCUMENTATION_COMMENTS = YES;
				CLANG_WARN_EMPTY_BODY = YES;
				CLANG_WARN_ENUM_CONVERSION = YES;
				CLANG_WARN_INFINITE_RECURSION = YES;
				CLANG_WARN_INT_CONVERSION = YES;
				CLANG_WARN_OBJC_ROOT_CLASS = YES_ERROR;
				CLANG_WARN_SUSPICIOUS_MOVE = YES;
				CLANG_WARN_UNREACHABLE_CODE = YES;
				CLANG_WARN__DUPLICATE_METHOD_MATCH = YES;
				"CODE_SIGN_IDENTITY[sdk=iphoneos*]" = "iPhone Developer";
				COPY_PHASE_STRIP = NO;
				DEBUG_INFORMATION_FORMAT = dwarf;
				ENABLE_STRICT_OBJC_MSGSEND = YES;
				ENABLE_TESTABILITY = YES;
				GCC_C_LANGUAGE_STANDARD = gnu99;
				GCC_DYNAMIC_NO_PIC = NO;
				GCC_NO_COMMON_BLOCKS = YES;
				GCC_OPTIMIZATION_LEVEL = 0;
				GCC_PREPROCESSOR_DEFINITIONS = (
					"DEBUG=1",
					"$(inherited)",
				);
				GCC_WARN_64_TO_32_BIT_CONVERSION = YES;
				GCC_WARN_ABOUT_RETURN_TYPE = YES_ERROR;
				GCC_WARN_UNDECLARED_SELECTOR = YES;
				GCC_WARN_UNINITIALIZED_AUTOS = YES_AGGRESSIVE;
				GCC_WARN_UNUSED_FUNCTION = YES;
				GCC_WARN_UNUSED_VARIABLE = YES;
				IPHONEOS_DEPLOYMENT_TARGET = 10.2;
				MTL_ENABLE_DEBUG_INFO = YES;
				ONLY_ACTIVE_ARCH = YES;
				SDKROOT = iphoneos;
				SWIFT_ACTIVE_COMPILATION_CONDITIONS = DEBUG;
				SWIFT_OPTIMIZATION_LEVEL = "-Onone";
				TARGETED_DEVICE_FAMILY = "1,2";
			};
			name = Debug;
		};
		A402B75B1E2DF84200DA2C56 /* Release */ = {
			isa = XCBuildConfiguration;
			buildSettings = {
				ALWAYS_SEARCH_USER_PATHS = NO;
				CLANG_ANALYZER_NONNULL = YES;
				CLANG_CXX_LANGUAGE_STANDARD = "gnu++0x";
				CLANG_CXX_LIBRARY = "libc++";
				CLANG_ENABLE_MODULES = YES;
				CLANG_ENABLE_OBJC_ARC = YES;
				CLANG_WARN_BOOL_CONVERSION = YES;
				CLANG_WARN_CONSTANT_CONVERSION = YES;
				CLANG_WARN_DIRECT_OBJC_ISA_USAGE = YES_ERROR;
				CLANG_WARN_DOCUMENTATION_COMMENTS = YES;
				CLANG_WARN_EMPTY_BODY = YES;
				CLANG_WARN_ENUM_CONVERSION = YES;
				CLANG_WARN_INFINITE_RECURSION = YES;
				CLANG_WARN_INT_CONVERSION = YES;
				CLANG_WARN_OBJC_ROOT_CLASS = YES_ERROR;
				CLANG_WARN_SUSPICIOUS_MOVE = YES;
				CLANG_WARN_UNREACHABLE_CODE = YES;
				CLANG_WARN__DUPLICATE_METHOD_MATCH = YES;
				"CODE_SIGN_IDENTITY[sdk=iphoneos*]" = "iPhone Developer";
				COPY_PHASE_STRIP = NO;
				DEBUG_INFORMATION_FORMAT = "dwarf-with-dsym";
				ENABLE_NS_ASSERTIONS = NO;
				ENABLE_STRICT_OBJC_MSGSEND = YES;
				GCC_C_LANGUAGE_STANDARD = gnu99;
				GCC_NO_COMMON_BLOCKS = YES;
				GCC_WARN_64_TO_32_BIT_CONVERSION = YES;
				GCC_WARN_ABOUT_RETURN_TYPE = YES_ERROR;
				GCC_WARN_UNDECLARED_SELECTOR = YES;
				GCC_WARN_UNINITIALIZED_AUTOS = YES_AGGRESSIVE;
				GCC_WARN_UNUSED_FUNCTION = YES;
				GCC_WARN_UNUSED_VARIABLE = YES;
				IPHONEOS_DEPLOYMENT_TARGET = 10.2;
				MTL_ENABLE_DEBUG_INFO = NO;
				SDKROOT = iphoneos;
				SWIFT_OPTIMIZATION_LEVEL = "-Owholemodule";
				TARGETED_DEVICE_FAMILY = "1,2";
				VALIDATE_PRODUCT = YES;
			};
			name = Release;
		};
		A402B75D1E2DF84200DA2C56 /* Debug */ = {
			isa = XCBuildConfiguration;
			buildSettings = {
				ASSETCATALOG_COMPILER_APPICON_NAME = AppIcon;
				CLANG_CXX_LANGUAGE_STANDARD = "c++0x";
				CLANG_CXX_LIBRARY = "libc++";
				CLANG_ENABLE_MODULES = YES;
				CODE_SIGN_IDENTITY = "iPhone Developer";
				DEVELOPMENT_TEAM = WXN2XA3VYP;
				FRAMEWORK_SEARCH_PATHS = (
					"$(inherited)",
					"$(PROJECT_DIR)/Carthage/Build/iOS",
					"$(PROJECT_DIR)/submodule/SwiftGen/build/Release/Commander",
					"$(PROJECT_DIR)/submodule/SwiftGen/build/Release/GenumKit",
					"$(PROJECT_DIR)/submodule/SwiftGen/build/Release/PathKit",
					"$(PROJECT_DIR)/submodule/SwiftGen/build/Release/Stencil",
					"$(PROJECT_DIR)/submodule/SwiftGen/build/swiftgen/lib",
				);
				HEADER_SEARCH_PATHS = (
					"$(PROJECT_DIR)/staticlib",
					"$(PROJECT_DIR)/staticlib/libev",
					"$(PROJECT_DIR)/submodule/Spring/Spring",
					"$(PROJECT_DIR)/submodule/EasyAnimation/EasyAnimation",
				);
				INFOPLIST_FILE = heibaiyu/Info.plist;
				IPHONEOS_DEPLOYMENT_TARGET = 9.0;
				LD_RUNPATH_SEARCH_PATHS = "$(inherited) @executable_path/Frameworks";
				LIBRARY_SEARCH_PATHS = (
					"$(inherited)",
					"$(PROJECT_DIR)/staticlib/openssl/lib",
					"$(PROJECT_DIR)/staticlib/leveldb/lib",
					"$(PROJECT_DIR)/staticlib/libev/lib",
				);
				PRODUCT_BUNDLE_IDENTIFIER = yijian.heibaiyu;
				PRODUCT_NAME = "$(TARGET_NAME)";
				SWIFT_OBJC_BRIDGING_HEADER = "heibaiyu/bridging-header.h";
				SWIFT_OPTIMIZATION_LEVEL = "-Onone";
				SWIFT_VERSION = 3.0;
				TARGETED_DEVICE_FAMILY = "1,2";
			};
			name = Debug;
		};
		A402B75E1E2DF84200DA2C56 /* Release */ = {
			isa = XCBuildConfiguration;
			buildSettings = {
				ASSETCATALOG_COMPILER_APPICON_NAME = AppIcon;
				CLANG_CXX_LANGUAGE_STANDARD = "c++0x";
				CLANG_CXX_LIBRARY = "libc++";
				CLANG_ENABLE_MODULES = YES;
				CODE_SIGN_IDENTITY = "iPhone Distribution";
				DEVELOPMENT_TEAM = WXN2XA3VYP;
				FRAMEWORK_SEARCH_PATHS = (
					"$(inherited)",
					"$(PROJECT_DIR)/Carthage/Build/iOS",
					"$(PROJECT_DIR)/submodule/SwiftGen/build/Release/Commander",
					"$(PROJECT_DIR)/submodule/SwiftGen/build/Release/GenumKit",
					"$(PROJECT_DIR)/submodule/SwiftGen/build/Release/PathKit",
					"$(PROJECT_DIR)/submodule/SwiftGen/build/Release/Stencil",
					"$(PROJECT_DIR)/submodule/SwiftGen/build/swiftgen/lib",
				);
				HEADER_SEARCH_PATHS = (
					"$(PROJECT_DIR)/staticlib",
					"$(PROJECT_DIR)/staticlib/libev",
					"$(PROJECT_DIR)/submodule/Spring/Spring",
					"$(PROJECT_DIR)/submodule/EasyAnimation/EasyAnimation",
				);
				INFOPLIST_FILE = heibaiyu/Info.plist;
				IPHONEOS_DEPLOYMENT_TARGET = 9.0;
				LD_RUNPATH_SEARCH_PATHS = "$(inherited) @executable_path/Frameworks";
				LIBRARY_SEARCH_PATHS = (
					"$(inherited)",
					"$(PROJECT_DIR)/staticlib/openssl/lib",
					"$(PROJECT_DIR)/staticlib/leveldb/lib",
					"$(PROJECT_DIR)/staticlib/libev/lib",
				);
				PRODUCT_BUNDLE_IDENTIFIER = yijian.heibaiyu;
				PRODUCT_NAME = "$(TARGET_NAME)";
				SWIFT_OBJC_BRIDGING_HEADER = "heibaiyu/bridging-header.h";
				SWIFT_VERSION = 3.0;
				TARGETED_DEVICE_FAMILY = "1,2";
			};
			name = Release;
		};
/* End XCBuildConfiguration section */

/* Begin XCConfigurationList section */
		A402B72F1E2DF84200DA2C56 /* Build configuration list for PBXProject "heibaiyu" */ = {
			isa = XCConfigurationList;
			buildConfigurations = (
				A402B75A1E2DF84200DA2C56 /* Debug */,
				A402B75B1E2DF84200DA2C56 /* Release */,
			);
			defaultConfigurationIsVisible = 0;
			defaultConfigurationName = Release;
		};
		A402B75C1E2DF84200DA2C56 /* Build configuration list for PBXNativeTarget "heibaiyu" */ = {
			isa = XCConfigurationList;
			buildConfigurations = (
				A402B75D1E2DF84200DA2C56 /* Debug */,
				A402B75E1E2DF84200DA2C56 /* Release */,
			);
			defaultConfigurationIsVisible = 0;
			defaultConfigurationName = Release;
		};
/* End XCConfigurationList section */
	};
	rootObject = A402B72C1E2DF84200DA2C56 /* Project object */;
}
