// !$*UTF8*$!
{
	archiveVersion = 1;
	classes = {
	};
	objectVersion = 46;
	objects = {

/* Begin PBXBuildFile section */
		2344E4851E313A6B00867A71 /* chat_message.pb.swift in Sources */ = {isa = PBXBuildFile; fileRef = 2344E4841E313A6B00867A71 /* chat_message.pb.swift */; };
		2344E5371E332C5900867A71 /* ActiveLabel.framework in Frameworks */ = {isa = PBXBuildFile; fileRef = 2344E5271E332C5900867A71 /* ActiveLabel.framework */; };
		2344E5381E332C5900867A71 /* ActiveLabel.framework in Embed Frameworks */ = {isa = PBXBuildFile; fileRef = 2344E5271E332C5900867A71 /* ActiveLabel.framework */; settings = {ATTRIBUTES = (CodeSignOnCopy, RemoveHeadersOnCopy, ); }; };
		2344E5391E332C5900867A71 /* Bond.framework in Frameworks */ = {isa = PBXBuildFile; fileRef = 2344E5281E332C5900867A71 /* Bond.framework */; };
		2344E53A1E332C5900867A71 /* Bond.framework in Embed Frameworks */ = {isa = PBXBuildFile; fileRef = 2344E5281E332C5900867A71 /* Bond.framework */; settings = {ATTRIBUTES = (CodeSignOnCopy, RemoveHeadersOnCopy, ); }; };
		2344E53B1E332C5900867A71 /* Device.framework in Frameworks */ = {isa = PBXBuildFile; fileRef = 2344E5291E332C5900867A71 /* Device.framework */; };
		2344E53C1E332C5900867A71 /* Device.framework in Embed Frameworks */ = {isa = PBXBuildFile; fileRef = 2344E5291E332C5900867A71 /* Device.framework */; settings = {ATTRIBUTES = (CodeSignOnCopy, RemoveHeadersOnCopy, ); }; };
		2344E53D1E332C5900867A71 /* EasyTipView.framework in Frameworks */ = {isa = PBXBuildFile; fileRef = 2344E52A1E332C5900867A71 /* EasyTipView.framework */; };
		2344E53E1E332C5900867A71 /* EasyTipView.framework in Embed Frameworks */ = {isa = PBXBuildFile; fileRef = 2344E52A1E332C5900867A71 /* EasyTipView.framework */; settings = {ATTRIBUTES = (CodeSignOnCopy, RemoveHeadersOnCopy, ); }; };
		2344E53F1E332C5900867A71 /* FillableLoaders.framework in Frameworks */ = {isa = PBXBuildFile; fileRef = 2344E52B1E332C5900867A71 /* FillableLoaders.framework */; };
		2344E5401E332C5900867A71 /* FillableLoaders.framework in Embed Frameworks */ = {isa = PBXBuildFile; fileRef = 2344E52B1E332C5900867A71 /* FillableLoaders.framework */; settings = {ATTRIBUTES = (CodeSignOnCopy, RemoveHeadersOnCopy, ); }; };
		2344E5411E332C5900867A71 /* Format.framework in Frameworks */ = {isa = PBXBuildFile; fileRef = 2344E52C1E332C5900867A71 /* Format.framework */; };
		2344E5421E332C5900867A71 /* Format.framework in Embed Frameworks */ = {isa = PBXBuildFile; fileRef = 2344E52C1E332C5900867A71 /* Format.framework */; settings = {ATTRIBUTES = (CodeSignOnCopy, RemoveHeadersOnCopy, ); }; };
		2344E5451E332C5900867A71 /* LTMorphingLabel.framework in Frameworks */ = {isa = PBXBuildFile; fileRef = 2344E52E1E332C5900867A71 /* LTMorphingLabel.framework */; };
		2344E5461E332C5900867A71 /* LTMorphingLabel.framework in Embed Frameworks */ = {isa = PBXBuildFile; fileRef = 2344E52E1E332C5900867A71 /* LTMorphingLabel.framework */; settings = {ATTRIBUTES = (CodeSignOnCopy, RemoveHeadersOnCopy, ); }; };
		2344E5471E332C5900867A71 /* NavigationStack.framework in Frameworks */ = {isa = PBXBuildFile; fileRef = 2344E52F1E332C5900867A71 /* NavigationStack.framework */; };
		2344E5481E332C5900867A71 /* NavigationStack.framework in Embed Frameworks */ = {isa = PBXBuildFile; fileRef = 2344E52F1E332C5900867A71 /* NavigationStack.framework */; settings = {ATTRIBUTES = (CodeSignOnCopy, RemoveHeadersOnCopy, ); }; };
		2344E5491E332C5900867A71 /* PhoneNumberKit.framework in Frameworks */ = {isa = PBXBuildFile; fileRef = 2344E5301E332C5900867A71 /* PhoneNumberKit.framework */; };
		2344E54A1E332C5900867A71 /* PhoneNumberKit.framework in Embed Frameworks */ = {isa = PBXBuildFile; fileRef = 2344E5301E332C5900867A71 /* PhoneNumberKit.framework */; settings = {ATTRIBUTES = (CodeSignOnCopy, RemoveHeadersOnCopy, ); }; };
		2344E54B1E332C5900867A71 /* ReactiveKit.framework in Frameworks */ = {isa = PBXBuildFile; fileRef = 2344E5311E332C5900867A71 /* ReactiveKit.framework */; };
		2344E54C1E332C5900867A71 /* ReactiveKit.framework in Embed Frameworks */ = {isa = PBXBuildFile; fileRef = 2344E5311E332C5900867A71 /* ReactiveKit.framework */; settings = {ATTRIBUTES = (CodeSignOnCopy, RemoveHeadersOnCopy, ); }; };
		2344E54D1E332C5900867A71 /* SnapKit.framework in Frameworks */ = {isa = PBXBuildFile; fileRef = 2344E5321E332C5900867A71 /* SnapKit.framework */; };
		2344E54E1E332C5900867A71 /* SnapKit.framework in Embed Frameworks */ = {isa = PBXBuildFile; fileRef = 2344E5321E332C5900867A71 /* SnapKit.framework */; settings = {ATTRIBUTES = (CodeSignOnCopy, RemoveHeadersOnCopy, ); }; };
		2344E54F1E332C5900867A71 /* SwiftyAttributes.framework in Frameworks */ = {isa = PBXBuildFile; fileRef = 2344E5331E332C5900867A71 /* SwiftyAttributes.framework */; };
		2344E5501E332C5900867A71 /* SwiftyAttributes.framework in Embed Frameworks */ = {isa = PBXBuildFile; fileRef = 2344E5331E332C5900867A71 /* SwiftyAttributes.framework */; settings = {ATTRIBUTES = (CodeSignOnCopy, RemoveHeadersOnCopy, ); }; };
		2344E5511E332C5900867A71 /* SwiftyBeaver.framework in Frameworks */ = {isa = PBXBuildFile; fileRef = 2344E5341E332C5900867A71 /* SwiftyBeaver.framework */; };
		2344E5521E332C5900867A71 /* SwiftyBeaver.framework in Embed Frameworks */ = {isa = PBXBuildFile; fileRef = 2344E5341E332C5900867A71 /* SwiftyBeaver.framework */; settings = {ATTRIBUTES = (CodeSignOnCopy, RemoveHeadersOnCopy, ); }; };
		2344E5531E332C5900867A71 /* SwiftyTimer.framework in Frameworks */ = {isa = PBXBuildFile; fileRef = 2344E5351E332C5900867A71 /* SwiftyTimer.framework */; };
		2344E5541E332C5900867A71 /* SwiftyTimer.framework in Embed Frameworks */ = {isa = PBXBuildFile; fileRef = 2344E5351E332C5900867A71 /* SwiftyTimer.framework */; settings = {ATTRIBUTES = (CodeSignOnCopy, RemoveHeadersOnCopy, ); }; };
		2344E5551E332C5900867A71 /* Whisper.framework in Frameworks */ = {isa = PBXBuildFile; fileRef = 2344E5361E332C5900867A71 /* Whisper.framework */; };
		2344E5561E332C5900867A71 /* Whisper.framework in Embed Frameworks */ = {isa = PBXBuildFile; fileRef = 2344E5361E332C5900867A71 /* Whisper.framework */; settings = {ATTRIBUTES = (CodeSignOnCopy, RemoveHeadersOnCopy, ); }; };
		2344E5581E33433700867A71 /* Diff.framework in Frameworks */ = {isa = PBXBuildFile; fileRef = 2344E5571E33433700867A71 /* Diff.framework */; };
		2344E5591E33433700867A71 /* Diff.framework in Embed Frameworks */ = {isa = PBXBuildFile; fileRef = 2344E5571E33433700867A71 /* Diff.framework */; settings = {ATTRIBUTES = (CodeSignOnCopy, RemoveHeadersOnCopy, ); }; };
		23BBE2A61E33B6F10097E2F0 /* Interpolate.framework in Frameworks */ = {isa = PBXBuildFile; fileRef = 23BBE2A51E33B6F10097E2F0 /* Interpolate.framework */; };
		23BBE2A71E33B6F10097E2F0 /* Interpolate.framework in Embed Frameworks */ = {isa = PBXBuildFile; fileRef = 23BBE2A51E33B6F10097E2F0 /* Interpolate.framework */; settings = {ATTRIBUTES = (CodeSignOnCopy, RemoveHeadersOnCopy, ); }; };
		23BBE2A91E33B7340097E2F0 /* Stellar.framework in Frameworks */ = {isa = PBXBuildFile; fileRef = 23BBE2A81E33B7340097E2F0 /* Stellar.framework */; };
		23BBE2AA1E33B7340097E2F0 /* Stellar.framework in Embed Frameworks */ = {isa = PBXBuildFile; fileRef = 23BBE2A81E33B7340097E2F0 /* Stellar.framework */; settings = {ATTRIBUTES = (CodeSignOnCopy, RemoveHeadersOnCopy, ); }; };
		23BBE2AC1E33C5A80097E2F0 /* DynamicColor.framework in Frameworks */ = {isa = PBXBuildFile; fileRef = 23BBE2AB1E33C5A80097E2F0 /* DynamicColor.framework */; };
		23BBE2AD1E33C5A80097E2F0 /* DynamicColor.framework in Embed Frameworks */ = {isa = PBXBuildFile; fileRef = 23BBE2AB1E33C5A80097E2F0 /* DynamicColor.framework */; settings = {ATTRIBUTES = (CodeSignOnCopy, RemoveHeadersOnCopy, ); }; };
		A402B7381E2DF84200DA2C56 /* AppDelegate.swift in Sources */ = {isa = PBXBuildFile; fileRef = A402B7371E2DF84200DA2C56 /* AppDelegate.swift */; };
		A402B73A1E2DF84200DA2C56 /* ViewController.swift in Sources */ = {isa = PBXBuildFile; fileRef = A402B7391E2DF84200DA2C56 /* ViewController.swift */; };
		A402B73D1E2DF84200DA2C56 /* Main.storyboard in Resources */ = {isa = PBXBuildFile; fileRef = A402B73B1E2DF84200DA2C56 /* Main.storyboard */; };
		A402B73F1E2DF84200DA2C56 /* Assets.xcassets in Resources */ = {isa = PBXBuildFile; fileRef = A402B73E1E2DF84200DA2C56 /* Assets.xcassets */; };
		A402B7421E2DF84200DA2C56 /* LaunchScreen.storyboard in Resources */ = {isa = PBXBuildFile; fileRef = A402B7401E2DF84200DA2C56 /* LaunchScreen.storyboard */; };
		A4A66CDE1E31E36A001A25D7 /* main.m in Sources */ = {isa = PBXBuildFile; fileRef = A4A66CDD1E31E36A001A25D7 /* main.m */; };
		A4A66CE01E31E3F8001A25D7 /* Eureka.framework in Frameworks */ = {isa = PBXBuildFile; fileRef = A4A66CDF1E31E3F8001A25D7 /* Eureka.framework */; };
		A4A66CE11E31E3F8001A25D7 /* Eureka.framework in Embed Frameworks */ = {isa = PBXBuildFile; fileRef = A4A66CDF1E31E3F8001A25D7 /* Eureka.framework */; settings = {ATTRIBUTES = (CodeSignOnCopy, RemoveHeadersOnCopy, ); }; };
		A4A66CE51E31E6CB001A25D7 /* SignupController.swift in Sources */ = {isa = PBXBuildFile; fileRef = A4A66CE41E31E6CB001A25D7 /* SignupController.swift */; };
		A4A66CE71E3228D1001A25D7 /* root-ca.crt in Resources */ = {isa = PBXBuildFile; fileRef = A4A66CE61E3228D1001A25D7 /* root-ca.crt */; };
		A4A66CEF1E322B64001A25D7 /* buffer_yi.cxx in Sources */ = {isa = PBXBuildFile; fileRef = A4A66CE91E322B64001A25D7 /* buffer_yi.cxx */; };
		A4A66CF01E322B64001A25D7 /* lib_client.cxx in Sources */ = {isa = PBXBuildFile; fileRef = A4A66CEB1E322B64001A25D7 /* lib_client.cxx */; };
		A4A66CF11E322B64001A25D7 /* net_yi.cxx in Sources */ = {isa = PBXBuildFile; fileRef = A4A66CED1E322B64001A25D7 /* net_yi.cxx */; };
		A4A66D7F1E349079001A25D7 /* EAAnimationFuture.swift in Sources */ = {isa = PBXBuildFile; fileRef = A4A66D751E349079001A25D7 /* EAAnimationFuture.swift */; };
		A4A66D801E349079001A25D7 /* EasyAnimation.swift in Sources */ = {isa = PBXBuildFile; fileRef = A4A66D771E349079001A25D7 /* EasyAnimation.swift */; };
		A4A66D811E349079001A25D7 /* Info-tvOS.plist in Resources */ = {isa = PBXBuildFile; fileRef = A4A66D781E349079001A25D7 /* Info-tvOS.plist */; };
		A4A66D821E349079001A25D7 /* Info.plist in Resources */ = {isa = PBXBuildFile; fileRef = A4A66D791E349079001A25D7 /* Info.plist */; };
		A4A66D831E349079001A25D7 /* LICENSE in Resources */ = {isa = PBXBuildFile; fileRef = A4A66D7B1E349079001A25D7 /* LICENSE */; };
		A4A66D841E349079001A25D7 /* RBBBlockBasedArray.swift in Sources */ = {isa = PBXBuildFile; fileRef = A4A66D7C1E349079001A25D7 /* RBBBlockBasedArray.swift */; };
		A4A66D851E349079001A25D7 /* RBBLinearInterpolation.swift in Sources */ = {isa = PBXBuildFile; fileRef = A4A66D7D1E349079001A25D7 /* RBBLinearInterpolation.swift */; };
		A4A66D861E349079001A25D7 /* RBBSpringAnimation.swift in Sources */ = {isa = PBXBuildFile; fileRef = A4A66D7E1E349079001A25D7 /* RBBSpringAnimation.swift */; };
		A4ACAD011E2F7DC300E7BE41 /* libcrypto.a in Frameworks */ = {isa = PBXBuildFile; fileRef = A4ACACD71E2F7DC300E7BE41 /* libcrypto.a */; };
		A4ACAD021E2F7DC300E7BE41 /* libssl.a in Frameworks */ = {isa = PBXBuildFile; fileRef = A4ACACD81E2F7DC300E7BE41 /* libssl.a */; };
		A4ACAD1C1E2F80EE00E7BE41 /* libleveldb.a in Frameworks */ = {isa = PBXBuildFile; fileRef = A4ACAD141E2F80EE00E7BE41 /* libleveldb.a */; };
		A4ACAD1D1E2F80EE00E7BE41 /* libmemenv.a in Frameworks */ = {isa = PBXBuildFile; fileRef = A4ACAD151E2F80EE00E7BE41 /* libmemenv.a */; };
		A4ACAD231E2F8E5C00E7BE41 /* libev.a in Frameworks */ = {isa = PBXBuildFile; fileRef = A4ACAD221E2F8E5C00E7BE41 /* libev.a */; };
		A4F3304A1E31BDA200F2ED1B /* SwiftProtobuf.framework in Frameworks */ = {isa = PBXBuildFile; fileRef = A4F330491E31BDA200F2ED1B /* SwiftProtobuf.framework */; };
		A4F3304B1E31BDA200F2ED1B /* SwiftProtobuf.framework in Embed Frameworks */ = {isa = PBXBuildFile; fileRef = A4F330491E31BDA200F2ED1B /* SwiftProtobuf.framework */; settings = {ATTRIBUTES = (CodeSignOnCopy, RemoveHeadersOnCopy, ); }; };
/* End PBXBuildFile section */

/* Begin PBXCopyFilesBuildPhase section */
		A4F330421E31BBC500F2ED1B /* Embed Frameworks */ = {
			isa = PBXCopyFilesBuildPhase;
			buildActionMask = 2147483647;
			dstPath = "";
			dstSubfolderSpec = 10;
			files = (
				23BBE2AA1E33B7340097E2F0 /* Stellar.framework in Embed Frameworks */,
				2344E53C1E332C5900867A71 /* Device.framework in Embed Frameworks */,
				2344E5591E33433700867A71 /* Diff.framework in Embed Frameworks */,
				2344E53E1E332C5900867A71 /* EasyTipView.framework in Embed Frameworks */,
				2344E5421E332C5900867A71 /* Format.framework in Embed Frameworks */,
				2344E5561E332C5900867A71 /* Whisper.framework in Embed Frameworks */,
				2344E5501E332C5900867A71 /* SwiftyAttributes.framework in Embed Frameworks */,
				2344E5461E332C5900867A71 /* LTMorphingLabel.framework in Embed Frameworks */,
				2344E5401E332C5900867A71 /* FillableLoaders.framework in Embed Frameworks */,
				2344E54C1E332C5900867A71 /* ReactiveKit.framework in Embed Frameworks */,
				A4F3304B1E31BDA200F2ED1B /* SwiftProtobuf.framework in Embed Frameworks */,
				2344E5481E332C5900867A71 /* NavigationStack.framework in Embed Frameworks */,
				23BBE2A71E33B6F10097E2F0 /* Interpolate.framework in Embed Frameworks */,
				2344E54E1E332C5900867A71 /* SnapKit.framework in Embed Frameworks */,
				2344E5521E332C5900867A71 /* SwiftyBeaver.framework in Embed Frameworks */,
				2344E5541E332C5900867A71 /* SwiftyTimer.framework in Embed Frameworks */,
				2344E5381E332C5900867A71 /* ActiveLabel.framework in Embed Frameworks */,
				A4A66CE11E31E3F8001A25D7 /* Eureka.framework in Embed Frameworks */,
				23BBE2AD1E33C5A80097E2F0 /* DynamicColor.framework in Embed Frameworks */,
				2344E54A1E332C5900867A71 /* PhoneNumberKit.framework in Embed Frameworks */,
				2344E53A1E332C5900867A71 /* Bond.framework in Embed Frameworks */,
			);
			name = "Embed Frameworks";
			runOnlyForDeploymentPostprocessing = 0;
		};
/* End PBXCopyFilesBuildPhase section */

/* Begin PBXFileReference section */
		2344E4811E2FDAE900867A71 /* typemap.h */ = {isa = PBXFileReference; lastKnownFileType = sourcecode.c.h; path = typemap.h; sourceTree = "<group>"; };
		2344E4841E313A6B00867A71 /* chat_message.pb.swift */ = {isa = PBXFileReference; fileEncoding = 4; lastKnownFileType = sourcecode.swift; path = chat_message.pb.swift; sourceTree = "<group>"; };
		2344E5271E332C5900867A71 /* ActiveLabel.framework */ = {isa = PBXFileReference; lastKnownFileType = wrapper.framework; name = ActiveLabel.framework; path = Carthage/Build/iOS/ActiveLabel.framework; sourceTree = "<group>"; };
		2344E5281E332C5900867A71 /* Bond.framework */ = {isa = PBXFileReference; lastKnownFileType = wrapper.framework; name = Bond.framework; path = Carthage/Build/iOS/Bond.framework; sourceTree = "<group>"; };
		2344E5291E332C5900867A71 /* Device.framework */ = {isa = PBXFileReference; lastKnownFileType = wrapper.framework; name = Device.framework; path = Carthage/Build/iOS/Device.framework; sourceTree = "<group>"; };
		2344E52A1E332C5900867A71 /* EasyTipView.framework */ = {isa = PBXFileReference; lastKnownFileType = wrapper.framework; name = EasyTipView.framework; path = Carthage/Build/iOS/EasyTipView.framework; sourceTree = "<group>"; };
		2344E52B1E332C5900867A71 /* FillableLoaders.framework */ = {isa = PBXFileReference; lastKnownFileType = wrapper.framework; name = FillableLoaders.framework; path = Carthage/Build/iOS/FillableLoaders.framework; sourceTree = "<group>"; };
		2344E52C1E332C5900867A71 /* Format.framework */ = {isa = PBXFileReference; lastKnownFileType = wrapper.framework; name = Format.framework; path = Carthage/Build/iOS/Format.framework; sourceTree = "<group>"; };
		2344E52E1E332C5900867A71 /* LTMorphingLabel.framework */ = {isa = PBXFileReference; lastKnownFileType = wrapper.framework; name = LTMorphingLabel.framework; path = Carthage/Build/iOS/LTMorphingLabel.framework; sourceTree = "<group>"; };
		2344E52F1E332C5900867A71 /* NavigationStack.framework */ = {isa = PBXFileReference; lastKnownFileType = wrapper.framework; name = NavigationStack.framework; path = Carthage/Build/iOS/NavigationStack.framework; sourceTree = "<group>"; };
		2344E5301E332C5900867A71 /* PhoneNumberKit.framework */ = {isa = PBXFileReference; lastKnownFileType = wrapper.framework; name = PhoneNumberKit.framework; path = Carthage/Build/iOS/PhoneNumberKit.framework; sourceTree = "<group>"; };
		2344E5311E332C5900867A71 /* ReactiveKit.framework */ = {isa = PBXFileReference; lastKnownFileType = wrapper.framework; name = ReactiveKit.framework; path = Carthage/Build/iOS/ReactiveKit.framework; sourceTree = "<group>"; };
		2344E5321E332C5900867A71 /* SnapKit.framework */ = {isa = PBXFileReference; lastKnownFileType = wrapper.framework; name = SnapKit.framework; path = Carthage/Build/iOS/SnapKit.framework; sourceTree = "<group>"; };
		2344E5331E332C5900867A71 /* SwiftyAttributes.framework */ = {isa = PBXFileReference; lastKnownFileType = wrapper.framework; name = SwiftyAttributes.framework; path = Carthage/Build/iOS/SwiftyAttributes.framework; sourceTree = "<group>"; };
		2344E5341E332C5900867A71 /* SwiftyBeaver.framework */ = {isa = PBXFileReference; lastKnownFileType = wrapper.framework; name = SwiftyBeaver.framework; path = Carthage/Build/iOS/SwiftyBeaver.framework; sourceTree = "<group>"; };
		2344E5351E332C5900867A71 /* SwiftyTimer.framework */ = {isa = PBXFileReference; lastKnownFileType = wrapper.framework; name = SwiftyTimer.framework; path = Carthage/Build/iOS/SwiftyTimer.framework; sourceTree = "<group>"; };
		2344E5361E332C5900867A71 /* Whisper.framework */ = {isa = PBXFileReference; lastKnownFileType = wrapper.framework; name = Whisper.framework; path = Carthage/Build/iOS/Whisper.framework; sourceTree = "<group>"; };
		2344E5571E33433700867A71 /* Diff.framework */ = {isa = PBXFileReference; lastKnownFileType = wrapper.framework; name = Diff.framework; path = Carthage/Build/iOS/Diff.framework; sourceTree = "<group>"; };
		23BBE2A51E33B6F10097E2F0 /* Interpolate.framework */ = {isa = PBXFileReference; lastKnownFileType = wrapper.framework; name = Interpolate.framework; path = Carthage/Build/iOS/Interpolate.framework; sourceTree = "<group>"; };
		23BBE2A81E33B7340097E2F0 /* Stellar.framework */ = {isa = PBXFileReference; lastKnownFileType = wrapper.framework; name = Stellar.framework; path = Carthage/Build/iOS/Stellar.framework; sourceTree = "<group>"; };
		23BBE2AB1E33C5A80097E2F0 /* DynamicColor.framework */ = {isa = PBXFileReference; lastKnownFileType = wrapper.framework; name = DynamicColor.framework; path = Carthage/Build/iOS/DynamicColor.framework; sourceTree = "<group>"; };
		A402B7341E2DF84200DA2C56 /* heibaiyu.app */ = {isa = PBXFileReference; explicitFileType = wrapper.application; includeInIndex = 0; path = heibaiyu.app; sourceTree = BUILT_PRODUCTS_DIR; };
		A402B7371E2DF84200DA2C56 /* AppDelegate.swift */ = {isa = PBXFileReference; lastKnownFileType = sourcecode.swift; path = AppDelegate.swift; sourceTree = "<group>"; };
		A402B7391E2DF84200DA2C56 /* ViewController.swift */ = {isa = PBXFileReference; lastKnownFileType = sourcecode.swift; path = ViewController.swift; sourceTree = "<group>"; };
		A402B73C1E2DF84200DA2C56 /* Base */ = {isa = PBXFileReference; lastKnownFileType = file.storyboard; name = Base; path = Base.lproj/Main.storyboard; sourceTree = "<group>"; };
		A402B73E1E2DF84200DA2C56 /* Assets.xcassets */ = {isa = PBXFileReference; lastKnownFileType = folder.assetcatalog; path = Assets.xcassets; sourceTree = "<group>"; };
		A402B7411E2DF84200DA2C56 /* Base */ = {isa = PBXFileReference; lastKnownFileType = file.storyboard; name = Base; path = Base.lproj/LaunchScreen.storyboard; sourceTree = "<group>"; };
		A402B7431E2DF84200DA2C56 /* Info.plist */ = {isa = PBXFileReference; lastKnownFileType = text.plist.xml; path = Info.plist; sourceTree = "<group>"; };
		A4A66CDD1E31E36A001A25D7 /* main.m */ = {isa = PBXFileReference; fileEncoding = 4; lastKnownFileType = sourcecode.c.objc; path = main.m; sourceTree = "<group>"; };
		A4A66CDF1E31E3F8001A25D7 /* Eureka.framework */ = {isa = PBXFileReference; lastKnownFileType = wrapper.framework; name = Eureka.framework; path = Carthage/Build/iOS/Eureka.framework; sourceTree = "<group>"; };
		A4A66CE41E31E6CB001A25D7 /* SignupController.swift */ = {isa = PBXFileReference; fileEncoding = 4; lastKnownFileType = sourcecode.swift; path = SignupController.swift; sourceTree = "<group>"; };
		A4A66CE61E3228D1001A25D7 /* root-ca.crt */ = {isa = PBXFileReference; fileEncoding = 4; lastKnownFileType = text; path = "root-ca.crt"; sourceTree = "<group>"; };
		A4A66CE91E322B64001A25D7 /* buffer_yi.cxx */ = {isa = PBXFileReference; fileEncoding = 4; lastKnownFileType = sourcecode.cpp.cpp; path = buffer_yi.cxx; sourceTree = "<group>"; };
		A4A66CEA1E322B64001A25D7 /* buffer_yi.h */ = {isa = PBXFileReference; fileEncoding = 4; lastKnownFileType = sourcecode.c.h; path = buffer_yi.h; sourceTree = "<group>"; };
		A4A66CEB1E322B64001A25D7 /* lib_client.cxx */ = {isa = PBXFileReference; fileEncoding = 4; lastKnownFileType = sourcecode.cpp.cpp; path = lib_client.cxx; sourceTree = "<group>"; };
		A4A66CEC1E322B64001A25D7 /* lib_client.h */ = {isa = PBXFileReference; fileEncoding = 4; lastKnownFileType = sourcecode.c.h; path = lib_client.h; sourceTree = "<group>"; };
		A4A66CED1E322B64001A25D7 /* net_yi.cxx */ = {isa = PBXFileReference; fileEncoding = 4; lastKnownFileType = sourcecode.cpp.cpp; path = net_yi.cxx; sourceTree = "<group>"; };
		A4A66CEE1E322B64001A25D7 /* net_yi.h */ = {isa = PBXFileReference; fileEncoding = 4; lastKnownFileType = sourcecode.c.h; path = net_yi.h; sourceTree = "<group>"; };
		A4A66D751E349079001A25D7 /* EAAnimationFuture.swift */ = {isa = PBXFileReference; fileEncoding = 4; lastKnownFileType = sourcecode.swift; path = EAAnimationFuture.swift; sourceTree = "<group>"; };
		A4A66D761E349079001A25D7 /* EasyAnimation.h */ = {isa = PBXFileReference; fileEncoding = 4; lastKnownFileType = sourcecode.c.h; path = EasyAnimation.h; sourceTree = "<group>"; };
		A4A66D771E349079001A25D7 /* EasyAnimation.swift */ = {isa = PBXFileReference; fileEncoding = 4; lastKnownFileType = sourcecode.swift; path = EasyAnimation.swift; sourceTree = "<group>"; };
		A4A66D781E349079001A25D7 /* Info-tvOS.plist */ = {isa = PBXFileReference; fileEncoding = 4; lastKnownFileType = text.plist.xml; path = "Info-tvOS.plist"; sourceTree = "<group>"; };
		A4A66D791E349079001A25D7 /* Info.plist */ = {isa = PBXFileReference; fileEncoding = 4; lastKnownFileType = text.plist.xml; path = Info.plist; sourceTree = "<group>"; };
		A4A66D7B1E349079001A25D7 /* LICENSE */ = {isa = PBXFileReference; fileEncoding = 4; lastKnownFileType = text; path = LICENSE; sourceTree = "<group>"; };
		A4A66D7C1E349079001A25D7 /* RBBBlockBasedArray.swift */ = {isa = PBXFileReference; fileEncoding = 4; lastKnownFileType = sourcecode.swift; path = RBBBlockBasedArray.swift; sourceTree = "<group>"; };
		A4A66D7D1E349079001A25D7 /* RBBLinearInterpolation.swift */ = {isa = PBXFileReference; fileEncoding = 4; lastKnownFileType = sourcecode.swift; path = RBBLinearInterpolation.swift; sourceTree = "<group>"; };
		A4A66D7E1E349079001A25D7 /* RBBSpringAnimation.swift */ = {isa = PBXFileReference; fileEncoding = 4; lastKnownFileType = sourcecode.swift; path = RBBSpringAnimation.swift; sourceTree = "<group>"; };
		A4ACAC3A1E2F6BE800E7BE41 /* macro.h */ = {isa = PBXFileReference; fileEncoding = 4; lastKnownFileType = sourcecode.c.h; path = macro.h; sourceTree = "<group>"; };
		A4ACACB31E2F7DC300E7BE41 /* aes.h */ = {isa = PBXFileReference; fileEncoding = 4; lastKnownFileType = sourcecode.c.h; path = aes.h; sourceTree = "<group>"; };
		A4ACACB41E2F7DC300E7BE41 /* asn1.h */ = {isa = PBXFileReference; fileEncoding = 4; lastKnownFileType = sourcecode.c.h; path = asn1.h; sourceTree = "<group>"; };
		A4ACACB51E2F7DC300E7BE41 /* asn1_mac.h */ = {isa = PBXFileReference; fileEncoding = 4; lastKnownFileType = sourcecode.c.h; path = asn1_mac.h; sourceTree = "<group>"; };
		A4ACACB61E2F7DC300E7BE41 /* asn1t.h */ = {isa = PBXFileReference; fileEncoding = 4; lastKnownFileType = sourcecode.c.h; path = asn1t.h; sourceTree = "<group>"; };
		A4ACACB71E2F7DC300E7BE41 /* bio.h */ = {isa = PBXFileReference; fileEncoding = 4; lastKnownFileType = sourcecode.c.h; path = bio.h; sourceTree = "<group>"; };
		A4ACACB81E2F7DC300E7BE41 /* blowfish.h */ = {isa = PBXFileReference; fileEncoding = 4; lastKnownFileType = sourcecode.c.h; path = blowfish.h; sourceTree = "<group>"; };
		A4ACACB91E2F7DC300E7BE41 /* bn.h */ = {isa = PBXFileReference; fileEncoding = 4; lastKnownFileType = sourcecode.c.h; path = bn.h; sourceTree = "<group>"; };
		A4ACACBA1E2F7DC300E7BE41 /* buffer.h */ = {isa = PBXFileReference; fileEncoding = 4; lastKnownFileType = sourcecode.c.h; path = buffer.h; sourceTree = "<group>"; };
		A4ACACBB1E2F7DC300E7BE41 /* camellia.h */ = {isa = PBXFileReference; fileEncoding = 4; lastKnownFileType = sourcecode.c.h; path = camellia.h; sourceTree = "<group>"; };
		A4ACACBC1E2F7DC300E7BE41 /* cast.h */ = {isa = PBXFileReference; fileEncoding = 4; lastKnownFileType = sourcecode.c.h; path = cast.h; sourceTree = "<group>"; };
		A4ACACBD1E2F7DC300E7BE41 /* cmac.h */ = {isa = PBXFileReference; fileEncoding = 4; lastKnownFileType = sourcecode.c.h; path = cmac.h; sourceTree = "<group>"; };
		A4ACACBE1E2F7DC300E7BE41 /* cms.h */ = {isa = PBXFileReference; fileEncoding = 4; lastKnownFileType = sourcecode.c.h; path = cms.h; sourceTree = "<group>"; };
		A4ACACBF1E2F7DC300E7BE41 /* comp.h */ = {isa = PBXFileReference; fileEncoding = 4; lastKnownFileType = sourcecode.c.h; path = comp.h; sourceTree = "<group>"; };
		A4ACACC01E2F7DC300E7BE41 /* conf.h */ = {isa = PBXFileReference; fileEncoding = 4; lastKnownFileType = sourcecode.c.h; path = conf.h; sourceTree = "<group>"; };
		A4ACACC11E2F7DC300E7BE41 /* conf_api.h */ = {isa = PBXFileReference; fileEncoding = 4; lastKnownFileType = sourcecode.c.h; path = conf_api.h; sourceTree = "<group>"; };
		A4ACACC21E2F7DC300E7BE41 /* crypto.h */ = {isa = PBXFileReference; fileEncoding = 4; lastKnownFileType = sourcecode.c.h; path = crypto.h; sourceTree = "<group>"; };
		A4ACACC31E2F7DC300E7BE41 /* des.h */ = {isa = PBXFileReference; fileEncoding = 4; lastKnownFileType = sourcecode.c.h; path = des.h; sourceTree = "<group>"; };
		A4ACACC41E2F7DC300E7BE41 /* des_old.h */ = {isa = PBXFileReference; fileEncoding = 4; lastKnownFileType = sourcecode.c.h; path = des_old.h; sourceTree = "<group>"; };
		A4ACACC51E2F7DC300E7BE41 /* dh.h */ = {isa = PBXFileReference; fileEncoding = 4; lastKnownFileType = sourcecode.c.h; path = dh.h; sourceTree = "<group>"; };
		A4ACACC61E2F7DC300E7BE41 /* dsa.h */ = {isa = PBXFileReference; fileEncoding = 4; lastKnownFileType = sourcecode.c.h; path = dsa.h; sourceTree = "<group>"; };
		A4ACACC71E2F7DC300E7BE41 /* dso.h */ = {isa = PBXFileReference; fileEncoding = 4; lastKnownFileType = sourcecode.c.h; path = dso.h; sourceTree = "<group>"; };
		A4ACACC81E2F7DC300E7BE41 /* dtls1.h */ = {isa = PBXFileReference; fileEncoding = 4; lastKnownFileType = sourcecode.c.h; path = dtls1.h; sourceTree = "<group>"; };
		A4ACACC91E2F7DC300E7BE41 /* e_os2.h */ = {isa = PBXFileReference; fileEncoding = 4; lastKnownFileType = sourcecode.c.h; path = e_os2.h; sourceTree = "<group>"; };
		A4ACACCA1E2F7DC300E7BE41 /* ebcdic.h */ = {isa = PBXFileReference; fileEncoding = 4; lastKnownFileType = sourcecode.c.h; path = ebcdic.h; sourceTree = "<group>"; };
		A4ACACCB1E2F7DC300E7BE41 /* ec.h */ = {isa = PBXFileReference; fileEncoding = 4; lastKnownFileType = sourcecode.c.h; path = ec.h; sourceTree = "<group>"; };
		A4ACACCC1E2F7DC300E7BE41 /* ecdh.h */ = {isa = PBXFileReference; fileEncoding = 4; lastKnownFileType = sourcecode.c.h; path = ecdh.h; sourceTree = "<group>"; };
		A4ACACCD1E2F7DC300E7BE41 /* ecdsa.h */ = {isa = PBXFileReference; fileEncoding = 4; lastKnownFileType = sourcecode.c.h; path = ecdsa.h; sourceTree = "<group>"; };
		A4ACACCE1E2F7DC300E7BE41 /* engine.h */ = {isa = PBXFileReference; fileEncoding = 4; lastKnownFileType = sourcecode.c.h; path = engine.h; sourceTree = "<group>"; };
		A4ACACCF1E2F7DC300E7BE41 /* err.h */ = {isa = PBXFileReference; fileEncoding = 4; lastKnownFileType = sourcecode.c.h; path = err.h; sourceTree = "<group>"; };
		A4ACACD01E2F7DC300E7BE41 /* evp.h */ = {isa = PBXFileReference; fileEncoding = 4; lastKnownFileType = sourcecode.c.h; path = evp.h; sourceTree = "<group>"; };
		A4ACACD11E2F7DC300E7BE41 /* hmac.h */ = {isa = PBXFileReference; fileEncoding = 4; lastKnownFileType = sourcecode.c.h; path = hmac.h; sourceTree = "<group>"; };
		A4ACACD21E2F7DC300E7BE41 /* idea.h */ = {isa = PBXFileReference; fileEncoding = 4; lastKnownFileType = sourcecode.c.h; path = idea.h; sourceTree = "<group>"; };
		A4ACACD31E2F7DC300E7BE41 /* krb5_asn.h */ = {isa = PBXFileReference; fileEncoding = 4; lastKnownFileType = sourcecode.c.h; path = krb5_asn.h; sourceTree = "<group>"; };
		A4ACACD41E2F7DC300E7BE41 /* kssl.h */ = {isa = PBXFileReference; fileEncoding = 4; lastKnownFileType = sourcecode.c.h; path = kssl.h; sourceTree = "<group>"; };
		A4ACACD51E2F7DC300E7BE41 /* lhash.h */ = {isa = PBXFileReference; fileEncoding = 4; lastKnownFileType = sourcecode.c.h; path = lhash.h; sourceTree = "<group>"; };
		A4ACACD71E2F7DC300E7BE41 /* libcrypto.a */ = {isa = PBXFileReference; lastKnownFileType = archive.ar; path = libcrypto.a; sourceTree = "<group>"; };
		A4ACACD81E2F7DC300E7BE41 /* libssl.a */ = {isa = PBXFileReference; lastKnownFileType = archive.ar; path = libssl.a; sourceTree = "<group>"; };
		A4ACACD91E2F7DC300E7BE41 /* md4.h */ = {isa = PBXFileReference; fileEncoding = 4; lastKnownFileType = sourcecode.c.h; path = md4.h; sourceTree = "<group>"; };
		A4ACACDA1E2F7DC300E7BE41 /* md5.h */ = {isa = PBXFileReference; fileEncoding = 4; lastKnownFileType = sourcecode.c.h; path = md5.h; sourceTree = "<group>"; };
		A4ACACDB1E2F7DC300E7BE41 /* mdc2.h */ = {isa = PBXFileReference; fileEncoding = 4; lastKnownFileType = sourcecode.c.h; path = mdc2.h; sourceTree = "<group>"; };
		A4ACACDC1E2F7DC300E7BE41 /* modes.h */ = {isa = PBXFileReference; fileEncoding = 4; lastKnownFileType = sourcecode.c.h; path = modes.h; sourceTree = "<group>"; };
		A4ACACDD1E2F7DC300E7BE41 /* obj_mac.h */ = {isa = PBXFileReference; fileEncoding = 4; lastKnownFileType = sourcecode.c.h; path = obj_mac.h; sourceTree = "<group>"; };
		A4ACACDE1E2F7DC300E7BE41 /* objects.h */ = {isa = PBXFileReference; fileEncoding = 4; lastKnownFileType = sourcecode.c.h; path = objects.h; sourceTree = "<group>"; };
		A4ACACDF1E2F7DC300E7BE41 /* ocsp.h */ = {isa = PBXFileReference; fileEncoding = 4; lastKnownFileType = sourcecode.c.h; path = ocsp.h; sourceTree = "<group>"; };
		A4ACACE01E2F7DC300E7BE41 /* opensslconf.h */ = {isa = PBXFileReference; fileEncoding = 4; lastKnownFileType = sourcecode.c.h; path = opensslconf.h; sourceTree = "<group>"; };
		A4ACACE11E2F7DC300E7BE41 /* opensslv.h */ = {isa = PBXFileReference; fileEncoding = 4; lastKnownFileType = sourcecode.c.h; path = opensslv.h; sourceTree = "<group>"; };
		A4ACACE21E2F7DC300E7BE41 /* ossl_typ.h */ = {isa = PBXFileReference; fileEncoding = 4; lastKnownFileType = sourcecode.c.h; path = ossl_typ.h; sourceTree = "<group>"; };
		A4ACACE31E2F7DC300E7BE41 /* pem.h */ = {isa = PBXFileReference; fileEncoding = 4; lastKnownFileType = sourcecode.c.h; path = pem.h; sourceTree = "<group>"; };
		A4ACACE41E2F7DC300E7BE41 /* pem2.h */ = {isa = PBXFileReference; fileEncoding = 4; lastKnownFileType = sourcecode.c.h; path = pem2.h; sourceTree = "<group>"; };
		A4ACACE51E2F7DC300E7BE41 /* pkcs12.h */ = {isa = PBXFileReference; fileEncoding = 4; lastKnownFileType = sourcecode.c.h; path = pkcs12.h; sourceTree = "<group>"; };
		A4ACACE61E2F7DC300E7BE41 /* pkcs7.h */ = {isa = PBXFileReference; fileEncoding = 4; lastKnownFileType = sourcecode.c.h; path = pkcs7.h; sourceTree = "<group>"; };
		A4ACACE71E2F7DC300E7BE41 /* pqueue.h */ = {isa = PBXFileReference; fileEncoding = 4; lastKnownFileType = sourcecode.c.h; path = pqueue.h; sourceTree = "<group>"; };
		A4ACACE81E2F7DC300E7BE41 /* rand.h */ = {isa = PBXFileReference; fileEncoding = 4; lastKnownFileType = sourcecode.c.h; path = rand.h; sourceTree = "<group>"; };
		A4ACACE91E2F7DC300E7BE41 /* rc2.h */ = {isa = PBXFileReference; fileEncoding = 4; lastKnownFileType = sourcecode.c.h; path = rc2.h; sourceTree = "<group>"; };
		A4ACACEA1E2F7DC300E7BE41 /* rc4.h */ = {isa = PBXFileReference; fileEncoding = 4; lastKnownFileType = sourcecode.c.h; path = rc4.h; sourceTree = "<group>"; };
		A4ACACEB1E2F7DC300E7BE41 /* ripemd.h */ = {isa = PBXFileReference; fileEncoding = 4; lastKnownFileType = sourcecode.c.h; path = ripemd.h; sourceTree = "<group>"; };
		A4ACACEC1E2F7DC300E7BE41 /* rsa.h */ = {isa = PBXFileReference; fileEncoding = 4; lastKnownFileType = sourcecode.c.h; path = rsa.h; sourceTree = "<group>"; };
		A4ACACED1E2F7DC300E7BE41 /* safestack.h */ = {isa = PBXFileReference; fileEncoding = 4; lastKnownFileType = sourcecode.c.h; path = safestack.h; sourceTree = "<group>"; };
		A4ACACEE1E2F7DC300E7BE41 /* seed.h */ = {isa = PBXFileReference; fileEncoding = 4; lastKnownFileType = sourcecode.c.h; path = seed.h; sourceTree = "<group>"; };
		A4ACACEF1E2F7DC300E7BE41 /* sha.h */ = {isa = PBXFileReference; fileEncoding = 4; lastKnownFileType = sourcecode.c.h; path = sha.h; sourceTree = "<group>"; };
		A4ACACF01E2F7DC300E7BE41 /* srp.h */ = {isa = PBXFileReference; fileEncoding = 4; lastKnownFileType = sourcecode.c.h; path = srp.h; sourceTree = "<group>"; };
		A4ACACF11E2F7DC300E7BE41 /* srtp.h */ = {isa = PBXFileReference; fileEncoding = 4; lastKnownFileType = sourcecode.c.h; path = srtp.h; sourceTree = "<group>"; };
		A4ACACF21E2F7DC300E7BE41 /* ssl.h */ = {isa = PBXFileReference; fileEncoding = 4; lastKnownFileType = sourcecode.c.h; path = ssl.h; sourceTree = "<group>"; };
		A4ACACF31E2F7DC300E7BE41 /* ssl2.h */ = {isa = PBXFileReference; fileEncoding = 4; lastKnownFileType = sourcecode.c.h; path = ssl2.h; sourceTree = "<group>"; };
		A4ACACF41E2F7DC300E7BE41 /* ssl23.h */ = {isa = PBXFileReference; fileEncoding = 4; lastKnownFileType = sourcecode.c.h; path = ssl23.h; sourceTree = "<group>"; };
		A4ACACF51E2F7DC300E7BE41 /* ssl3.h */ = {isa = PBXFileReference; fileEncoding = 4; lastKnownFileType = sourcecode.c.h; path = ssl3.h; sourceTree = "<group>"; };
		A4ACACF61E2F7DC300E7BE41 /* stack.h */ = {isa = PBXFileReference; fileEncoding = 4; lastKnownFileType = sourcecode.c.h; path = stack.h; sourceTree = "<group>"; };
		A4ACACF71E2F7DC300E7BE41 /* symhacks.h */ = {isa = PBXFileReference; fileEncoding = 4; lastKnownFileType = sourcecode.c.h; path = symhacks.h; sourceTree = "<group>"; };
		A4ACACF81E2F7DC300E7BE41 /* tls1.h */ = {isa = PBXFileReference; fileEncoding = 4; lastKnownFileType = sourcecode.c.h; path = tls1.h; sourceTree = "<group>"; };
		A4ACACF91E2F7DC300E7BE41 /* ts.h */ = {isa = PBXFileReference; fileEncoding = 4; lastKnownFileType = sourcecode.c.h; path = ts.h; sourceTree = "<group>"; };
		A4ACACFA1E2F7DC300E7BE41 /* txt_db.h */ = {isa = PBXFileReference; fileEncoding = 4; lastKnownFileType = sourcecode.c.h; path = txt_db.h; sourceTree = "<group>"; };
		A4ACACFB1E2F7DC300E7BE41 /* ui.h */ = {isa = PBXFileReference; fileEncoding = 4; lastKnownFileType = sourcecode.c.h; path = ui.h; sourceTree = "<group>"; };
		A4ACACFC1E2F7DC300E7BE41 /* ui_compat.h */ = {isa = PBXFileReference; fileEncoding = 4; lastKnownFileType = sourcecode.c.h; path = ui_compat.h; sourceTree = "<group>"; };
		A4ACACFD1E2F7DC300E7BE41 /* whrlpool.h */ = {isa = PBXFileReference; fileEncoding = 4; lastKnownFileType = sourcecode.c.h; path = whrlpool.h; sourceTree = "<group>"; };
		A4ACACFE1E2F7DC300E7BE41 /* x509.h */ = {isa = PBXFileReference; fileEncoding = 4; lastKnownFileType = sourcecode.c.h; path = x509.h; sourceTree = "<group>"; };
		A4ACACFF1E2F7DC300E7BE41 /* x509_vfy.h */ = {isa = PBXFileReference; fileEncoding = 4; lastKnownFileType = sourcecode.c.h; path = x509_vfy.h; sourceTree = "<group>"; };
		A4ACAD001E2F7DC300E7BE41 /* x509v3.h */ = {isa = PBXFileReference; fileEncoding = 4; lastKnownFileType = sourcecode.c.h; path = x509v3.h; sourceTree = "<group>"; };
		A4ACAD041E2F7F3300E7BE41 /* ev++.h */ = {isa = PBXFileReference; fileEncoding = 4; lastKnownFileType = sourcecode.c.h; path = "ev++.h"; sourceTree = "<group>"; };
		A4ACAD051E2F7F3300E7BE41 /* ev.h */ = {isa = PBXFileReference; fileEncoding = 4; lastKnownFileType = sourcecode.c.h; path = ev.h; sourceTree = "<group>"; };
		A4ACAD061E2F7F3300E7BE41 /* event.h */ = {isa = PBXFileReference; fileEncoding = 4; lastKnownFileType = sourcecode.c.h; path = event.h; sourceTree = "<group>"; };
		A4ACAD0B1E2F80EE00E7BE41 /* c.h */ = {isa = PBXFileReference; fileEncoding = 4; lastKnownFileType = sourcecode.c.h; path = c.h; sourceTree = "<group>"; };
		A4ACAD0C1E2F80EE00E7BE41 /* cache.h */ = {isa = PBXFileReference; fileEncoding = 4; lastKnownFileType = sourcecode.c.h; path = cache.h; sourceTree = "<group>"; };
		A4ACAD0D1E2F80EE00E7BE41 /* comparator.h */ = {isa = PBXFileReference; fileEncoding = 4; lastKnownFileType = sourcecode.c.h; path = comparator.h; sourceTree = "<group>"; };
		A4ACAD0E1E2F80EE00E7BE41 /* db.h */ = {isa = PBXFileReference; fileEncoding = 4; lastKnownFileType = sourcecode.c.h; path = db.h; sourceTree = "<group>"; };
		A4ACAD0F1E2F80EE00E7BE41 /* dumpfile.h */ = {isa = PBXFileReference; fileEncoding = 4; lastKnownFileType = sourcecode.c.h; path = dumpfile.h; sourceTree = "<group>"; };
		A4ACAD101E2F80EE00E7BE41 /* env.h */ = {isa = PBXFileReference; fileEncoding = 4; lastKnownFileType = sourcecode.c.h; path = env.h; sourceTree = "<group>"; };
		A4ACAD111E2F80EE00E7BE41 /* filter_policy.h */ = {isa = PBXFileReference; fileEncoding = 4; lastKnownFileType = sourcecode.c.h; path = filter_policy.h; sourceTree = "<group>"; };
		A4ACAD121E2F80EE00E7BE41 /* iterator.h */ = {isa = PBXFileReference; fileEncoding = 4; lastKnownFileType = sourcecode.c.h; path = iterator.h; sourceTree = "<group>"; };
		A4ACAD141E2F80EE00E7BE41 /* libleveldb.a */ = {isa = PBXFileReference; lastKnownFileType = archive.ar; path = libleveldb.a; sourceTree = "<group>"; };
		A4ACAD151E2F80EE00E7BE41 /* libmemenv.a */ = {isa = PBXFileReference; lastKnownFileType = archive.ar; path = libmemenv.a; sourceTree = "<group>"; };
		A4ACAD161E2F80EE00E7BE41 /* options.h */ = {isa = PBXFileReference; fileEncoding = 4; lastKnownFileType = sourcecode.c.h; path = options.h; sourceTree = "<group>"; };
		A4ACAD171E2F80EE00E7BE41 /* slice.h */ = {isa = PBXFileReference; fileEncoding = 4; lastKnownFileType = sourcecode.c.h; path = slice.h; sourceTree = "<group>"; };
		A4ACAD181E2F80EE00E7BE41 /* status.h */ = {isa = PBXFileReference; fileEncoding = 4; lastKnownFileType = sourcecode.c.h; path = status.h; sourceTree = "<group>"; };
		A4ACAD191E2F80EE00E7BE41 /* table.h */ = {isa = PBXFileReference; fileEncoding = 4; lastKnownFileType = sourcecode.c.h; path = table.h; sourceTree = "<group>"; };
		A4ACAD1A1E2F80EE00E7BE41 /* table_builder.h */ = {isa = PBXFileReference; fileEncoding = 4; lastKnownFileType = sourcecode.c.h; path = table_builder.h; sourceTree = "<group>"; };
		A4ACAD1B1E2F80EE00E7BE41 /* write_batch.h */ = {isa = PBXFileReference; fileEncoding = 4; lastKnownFileType = sourcecode.c.h; path = write_batch.h; sourceTree = "<group>"; };
		A4ACAD221E2F8E5C00E7BE41 /* libev.a */ = {isa = PBXFileReference; lastKnownFileType = archive.ar; path = libev.a; sourceTree = "<group>"; };
		A4F330491E31BDA200F2ED1B /* SwiftProtobuf.framework */ = {isa = PBXFileReference; lastKnownFileType = wrapper.framework; name = SwiftProtobuf.framework; path = Carthage/Build/iOS/SwiftProtobuf.framework; sourceTree = "<group>"; };
/* End PBXFileReference section */

/* Begin PBXFrameworksBuildPhase section */
		A402B7311E2DF84200DA2C56 /* Frameworks */ = {
			isa = PBXFrameworksBuildPhase;
			buildActionMask = 2147483647;
			files = (
				A4ACAD1C1E2F80EE00E7BE41 /* libleveldb.a in Frameworks */,
				2344E5511E332C5900867A71 /* SwiftyBeaver.framework in Frameworks */,
				2344E54B1E332C5900867A71 /* ReactiveKit.framework in Frameworks */,
				A4A66CE01E31E3F8001A25D7 /* Eureka.framework in Frameworks */,
				23BBE2AC1E33C5A80097E2F0 /* DynamicColor.framework in Frameworks */,
				A4F3304A1E31BDA200F2ED1B /* SwiftProtobuf.framework in Frameworks */,
				2344E5471E332C5900867A71 /* NavigationStack.framework in Frameworks */,
				2344E54F1E332C5900867A71 /* SwiftyAttributes.framework in Frameworks */,
				2344E5411E332C5900867A71 /* Format.framework in Frameworks */,
				A4ACAD231E2F8E5C00E7BE41 /* libev.a in Frameworks */,
				A4ACAD021E2F7DC300E7BE41 /* libssl.a in Frameworks */,
				2344E53B1E332C5900867A71 /* Device.framework in Frameworks */,
				A4ACAD1D1E2F80EE00E7BE41 /* libmemenv.a in Frameworks */,
				2344E5491E332C5900867A71 /* PhoneNumberKit.framework in Frameworks */,
				2344E5451E332C5900867A71 /* LTMorphingLabel.framework in Frameworks */,
				2344E5551E332C5900867A71 /* Whisper.framework in Frameworks */,
				23BBE2A91E33B7340097E2F0 /* Stellar.framework in Frameworks */,
				2344E53D1E332C5900867A71 /* EasyTipView.framework in Frameworks */,
				23BBE2A61E33B6F10097E2F0 /* Interpolate.framework in Frameworks */,
				A4ACAD011E2F7DC300E7BE41 /* libcrypto.a in Frameworks */,
				2344E5371E332C5900867A71 /* ActiveLabel.framework in Frameworks */,
				2344E5581E33433700867A71 /* Diff.framework in Frameworks */,
				2344E5531E332C5900867A71 /* SwiftyTimer.framework in Frameworks */,
				2344E53F1E332C5900867A71 /* FillableLoaders.framework in Frameworks */,
				2344E5391E332C5900867A71 /* Bond.framework in Frameworks */,
				2344E54D1E332C5900867A71 /* SnapKit.framework in Frameworks */,
			);
			runOnlyForDeploymentPostprocessing = 0;
		};
/* End PBXFrameworksBuildPhase section */

/* Begin PBXGroup section */
		2344E5211E314B6900867A71 /* framework */ = {
			isa = PBXGroup;
			children = (
				23BBE2AB1E33C5A80097E2F0 /* DynamicColor.framework */,
				23BBE2A81E33B7340097E2F0 /* Stellar.framework */,
				23BBE2A51E33B6F10097E2F0 /* Interpolate.framework */,
				2344E5271E332C5900867A71 /* ActiveLabel.framework */,
				2344E5281E332C5900867A71 /* Bond.framework */,
				2344E5571E33433700867A71 /* Diff.framework */,
				2344E5291E332C5900867A71 /* Device.framework */,
				2344E52A1E332C5900867A71 /* EasyTipView.framework */,
				2344E52B1E332C5900867A71 /* FillableLoaders.framework */,
				2344E52C1E332C5900867A71 /* Format.framework */,
				2344E52E1E332C5900867A71 /* LTMorphingLabel.framework */,
				2344E52F1E332C5900867A71 /* NavigationStack.framework */,
				2344E5301E332C5900867A71 /* PhoneNumberKit.framework */,
				2344E5311E332C5900867A71 /* ReactiveKit.framework */,
				2344E5321E332C5900867A71 /* SnapKit.framework */,
				2344E5331E332C5900867A71 /* SwiftyAttributes.framework */,
				2344E5341E332C5900867A71 /* SwiftyBeaver.framework */,
				2344E5351E332C5900867A71 /* SwiftyTimer.framework */,
				2344E5361E332C5900867A71 /* Whisper.framework */,
				A4A66CDF1E31E3F8001A25D7 /* Eureka.framework */,
				A4F330491E31BDA200F2ED1B /* SwiftProtobuf.framework */,
			);
			name = framework;
			sourceTree = "<group>";
		};
		A402B72B1E2DF84200DA2C56 = {
			isa = PBXGroup;
			children = (
				2344E5211E314B6900867A71 /* framework */,
				A4ACAC321E2F6A9E00E7BE41 /* cxx */,
				A4A303FE1E2E3D59004BF97E /* submodule */,
				A4D100A61E2E2BAA007F374C /* staticlib */,
				A402B7361E2DF84200DA2C56 /* heibaiyu */,
				A402B7351E2DF84200DA2C56 /* Products */,
			);
			sourceTree = "<group>";
		};
		A402B7351E2DF84200DA2C56 /* Products */ = {
			isa = PBXGroup;
			children = (
				A402B7341E2DF84200DA2C56 /* heibaiyu.app */,
			);
			name = Products;
			sourceTree = "<group>";
		};
		A402B7361E2DF84200DA2C56 /* heibaiyu */ = {
			isa = PBXGroup;
			children = (
				A4A66CE31E31E662001A25D7 /* user */,
				A4A66CE21E31E63C001A25D7 /* main */,
			);
			path = heibaiyu;
			sourceTree = "<group>";
		};
		A4A303FE1E2E3D59004BF97E /* submodule */ = {
			isa = PBXGroup;
			children = (
				A4A66D741E349079001A25D7 /* EasyAnimation */,
			);
			name = submodule;
			sourceTree = "<group>";
		};
		A4A66CE21E31E63C001A25D7 /* main */ = {
			isa = PBXGroup;
			children = (
				A402B73E1E2DF84200DA2C56 /* Assets.xcassets */,
				A402B7401E2DF84200DA2C56 /* LaunchScreen.storyboard */,
				A402B7431E2DF84200DA2C56 /* Info.plist */,
				2344E4841E313A6B00867A71 /* chat_message.pb.swift */,
				A402B7371E2DF84200DA2C56 /* AppDelegate.swift */,
				A402B7391E2DF84200DA2C56 /* ViewController.swift */,
				A4A66CDD1E31E36A001A25D7 /* main.m */,
				A402B73B1E2DF84200DA2C56 /* Main.storyboard */,
			);
			name = main;
			sourceTree = "<group>";
		};
		A4A66CE31E31E662001A25D7 /* user */ = {
			isa = PBXGroup;
			children = (
				A4A66CE41E31E6CB001A25D7 /* SignupController.swift */,
			);
			name = user;
			sourceTree = "<group>";
		};
		A4A66D741E349079001A25D7 /* EasyAnimation */ = {
			isa = PBXGroup;
			children = (
				A4A66D751E349079001A25D7 /* EAAnimationFuture.swift */,
				A4A66D761E349079001A25D7 /* EasyAnimation.h */,
				A4A66D771E349079001A25D7 /* EasyAnimation.swift */,
				A4A66D781E349079001A25D7 /* Info-tvOS.plist */,
				A4A66D791E349079001A25D7 /* Info.plist */,
				A4A66D7A1E349079001A25D7 /* RBBSpringAnimation */,
			);
			name = EasyAnimation;
			path = submodule/EasyAnimation/EasyAnimation;
			sourceTree = "<group>";
		};
		A4A66D7A1E349079001A25D7 /* RBBSpringAnimation */ = {
			isa = PBXGroup;
			children = (
				A4A66D7B1E349079001A25D7 /* LICENSE */,
				A4A66D7C1E349079001A25D7 /* RBBBlockBasedArray.swift */,
				A4A66D7D1E349079001A25D7 /* RBBLinearInterpolation.swift */,
				A4A66D7E1E349079001A25D7 /* RBBSpringAnimation.swift */,
			);
			path = RBBSpringAnimation;
			sourceTree = "<group>";
		};
		A4ACAC321E2F6A9E00E7BE41 /* cxx */ = {
			isa = PBXGroup;
			children = (
				A4A66CE91E322B64001A25D7 /* buffer_yi.cxx */,
				A4A66CEA1E322B64001A25D7 /* buffer_yi.h */,
				A4A66CEB1E322B64001A25D7 /* lib_client.cxx */,
				A4A66CEC1E322B64001A25D7 /* lib_client.h */,
				A4A66CED1E322B64001A25D7 /* net_yi.cxx */,
				A4A66CEE1E322B64001A25D7 /* net_yi.h */,
				2344E4811E2FDAE900867A71 /* typemap.h */,
				A4ACAC3A1E2F6BE800E7BE41 /* macro.h */,
				A4A66CE61E3228D1001A25D7 /* root-ca.crt */,
			);
			path = cxx;
			sourceTree = "<group>";
		};
		A4ACACB21E2F7DC300E7BE41 /* openssl */ = {
			isa = PBXGroup;
			children = (
				A4ACACB31E2F7DC300E7BE41 /* aes.h */,
				A4ACACB41E2F7DC300E7BE41 /* asn1.h */,
				A4ACACB51E2F7DC300E7BE41 /* asn1_mac.h */,
				A4ACACB61E2F7DC300E7BE41 /* asn1t.h */,
				A4ACACB71E2F7DC300E7BE41 /* bio.h */,
				A4ACACB81E2F7DC300E7BE41 /* blowfish.h */,
				A4ACACB91E2F7DC300E7BE41 /* bn.h */,
				A4ACACBA1E2F7DC300E7BE41 /* buffer.h */,
				A4ACACBB1E2F7DC300E7BE41 /* camellia.h */,
				A4ACACBC1E2F7DC300E7BE41 /* cast.h */,
				A4ACACBD1E2F7DC300E7BE41 /* cmac.h */,
				A4ACACBE1E2F7DC300E7BE41 /* cms.h */,
				A4ACACBF1E2F7DC300E7BE41 /* comp.h */,
				A4ACACC01E2F7DC300E7BE41 /* conf.h */,
				A4ACACC11E2F7DC300E7BE41 /* conf_api.h */,
				A4ACACC21E2F7DC300E7BE41 /* crypto.h */,
				A4ACACC31E2F7DC300E7BE41 /* des.h */,
				A4ACACC41E2F7DC300E7BE41 /* des_old.h */,
				A4ACACC51E2F7DC300E7BE41 /* dh.h */,
				A4ACACC61E2F7DC300E7BE41 /* dsa.h */,
				A4ACACC71E2F7DC300E7BE41 /* dso.h */,
				A4ACACC81E2F7DC300E7BE41 /* dtls1.h */,
				A4ACACC91E2F7DC300E7BE41 /* e_os2.h */,
				A4ACACCA1E2F7DC300E7BE41 /* ebcdic.h */,
				A4ACACCB1E2F7DC300E7BE41 /* ec.h */,
				A4ACACCC1E2F7DC300E7BE41 /* ecdh.h */,
				A4ACACCD1E2F7DC300E7BE41 /* ecdsa.h */,
				A4ACACCE1E2F7DC300E7BE41 /* engine.h */,
				A4ACACCF1E2F7DC300E7BE41 /* err.h */,
				A4ACACD01E2F7DC300E7BE41 /* evp.h */,
				A4ACACD11E2F7DC300E7BE41 /* hmac.h */,
				A4ACACD21E2F7DC300E7BE41 /* idea.h */,
				A4ACACD31E2F7DC300E7BE41 /* krb5_asn.h */,
				A4ACACD41E2F7DC300E7BE41 /* kssl.h */,
				A4ACACD51E2F7DC300E7BE41 /* lhash.h */,
				A4ACACD61E2F7DC300E7BE41 /* lib */,
				A4ACACD91E2F7DC300E7BE41 /* md4.h */,
				A4ACACDA1E2F7DC300E7BE41 /* md5.h */,
				A4ACACDB1E2F7DC300E7BE41 /* mdc2.h */,
				A4ACACDC1E2F7DC300E7BE41 /* modes.h */,
				A4ACACDD1E2F7DC300E7BE41 /* obj_mac.h */,
				A4ACACDE1E2F7DC300E7BE41 /* objects.h */,
				A4ACACDF1E2F7DC300E7BE41 /* ocsp.h */,
				A4ACACE01E2F7DC300E7BE41 /* opensslconf.h */,
				A4ACACE11E2F7DC300E7BE41 /* opensslv.h */,
				A4ACACE21E2F7DC300E7BE41 /* ossl_typ.h */,
				A4ACACE31E2F7DC300E7BE41 /* pem.h */,
				A4ACACE41E2F7DC300E7BE41 /* pem2.h */,
				A4ACACE51E2F7DC300E7BE41 /* pkcs12.h */,
				A4ACACE61E2F7DC300E7BE41 /* pkcs7.h */,
				A4ACACE71E2F7DC300E7BE41 /* pqueue.h */,
				A4ACACE81E2F7DC300E7BE41 /* rand.h */,
				A4ACACE91E2F7DC300E7BE41 /* rc2.h */,
				A4ACACEA1E2F7DC300E7BE41 /* rc4.h */,
				A4ACACEB1E2F7DC300E7BE41 /* ripemd.h */,
				A4ACACEC1E2F7DC300E7BE41 /* rsa.h */,
				A4ACACED1E2F7DC300E7BE41 /* safestack.h */,
				A4ACACEE1E2F7DC300E7BE41 /* seed.h */,
				A4ACACEF1E2F7DC300E7BE41 /* sha.h */,
				A4ACACF01E2F7DC300E7BE41 /* srp.h */,
				A4ACACF11E2F7DC300E7BE41 /* srtp.h */,
				A4ACACF21E2F7DC300E7BE41 /* ssl.h */,
				A4ACACF31E2F7DC300E7BE41 /* ssl2.h */,
				A4ACACF41E2F7DC300E7BE41 /* ssl23.h */,
				A4ACACF51E2F7DC300E7BE41 /* ssl3.h */,
				A4ACACF61E2F7DC300E7BE41 /* stack.h */,
				A4ACACF71E2F7DC300E7BE41 /* symhacks.h */,
				A4ACACF81E2F7DC300E7BE41 /* tls1.h */,
				A4ACACF91E2F7DC300E7BE41 /* ts.h */,
				A4ACACFA1E2F7DC300E7BE41 /* txt_db.h */,
				A4ACACFB1E2F7DC300E7BE41 /* ui.h */,
				A4ACACFC1E2F7DC300E7BE41 /* ui_compat.h */,
				A4ACACFD1E2F7DC300E7BE41 /* whrlpool.h */,
				A4ACACFE1E2F7DC300E7BE41 /* x509.h */,
				A4ACACFF1E2F7DC300E7BE41 /* x509_vfy.h */,
				A4ACAD001E2F7DC300E7BE41 /* x509v3.h */,
			);
			path = openssl;
			sourceTree = "<group>";
		};
		A4ACACD61E2F7DC300E7BE41 /* lib */ = {
			isa = PBXGroup;
			children = (
				A4ACACD71E2F7DC300E7BE41 /* libcrypto.a */,
				A4ACACD81E2F7DC300E7BE41 /* libssl.a */,
			);
			path = lib;
			sourceTree = "<group>";
		};
		A4ACAD031E2F7F3300E7BE41 /* libev */ = {
			isa = PBXGroup;
			children = (
				A4ACAD041E2F7F3300E7BE41 /* ev++.h */,
				A4ACAD051E2F7F3300E7BE41 /* ev.h */,
				A4ACAD061E2F7F3300E7BE41 /* event.h */,
				A4ACAD071E2F7F3300E7BE41 /* lib */,
			);
			path = libev;
			sourceTree = "<group>";
		};
		A4ACAD071E2F7F3300E7BE41 /* lib */ = {
			isa = PBXGroup;
			children = (
				A4ACAD221E2F8E5C00E7BE41 /* libev.a */,
			);
			path = lib;
			sourceTree = "<group>";
		};
		A4ACAD0A1E2F80EE00E7BE41 /* leveldb */ = {
			isa = PBXGroup;
			children = (
				A4ACAD0B1E2F80EE00E7BE41 /* c.h */,
				A4ACAD0C1E2F80EE00E7BE41 /* cache.h */,
				A4ACAD0D1E2F80EE00E7BE41 /* comparator.h */,
				A4ACAD0E1E2F80EE00E7BE41 /* db.h */,
				A4ACAD0F1E2F80EE00E7BE41 /* dumpfile.h */,
				A4ACAD101E2F80EE00E7BE41 /* env.h */,
				A4ACAD111E2F80EE00E7BE41 /* filter_policy.h */,
				A4ACAD121E2F80EE00E7BE41 /* iterator.h */,
				A4ACAD131E2F80EE00E7BE41 /* lib */,
				A4ACAD161E2F80EE00E7BE41 /* options.h */,
				A4ACAD171E2F80EE00E7BE41 /* slice.h */,
				A4ACAD181E2F80EE00E7BE41 /* status.h */,
				A4ACAD191E2F80EE00E7BE41 /* table.h */,
				A4ACAD1A1E2F80EE00E7BE41 /* table_builder.h */,
				A4ACAD1B1E2F80EE00E7BE41 /* write_batch.h */,
			);
			path = leveldb;
			sourceTree = "<group>";
		};
		A4ACAD131E2F80EE00E7BE41 /* lib */ = {
			isa = PBXGroup;
			children = (
				A4ACAD141E2F80EE00E7BE41 /* libleveldb.a */,
				A4ACAD151E2F80EE00E7BE41 /* libmemenv.a */,
			);
			path = lib;
			sourceTree = "<group>";
		};
		A4D100A61E2E2BAA007F374C /* staticlib */ = {
			isa = PBXGroup;
			children = (
				A4ACAD0A1E2F80EE00E7BE41 /* leveldb */,
				A4ACAD031E2F7F3300E7BE41 /* libev */,
				A4ACACB21E2F7DC300E7BE41 /* openssl */,
			);
			path = staticlib;
			sourceTree = "<group>";
		};
/* End PBXGroup section */

/* Begin PBXNativeTarget section */
		A402B7331E2DF84200DA2C56 /* heibaiyu */ = {
			isa = PBXNativeTarget;
			buildConfigurationList = A402B75C1E2DF84200DA2C56 /* Build configuration list for PBXNativeTarget "heibaiyu" */;
			buildPhases = (
				A402B7301E2DF84200DA2C56 /* Sources */,
				A402B7311E2DF84200DA2C56 /* Frameworks */,
				A402B7321E2DF84200DA2C56 /* Resources */,
				A4F330421E31BBC500F2ED1B /* Embed Frameworks */,
			);
			buildRules = (
			);
			dependencies = (
			);
			name = heibaiyu;
			productName = heibaiyu;
			productReference = A402B7341E2DF84200DA2C56 /* heibaiyu.app */;
			productType = "com.apple.product-type.application";
		};
/* End PBXNativeTarget section */

/* Begin PBXProject section */
		A402B72C1E2DF84200DA2C56 /* Project object */ = {
			isa = PBXProject;
			attributes = {
				LastSwiftUpdateCheck = 0820;
				LastUpgradeCheck = 0820;
				ORGANIZATIONNAME = yijian;
				TargetAttributes = {
					A402B7331E2DF84200DA2C56 = {
						CreatedOnToolsVersion = 8.2.1;
						DevelopmentTeam = WXN2XA3VYP;
						LastSwiftMigration = 0820;
						ProvisioningStyle = Automatic;
					};
				};
			};
			buildConfigurationList = A402B72F1E2DF84200DA2C56 /* Build configuration list for PBXProject "heibaiyu" */;
			compatibilityVersion = "Xcode 3.2";
			developmentRegion = English;
			hasScannedForEncodings = 0;
			knownRegions = (
				en,
				Base,
				ja,
				de,
				es,
				fr,
				he,
				it,
				"zh-Hans",
				"zh-Hant",
				nl,
			);
			mainGroup = A402B72B1E2DF84200DA2C56;
			productRefGroup = A402B7351E2DF84200DA2C56 /* Products */;
			projectDirPath = "";
			projectRoot = "";
			targets = (
				A402B7331E2DF84200DA2C56 /* heibaiyu */,
			);
		};
/* End PBXProject section */

/* Begin PBXResourcesBuildPhase section */
		A402B7321E2DF84200DA2C56 /* Resources */ = {
			isa = PBXResourcesBuildPhase;
			buildActionMask = 2147483647;
			files = (
				A4A66D811E349079001A25D7 /* Info-tvOS.plist in Resources */,
				A402B7421E2DF84200DA2C56 /* LaunchScreen.storyboard in Resources */,
				A4A66D821E349079001A25D7 /* Info.plist in Resources */,
				A4A66D831E349079001A25D7 /* LICENSE in Resources */,
				A402B73F1E2DF84200DA2C56 /* Assets.xcassets in Resources */,
				A402B73D1E2DF84200DA2C56 /* Main.storyboard in Resources */,
				A4A66CE71E3228D1001A25D7 /* root-ca.crt in Resources */,
			);
			runOnlyForDeploymentPostprocessing = 0;
		};
/* End PBXResourcesBuildPhase section */

/* Begin PBXSourcesBuildPhase section */
		A402B7301E2DF84200DA2C56 /* Sources */ = {
			isa = PBXSourcesBuildPhase;
			buildActionMask = 2147483647;
			files = (
				A4A66D851E349079001A25D7 /* RBBLinearInterpolation.swift in Sources */,
				2344E4851E313A6B00867A71 /* chat_message.pb.swift in Sources */,
				A402B73A1E2DF84200DA2C56 /* ViewController.swift in Sources */,
				A4A66D7F1E349079001A25D7 /* EAAnimationFuture.swift in Sources */,
				A4A66D841E349079001A25D7 /* RBBBlockBasedArray.swift in Sources */,
				A4A66D861E349079001A25D7 /* RBBSpringAnimation.swift in Sources */,
				A4A66CF01E322B64001A25D7 /* lib_client.cxx in Sources */,
				A4A66CF11E322B64001A25D7 /* net_yi.cxx in Sources */,
				A4A66CE51E31E6CB001A25D7 /* SignupController.swift in Sources */,
				A4A66D801E349079001A25D7 /* EasyAnimation.swift in Sources */,
				A402B7381E2DF84200DA2C56 /* AppDelegate.swift in Sources */,
				A4A66CDE1E31E36A001A25D7 /* main.m in Sources */,
				A4A66CEF1E322B64001A25D7 /* buffer_yi.cxx in Sources */,
			);
			runOnlyForDeploymentPostprocessing = 0;
		};
/* End PBXSourcesBuildPhase section */

/* Begin PBXVariantGroup section */
		A402B73B1E2DF84200DA2C56 /* Main.storyboard */ = {
			isa = PBXVariantGroup;
			children = (
				A402B73C1E2DF84200DA2C56 /* Base */,
			);
			name = Main.storyboard;
			sourceTree = "<group>";
		};
		A402B7401E2DF84200DA2C56 /* LaunchScreen.storyboard */ = {
			isa = PBXVariantGroup;
			children = (
				A402B7411E2DF84200DA2C56 /* Base */,
			);
			name = LaunchScreen.storyboard;
			sourceTree = "<group>";
		};
/* End PBXVariantGroup section */

/* Begin XCBuildConfiguration section */
		A402B75A1E2DF84200DA2C56 /* Debug */ = {
			isa = XCBuildConfiguration;
			buildSettings = {
				ALWAYS_SEARCH_USER_PATHS = NO;
				CLANG_ANALYZER_NONNULL = YES;
				CLANG_CXX_LANGUAGE_STANDARD = "gnu++0x";
				CLANG_CXX_LIBRARY = "libc++";
				CLANG_ENABLE_MODULES = YES;
				CLANG_ENABLE_OBJC_ARC = YES;
				CLANG_WARN_BOOL_CONVERSION = YES;
				CLANG_WARN_CONSTANT_CONVERSION = YES;
				CLANG_WARN_DIRECT_OBJC_ISA_USAGE = YES_ERROR;
				CLANG_WARN_DOCUMENTATION_COMMENTS = YES;
				CLANG_WARN_EMPTY_BODY = YES;
				CLANG_WARN_ENUM_CONVERSION = YES;
				CLANG_WARN_INFINITE_RECURSION = YES;
				CLANG_WARN_INT_CONVERSION = YES;
				CLANG_WARN_OBJC_ROOT_CLASS = YES_ERROR;
				CLANG_WARN_SUSPICIOUS_MOVE = YES;
				CLANG_WARN_UNREACHABLE_CODE = YES;
				CLANG_WARN__DUPLICATE_METHOD_MATCH = YES;
				"CODE_SIGN_IDENTITY[sdk=iphoneos*]" = "iPhone Developer";
				COPY_PHASE_STRIP = NO;
				DEBUG_INFORMATION_FORMAT = dwarf;
				ENABLE_STRICT_OBJC_MSGSEND = YES;
				ENABLE_TESTABILITY = YES;
				GCC_C_LANGUAGE_STANDARD = gnu99;
				GCC_DYNAMIC_NO_PIC = NO;
				GCC_NO_COMMON_BLOCKS = YES;
				GCC_OPTIMIZATION_LEVEL = 0;
				GCC_PREPROCESSOR_DEFINITIONS = (
					"DEBUG=1",
					"$(inherited)",
				);
				GCC_WARN_64_TO_32_BIT_CONVERSION = YES;
				GCC_WARN_ABOUT_RETURN_TYPE = YES_ERROR;
				GCC_WARN_UNDECLARED_SELECTOR = YES;
				GCC_WARN_UNINITIALIZED_AUTOS = YES_AGGRESSIVE;
				GCC_WARN_UNUSED_FUNCTION = YES;
				GCC_WARN_UNUSED_VARIABLE = YES;
				IPHONEOS_DEPLOYMENT_TARGET = 10.2;
				MTL_ENABLE_DEBUG_INFO = YES;
				ONLY_ACTIVE_ARCH = YES;
				SDKROOT = iphoneos;
				SWIFT_ACTIVE_COMPILATION_CONDITIONS = DEBUG;
				SWIFT_OPTIMIZATION_LEVEL = "-Onone";
				TARGETED_DEVICE_FAMILY = "1,2";
			};
			name = Debug;
		};
		A402B75B1E2DF84200DA2C56 /* Release */ = {
			isa = XCBuildConfiguration;
			buildSettings = {
				ALWAYS_SEARCH_USER_PATHS = NO;
				CLANG_ANALYZER_NONNULL = YES;
				CLANG_CXX_LANGUAGE_STANDARD = "gnu++0x";
				CLANG_CXX_LIBRARY = "libc++";
				CLANG_ENABLE_MODULES = YES;
				CLANG_ENABLE_OBJC_ARC = YES;
				CLANG_WARN_BOOL_CONVERSION = YES;
				CLANG_WARN_CONSTANT_CONVERSION = YES;
				CLANG_WARN_DIRECT_OBJC_ISA_USAGE = YES_ERROR;
				CLANG_WARN_DOCUMENTATION_COMMENTS = YES;
				CLANG_WARN_EMPTY_BODY = YES;
				CLANG_WARN_ENUM_CONVERSION = YES;
				CLANG_WARN_INFINITE_RECURSION = YES;
				CLANG_WARN_INT_CONVERSION = YES;
				CLANG_WARN_OBJC_ROOT_CLASS = YES_ERROR;
				CLANG_WARN_SUSPICIOUS_MOVE = YES;
				CLANG_WARN_UNREACHABLE_CODE = YES;
				CLANG_WARN__DUPLICATE_METHOD_MATCH = YES;
				"CODE_SIGN_IDENTITY[sdk=iphoneos*]" = "iPhone Developer";
				COPY_PHASE_STRIP = NO;
				DEBUG_INFORMATION_FORMAT = "dwarf-with-dsym";
				ENABLE_NS_ASSERTIONS = NO;
				ENABLE_STRICT_OBJC_MSGSEND = YES;
				GCC_C_LANGUAGE_STANDARD = gnu99;
				GCC_NO_COMMON_BLOCKS = YES;
				GCC_WARN_64_TO_32_BIT_CONVERSION = YES;
				GCC_WARN_ABOUT_RETURN_TYPE = YES_ERROR;
				GCC_WARN_UNDECLARED_SELECTOR = YES;
				GCC_WARN_UNINITIALIZED_AUTOS = YES_AGGRESSIVE;
				GCC_WARN_UNUSED_FUNCTION = YES;
				GCC_WARN_UNUSED_VARIABLE = YES;
				IPHONEOS_DEPLOYMENT_TARGET = 10.2;
				MTL_ENABLE_DEBUG_INFO = NO;
				SDKROOT = iphoneos;
				SWIFT_OPTIMIZATION_LEVEL = "-Owholemodule";
				TARGETED_DEVICE_FAMILY = "1,2";
				VALIDATE_PRODUCT = YES;
			};
			name = Release;
		};
		A402B75D1E2DF84200DA2C56 /* Debug */ = {
			isa = XCBuildConfiguration;
			buildSettings = {
				ASSETCATALOG_COMPILER_APPICON_NAME = AppIcon;
				CLANG_ENABLE_MODULES = YES;
				CODE_SIGN_IDENTITY = "iPhone Developer";
				DEVELOPMENT_TEAM = WXN2XA3VYP;
				FRAMEWORK_SEARCH_PATHS = (
					"$(inherited)",
					"$(PROJECT_DIR)/Carthage/Build/iOS",
				);
				HEADER_SEARCH_PATHS = (
					"$(PROJECT_DIR)/staticlib",
					"$(PROJECT_DIR)/staticlib/libev",
					"$(PROJECT_DIR)/submodule/Spring/Spring",
					"$(PROJECT_DIR)/submodule/EasyAnimation/EasyAnimation",
				);
				INFOPLIST_FILE = heibaiyu/Info.plist;
				IPHONEOS_DEPLOYMENT_TARGET = 9.0;
				LD_RUNPATH_SEARCH_PATHS = "$(inherited) @executable_path/Frameworks";
				LIBRARY_SEARCH_PATHS = (
					"$(inherited)",
					"$(PROJECT_DIR)/staticlib/openssl/lib",
					"$(PROJECT_DIR)/staticlib/leveldb/lib",
					"$(PROJECT_DIR)/staticlib/libev/lib",
				);
				PRODUCT_BUNDLE_IDENTIFIER = yijian.heibaiyu;
				PRODUCT_NAME = "$(TARGET_NAME)";
				SWIFT_OPTIMIZATION_LEVEL = "-Onone";
				SWIFT_VERSION = 3.0;
				TARGETED_DEVICE_FAMILY = "1,2";
			};
			name = Debug;
		};
		A402B75E1E2DF84200DA2C56 /* Release */ = {
			isa = XCBuildConfiguration;
			buildSettings = {
				ASSETCATALOG_COMPILER_APPICON_NAME = AppIcon;
				CLANG_ENABLE_MODULES = YES;
				CODE_SIGN_IDENTITY = "iPhone Distribution";
				DEVELOPMENT_TEAM = WXN2XA3VYP;
				FRAMEWORK_SEARCH_PATHS = (
					"$(inherited)",
					"$(PROJECT_DIR)/Carthage/Build/iOS",
				);
				HEADER_SEARCH_PATHS = (
					"$(PROJECT_DIR)/staticlib",
					"$(PROJECT_DIR)/staticlib/libev",
					"$(PROJECT_DIR)/submodule/Spring/Spring",
					"$(PROJECT_DIR)/submodule/EasyAnimation/EasyAnimation",
				);
				INFOPLIST_FILE = heibaiyu/Info.plist;
				IPHONEOS_DEPLOYMENT_TARGET = 9.0;
				LD_RUNPATH_SEARCH_PATHS = "$(inherited) @executable_path/Frameworks";
				LIBRARY_SEARCH_PATHS = (
					"$(inherited)",
					"$(PROJECT_DIR)/staticlib/openssl/lib",
					"$(PROJECT_DIR)/staticlib/leveldb/lib",
					"$(PROJECT_DIR)/staticlib/libev/lib",
				);
				PRODUCT_BUNDLE_IDENTIFIER = yijian.heibaiyu;
				PRODUCT_NAME = "$(TARGET_NAME)";
				SWIFT_VERSION = 3.0;
				TARGETED_DEVICE_FAMILY = "1,2";
			};
			name = Release;
		};
/* End XCBuildConfiguration section */

/* Begin XCConfigurationList section */
		A402B72F1E2DF84200DA2C56 /* Build configuration list for PBXProject "heibaiyu" */ = {
			isa = XCConfigurationList;
			buildConfigurations = (
				A402B75A1E2DF84200DA2C56 /* Debug */,
				A402B75B1E2DF84200DA2C56 /* Release */,
			);
			defaultConfigurationIsVisible = 0;
			defaultConfigurationName = Release;
		};
		A402B75C1E2DF84200DA2C56 /* Build configuration list for PBXNativeTarget "heibaiyu" */ = {
			isa = XCConfigurationList;
			buildConfigurations = (
				A402B75D1E2DF84200DA2C56 /* Debug */,
				A402B75E1E2DF84200DA2C56 /* Release */,
			);
			defaultConfigurationIsVisible = 0;
			defaultConfigurationName = Release;
		};
/* End XCConfigurationList section */
	};
	rootObject = A402B72C1E2DF84200DA2C56 /* Project object */;
}
