// !$*UTF8*$!
{
	archiveVersion = 1;
	classes = {
	};
	objectVersion = 46;
	objects = {

/* Begin PBXBuildFile section */
		A402B7381E2DF84200DA2C56 /* AppDelegate.swift in Sources */ = {isa = PBXBuildFile; fileRef = A402B7371E2DF84200DA2C56 /* AppDelegate.swift */; };
		A402B73A1E2DF84200DA2C56 /* ViewController.swift in Sources */ = {isa = PBXBuildFile; fileRef = A402B7391E2DF84200DA2C56 /* ViewController.swift */; };
		A402B73D1E2DF84200DA2C56 /* Main.storyboard in Resources */ = {isa = PBXBuildFile; fileRef = A402B73B1E2DF84200DA2C56 /* Main.storyboard */; };
		A402B73F1E2DF84200DA2C56 /* Assets.xcassets in Resources */ = {isa = PBXBuildFile; fileRef = A402B73E1E2DF84200DA2C56 /* Assets.xcassets */; };
		A402B7421E2DF84200DA2C56 /* LaunchScreen.storyboard in Resources */ = {isa = PBXBuildFile; fileRef = A402B7401E2DF84200DA2C56 /* LaunchScreen.storyboard */; };
		A4ACAC221E2F5F8500E7BE41 /* libev.a in Frameworks */ = {isa = PBXBuildFile; fileRef = A4ACAC211E2F5F8500E7BE41 /* libev.a */; };
		A4D1014B1E2E3880007F374C /* libleveldb.a in Frameworks */ = {isa = PBXBuildFile; fileRef = A4D101491E2E3880007F374C /* libleveldb.a */; };
		A4D1014C1E2E3880007F374C /* libmemenv.a in Frameworks */ = {isa = PBXBuildFile; fileRef = A4D1014A1E2E3880007F374C /* libmemenv.a */; };
		A4D1024A1E2E389A007F374C /* libcrypto.a in Frameworks */ = {isa = PBXBuildFile; fileRef = A4D102481E2E389A007F374C /* libcrypto.a */; };
		A4D1024B1E2E389A007F374C /* libssl.a in Frameworks */ = {isa = PBXBuildFile; fileRef = A4D102491E2E389A007F374C /* libssl.a */; };
/* End PBXBuildFile section */

/* Begin PBXFileReference section */
		A402B7341E2DF84200DA2C56 /* heibaiyu.app */ = {isa = PBXFileReference; explicitFileType = wrapper.application; includeInIndex = 0; path = heibaiyu.app; sourceTree = BUILT_PRODUCTS_DIR; };
		A402B7371E2DF84200DA2C56 /* AppDelegate.swift */ = {isa = PBXFileReference; lastKnownFileType = sourcecode.swift; path = AppDelegate.swift; sourceTree = "<group>"; };
		A402B7391E2DF84200DA2C56 /* ViewController.swift */ = {isa = PBXFileReference; lastKnownFileType = sourcecode.swift; path = ViewController.swift; sourceTree = "<group>"; };
		A402B73C1E2DF84200DA2C56 /* Base */ = {isa = PBXFileReference; lastKnownFileType = file.storyboard; name = Base; path = Base.lproj/Main.storyboard; sourceTree = "<group>"; };
		A402B73E1E2DF84200DA2C56 /* Assets.xcassets */ = {isa = PBXFileReference; lastKnownFileType = folder.assetcatalog; path = Assets.xcassets; sourceTree = "<group>"; };
		A402B7411E2DF84200DA2C56 /* Base */ = {isa = PBXFileReference; lastKnownFileType = file.storyboard; name = Base; path = Base.lproj/LaunchScreen.storyboard; sourceTree = "<group>"; };
		A402B7431E2DF84200DA2C56 /* Info.plist */ = {isa = PBXFileReference; lastKnownFileType = text.plist.xml; path = Info.plist; sourceTree = "<group>"; };
		A4ACAC1D1E2F5F8500E7BE41 /* ev++.h */ = {isa = PBXFileReference; fileEncoding = 4; lastKnownFileType = sourcecode.c.h; path = "ev++.h"; sourceTree = "<group>"; };
		A4ACAC1E1E2F5F8500E7BE41 /* ev.h */ = {isa = PBXFileReference; fileEncoding = 4; lastKnownFileType = sourcecode.c.h; path = ev.h; sourceTree = "<group>"; };
		A4ACAC1F1E2F5F8500E7BE41 /* event.h */ = {isa = PBXFileReference; fileEncoding = 4; lastKnownFileType = sourcecode.c.h; path = event.h; sourceTree = "<group>"; };
		A4ACAC211E2F5F8500E7BE41 /* libev.a */ = {isa = PBXFileReference; lastKnownFileType = archive.ar; path = libev.a; sourceTree = "<group>"; };
		A4D1013A1E2E3880007F374C /* c.h */ = {isa = PBXFileReference; fileEncoding = 4; lastKnownFileType = sourcecode.c.h; path = c.h; sourceTree = "<group>"; };
		A4D1013B1E2E3880007F374C /* cache.h */ = {isa = PBXFileReference; fileEncoding = 4; lastKnownFileType = sourcecode.c.h; path = cache.h; sourceTree = "<group>"; };
		A4D1013C1E2E3880007F374C /* comparator.h */ = {isa = PBXFileReference; fileEncoding = 4; lastKnownFileType = sourcecode.c.h; path = comparator.h; sourceTree = "<group>"; };
		A4D1013D1E2E3880007F374C /* db.h */ = {isa = PBXFileReference; fileEncoding = 4; lastKnownFileType = sourcecode.c.h; path = db.h; sourceTree = "<group>"; };
		A4D1013E1E2E3880007F374C /* dumpfile.h */ = {isa = PBXFileReference; fileEncoding = 4; lastKnownFileType = sourcecode.c.h; path = dumpfile.h; sourceTree = "<group>"; };
		A4D1013F1E2E3880007F374C /* env.h */ = {isa = PBXFileReference; fileEncoding = 4; lastKnownFileType = sourcecode.c.h; path = env.h; sourceTree = "<group>"; };
		A4D101401E2E3880007F374C /* filter_policy.h */ = {isa = PBXFileReference; fileEncoding = 4; lastKnownFileType = sourcecode.c.h; path = filter_policy.h; sourceTree = "<group>"; };
		A4D101411E2E3880007F374C /* iterator.h */ = {isa = PBXFileReference; fileEncoding = 4; lastKnownFileType = sourcecode.c.h; path = iterator.h; sourceTree = "<group>"; };
		A4D101421E2E3880007F374C /* options.h */ = {isa = PBXFileReference; fileEncoding = 4; lastKnownFileType = sourcecode.c.h; path = options.h; sourceTree = "<group>"; };
		A4D101431E2E3880007F374C /* slice.h */ = {isa = PBXFileReference; fileEncoding = 4; lastKnownFileType = sourcecode.c.h; path = slice.h; sourceTree = "<group>"; };
		A4D101441E2E3880007F374C /* status.h */ = {isa = PBXFileReference; fileEncoding = 4; lastKnownFileType = sourcecode.c.h; path = status.h; sourceTree = "<group>"; };
		A4D101451E2E3880007F374C /* table.h */ = {isa = PBXFileReference; fileEncoding = 4; lastKnownFileType = sourcecode.c.h; path = table.h; sourceTree = "<group>"; };
		A4D101461E2E3880007F374C /* table_builder.h */ = {isa = PBXFileReference; fileEncoding = 4; lastKnownFileType = sourcecode.c.h; path = table_builder.h; sourceTree = "<group>"; };
		A4D101471E2E3880007F374C /* write_batch.h */ = {isa = PBXFileReference; fileEncoding = 4; lastKnownFileType = sourcecode.c.h; path = write_batch.h; sourceTree = "<group>"; };
		A4D101491E2E3880007F374C /* libleveldb.a */ = {isa = PBXFileReference; lastKnownFileType = archive.ar; path = libleveldb.a; sourceTree = "<group>"; };
		A4D1014A1E2E3880007F374C /* libmemenv.a */ = {isa = PBXFileReference; lastKnownFileType = archive.ar; path = libmemenv.a; sourceTree = "<group>"; };
		A4D101FC1E2E389A007F374C /* aes.h */ = {isa = PBXFileReference; fileEncoding = 4; lastKnownFileType = sourcecode.c.h; path = aes.h; sourceTree = "<group>"; };
		A4D101FD1E2E389A007F374C /* asn1.h */ = {isa = PBXFileReference; fileEncoding = 4; lastKnownFileType = sourcecode.c.h; path = asn1.h; sourceTree = "<group>"; };
		A4D101FE1E2E389A007F374C /* asn1_mac.h */ = {isa = PBXFileReference; fileEncoding = 4; lastKnownFileType = sourcecode.c.h; path = asn1_mac.h; sourceTree = "<group>"; };
		A4D101FF1E2E389A007F374C /* asn1t.h */ = {isa = PBXFileReference; fileEncoding = 4; lastKnownFileType = sourcecode.c.h; path = asn1t.h; sourceTree = "<group>"; };
		A4D102001E2E389A007F374C /* bio.h */ = {isa = PBXFileReference; fileEncoding = 4; lastKnownFileType = sourcecode.c.h; path = bio.h; sourceTree = "<group>"; };
		A4D102011E2E389A007F374C /* blowfish.h */ = {isa = PBXFileReference; fileEncoding = 4; lastKnownFileType = sourcecode.c.h; path = blowfish.h; sourceTree = "<group>"; };
		A4D102021E2E389A007F374C /* bn.h */ = {isa = PBXFileReference; fileEncoding = 4; lastKnownFileType = sourcecode.c.h; path = bn.h; sourceTree = "<group>"; };
		A4D102031E2E389A007F374C /* buffer.h */ = {isa = PBXFileReference; fileEncoding = 4; lastKnownFileType = sourcecode.c.h; path = buffer.h; sourceTree = "<group>"; };
		A4D102041E2E389A007F374C /* camellia.h */ = {isa = PBXFileReference; fileEncoding = 4; lastKnownFileType = sourcecode.c.h; path = camellia.h; sourceTree = "<group>"; };
		A4D102051E2E389A007F374C /* cast.h */ = {isa = PBXFileReference; fileEncoding = 4; lastKnownFileType = sourcecode.c.h; path = cast.h; sourceTree = "<group>"; };
		A4D102061E2E389A007F374C /* cmac.h */ = {isa = PBXFileReference; fileEncoding = 4; lastKnownFileType = sourcecode.c.h; path = cmac.h; sourceTree = "<group>"; };
		A4D102071E2E389A007F374C /* cms.h */ = {isa = PBXFileReference; fileEncoding = 4; lastKnownFileType = sourcecode.c.h; path = cms.h; sourceTree = "<group>"; };
		A4D102081E2E389A007F374C /* comp.h */ = {isa = PBXFileReference; fileEncoding = 4; lastKnownFileType = sourcecode.c.h; path = comp.h; sourceTree = "<group>"; };
		A4D102091E2E389A007F374C /* conf.h */ = {isa = PBXFileReference; fileEncoding = 4; lastKnownFileType = sourcecode.c.h; path = conf.h; sourceTree = "<group>"; };
		A4D1020A1E2E389A007F374C /* conf_api.h */ = {isa = PBXFileReference; fileEncoding = 4; lastKnownFileType = sourcecode.c.h; path = conf_api.h; sourceTree = "<group>"; };
		A4D1020B1E2E389A007F374C /* crypto.h */ = {isa = PBXFileReference; fileEncoding = 4; lastKnownFileType = sourcecode.c.h; path = crypto.h; sourceTree = "<group>"; };
		A4D1020C1E2E389A007F374C /* des.h */ = {isa = PBXFileReference; fileEncoding = 4; lastKnownFileType = sourcecode.c.h; path = des.h; sourceTree = "<group>"; };
		A4D1020D1E2E389A007F374C /* des_old.h */ = {isa = PBXFileReference; fileEncoding = 4; lastKnownFileType = sourcecode.c.h; path = des_old.h; sourceTree = "<group>"; };
		A4D1020E1E2E389A007F374C /* dh.h */ = {isa = PBXFileReference; fileEncoding = 4; lastKnownFileType = sourcecode.c.h; path = dh.h; sourceTree = "<group>"; };
		A4D1020F1E2E389A007F374C /* dsa.h */ = {isa = PBXFileReference; fileEncoding = 4; lastKnownFileType = sourcecode.c.h; path = dsa.h; sourceTree = "<group>"; };
		A4D102101E2E389A007F374C /* dso.h */ = {isa = PBXFileReference; fileEncoding = 4; lastKnownFileType = sourcecode.c.h; path = dso.h; sourceTree = "<group>"; };
		A4D102111E2E389A007F374C /* dtls1.h */ = {isa = PBXFileReference; fileEncoding = 4; lastKnownFileType = sourcecode.c.h; path = dtls1.h; sourceTree = "<group>"; };
		A4D102121E2E389A007F374C /* e_os2.h */ = {isa = PBXFileReference; fileEncoding = 4; lastKnownFileType = sourcecode.c.h; path = e_os2.h; sourceTree = "<group>"; };
		A4D102131E2E389A007F374C /* ebcdic.h */ = {isa = PBXFileReference; fileEncoding = 4; lastKnownFileType = sourcecode.c.h; path = ebcdic.h; sourceTree = "<group>"; };
		A4D102141E2E389A007F374C /* ec.h */ = {isa = PBXFileReference; fileEncoding = 4; lastKnownFileType = sourcecode.c.h; path = ec.h; sourceTree = "<group>"; };
		A4D102151E2E389A007F374C /* ecdh.h */ = {isa = PBXFileReference; fileEncoding = 4; lastKnownFileType = sourcecode.c.h; path = ecdh.h; sourceTree = "<group>"; };
		A4D102161E2E389A007F374C /* ecdsa.h */ = {isa = PBXFileReference; fileEncoding = 4; lastKnownFileType = sourcecode.c.h; path = ecdsa.h; sourceTree = "<group>"; };
		A4D102171E2E389A007F374C /* engine.h */ = {isa = PBXFileReference; fileEncoding = 4; lastKnownFileType = sourcecode.c.h; path = engine.h; sourceTree = "<group>"; };
		A4D102181E2E389A007F374C /* err.h */ = {isa = PBXFileReference; fileEncoding = 4; lastKnownFileType = sourcecode.c.h; path = err.h; sourceTree = "<group>"; };
		A4D102191E2E389A007F374C /* evp.h */ = {isa = PBXFileReference; fileEncoding = 4; lastKnownFileType = sourcecode.c.h; path = evp.h; sourceTree = "<group>"; };
		A4D1021A1E2E389A007F374C /* hmac.h */ = {isa = PBXFileReference; fileEncoding = 4; lastKnownFileType = sourcecode.c.h; path = hmac.h; sourceTree = "<group>"; };
		A4D1021B1E2E389A007F374C /* idea.h */ = {isa = PBXFileReference; fileEncoding = 4; lastKnownFileType = sourcecode.c.h; path = idea.h; sourceTree = "<group>"; };
		A4D1021C1E2E389A007F374C /* krb5_asn.h */ = {isa = PBXFileReference; fileEncoding = 4; lastKnownFileType = sourcecode.c.h; path = krb5_asn.h; sourceTree = "<group>"; };
		A4D1021D1E2E389A007F374C /* kssl.h */ = {isa = PBXFileReference; fileEncoding = 4; lastKnownFileType = sourcecode.c.h; path = kssl.h; sourceTree = "<group>"; };
		A4D1021E1E2E389A007F374C /* lhash.h */ = {isa = PBXFileReference; fileEncoding = 4; lastKnownFileType = sourcecode.c.h; path = lhash.h; sourceTree = "<group>"; };
		A4D1021F1E2E389A007F374C /* md4.h */ = {isa = PBXFileReference; fileEncoding = 4; lastKnownFileType = sourcecode.c.h; path = md4.h; sourceTree = "<group>"; };
		A4D102201E2E389A007F374C /* md5.h */ = {isa = PBXFileReference; fileEncoding = 4; lastKnownFileType = sourcecode.c.h; path = md5.h; sourceTree = "<group>"; };
		A4D102211E2E389A007F374C /* mdc2.h */ = {isa = PBXFileReference; fileEncoding = 4; lastKnownFileType = sourcecode.c.h; path = mdc2.h; sourceTree = "<group>"; };
		A4D102221E2E389A007F374C /* modes.h */ = {isa = PBXFileReference; fileEncoding = 4; lastKnownFileType = sourcecode.c.h; path = modes.h; sourceTree = "<group>"; };
		A4D102231E2E389A007F374C /* obj_mac.h */ = {isa = PBXFileReference; fileEncoding = 4; lastKnownFileType = sourcecode.c.h; path = obj_mac.h; sourceTree = "<group>"; };
		A4D102241E2E389A007F374C /* objects.h */ = {isa = PBXFileReference; fileEncoding = 4; lastKnownFileType = sourcecode.c.h; path = objects.h; sourceTree = "<group>"; };
		A4D102251E2E389A007F374C /* ocsp.h */ = {isa = PBXFileReference; fileEncoding = 4; lastKnownFileType = sourcecode.c.h; path = ocsp.h; sourceTree = "<group>"; };
		A4D102261E2E389A007F374C /* opensslconf.h */ = {isa = PBXFileReference; fileEncoding = 4; lastKnownFileType = sourcecode.c.h; path = opensslconf.h; sourceTree = "<group>"; };
		A4D102271E2E389A007F374C /* opensslv.h */ = {isa = PBXFileReference; fileEncoding = 4; lastKnownFileType = sourcecode.c.h; path = opensslv.h; sourceTree = "<group>"; };
		A4D102281E2E389A007F374C /* ossl_typ.h */ = {isa = PBXFileReference; fileEncoding = 4; lastKnownFileType = sourcecode.c.h; path = ossl_typ.h; sourceTree = "<group>"; };
		A4D102291E2E389A007F374C /* pem.h */ = {isa = PBXFileReference; fileEncoding = 4; lastKnownFileType = sourcecode.c.h; path = pem.h; sourceTree = "<group>"; };
		A4D1022A1E2E389A007F374C /* pem2.h */ = {isa = PBXFileReference; fileEncoding = 4; lastKnownFileType = sourcecode.c.h; path = pem2.h; sourceTree = "<group>"; };
		A4D1022B1E2E389A007F374C /* pkcs12.h */ = {isa = PBXFileReference; fileEncoding = 4; lastKnownFileType = sourcecode.c.h; path = pkcs12.h; sourceTree = "<group>"; };
		A4D1022C1E2E389A007F374C /* pkcs7.h */ = {isa = PBXFileReference; fileEncoding = 4; lastKnownFileType = sourcecode.c.h; path = pkcs7.h; sourceTree = "<group>"; };
		A4D1022D1E2E389A007F374C /* pqueue.h */ = {isa = PBXFileReference; fileEncoding = 4; lastKnownFileType = sourcecode.c.h; path = pqueue.h; sourceTree = "<group>"; };
		A4D1022E1E2E389A007F374C /* rand.h */ = {isa = PBXFileReference; fileEncoding = 4; lastKnownFileType = sourcecode.c.h; path = rand.h; sourceTree = "<group>"; };
		A4D1022F1E2E389A007F374C /* rc2.h */ = {isa = PBXFileReference; fileEncoding = 4; lastKnownFileType = sourcecode.c.h; path = rc2.h; sourceTree = "<group>"; };
		A4D102301E2E389A007F374C /* rc4.h */ = {isa = PBXFileReference; fileEncoding = 4; lastKnownFileType = sourcecode.c.h; path = rc4.h; sourceTree = "<group>"; };
		A4D102311E2E389A007F374C /* ripemd.h */ = {isa = PBXFileReference; fileEncoding = 4; lastKnownFileType = sourcecode.c.h; path = ripemd.h; sourceTree = "<group>"; };
		A4D102321E2E389A007F374C /* rsa.h */ = {isa = PBXFileReference; fileEncoding = 4; lastKnownFileType = sourcecode.c.h; path = rsa.h; sourceTree = "<group>"; };
		A4D102331E2E389A007F374C /* safestack.h */ = {isa = PBXFileReference; fileEncoding = 4; lastKnownFileType = sourcecode.c.h; path = safestack.h; sourceTree = "<group>"; };
		A4D102341E2E389A007F374C /* seed.h */ = {isa = PBXFileReference; fileEncoding = 4; lastKnownFileType = sourcecode.c.h; path = seed.h; sourceTree = "<group>"; };
		A4D102351E2E389A007F374C /* sha.h */ = {isa = PBXFileReference; fileEncoding = 4; lastKnownFileType = sourcecode.c.h; path = sha.h; sourceTree = "<group>"; };
		A4D102361E2E389A007F374C /* srp.h */ = {isa = PBXFileReference; fileEncoding = 4; lastKnownFileType = sourcecode.c.h; path = srp.h; sourceTree = "<group>"; };
		A4D102371E2E389A007F374C /* srtp.h */ = {isa = PBXFileReference; fileEncoding = 4; lastKnownFileType = sourcecode.c.h; path = srtp.h; sourceTree = "<group>"; };
		A4D102381E2E389A007F374C /* ssl.h */ = {isa = PBXFileReference; fileEncoding = 4; lastKnownFileType = sourcecode.c.h; path = ssl.h; sourceTree = "<group>"; };
		A4D102391E2E389A007F374C /* ssl2.h */ = {isa = PBXFileReference; fileEncoding = 4; lastKnownFileType = sourcecode.c.h; path = ssl2.h; sourceTree = "<group>"; };
		A4D1023A1E2E389A007F374C /* ssl23.h */ = {isa = PBXFileReference; fileEncoding = 4; lastKnownFileType = sourcecode.c.h; path = ssl23.h; sourceTree = "<group>"; };
		A4D1023B1E2E389A007F374C /* ssl3.h */ = {isa = PBXFileReference; fileEncoding = 4; lastKnownFileType = sourcecode.c.h; path = ssl3.h; sourceTree = "<group>"; };
		A4D1023C1E2E389A007F374C /* stack.h */ = {isa = PBXFileReference; fileEncoding = 4; lastKnownFileType = sourcecode.c.h; path = stack.h; sourceTree = "<group>"; };
		A4D1023D1E2E389A007F374C /* symhacks.h */ = {isa = PBXFileReference; fileEncoding = 4; lastKnownFileType = sourcecode.c.h; path = symhacks.h; sourceTree = "<group>"; };
		A4D1023E1E2E389A007F374C /* tls1.h */ = {isa = PBXFileReference; fileEncoding = 4; lastKnownFileType = sourcecode.c.h; path = tls1.h; sourceTree = "<group>"; };
		A4D1023F1E2E389A007F374C /* ts.h */ = {isa = PBXFileReference; fileEncoding = 4; lastKnownFileType = sourcecode.c.h; path = ts.h; sourceTree = "<group>"; };
		A4D102401E2E389A007F374C /* txt_db.h */ = {isa = PBXFileReference; fileEncoding = 4; lastKnownFileType = sourcecode.c.h; path = txt_db.h; sourceTree = "<group>"; };
		A4D102411E2E389A007F374C /* ui.h */ = {isa = PBXFileReference; fileEncoding = 4; lastKnownFileType = sourcecode.c.h; path = ui.h; sourceTree = "<group>"; };
		A4D102421E2E389A007F374C /* ui_compat.h */ = {isa = PBXFileReference; fileEncoding = 4; lastKnownFileType = sourcecode.c.h; path = ui_compat.h; sourceTree = "<group>"; };
		A4D102431E2E389A007F374C /* whrlpool.h */ = {isa = PBXFileReference; fileEncoding = 4; lastKnownFileType = sourcecode.c.h; path = whrlpool.h; sourceTree = "<group>"; };
		A4D102441E2E389A007F374C /* x509.h */ = {isa = PBXFileReference; fileEncoding = 4; lastKnownFileType = sourcecode.c.h; path = x509.h; sourceTree = "<group>"; };
		A4D102451E2E389A007F374C /* x509_vfy.h */ = {isa = PBXFileReference; fileEncoding = 4; lastKnownFileType = sourcecode.c.h; path = x509_vfy.h; sourceTree = "<group>"; };
		A4D102461E2E389A007F374C /* x509v3.h */ = {isa = PBXFileReference; fileEncoding = 4; lastKnownFileType = sourcecode.c.h; path = x509v3.h; sourceTree = "<group>"; };
		A4D102481E2E389A007F374C /* libcrypto.a */ = {isa = PBXFileReference; lastKnownFileType = archive.ar; path = libcrypto.a; sourceTree = "<group>"; };
		A4D102491E2E389A007F374C /* libssl.a */ = {isa = PBXFileReference; lastKnownFileType = archive.ar; path = libssl.a; sourceTree = "<group>"; };
/* End PBXFileReference section */

/* Begin PBXFrameworksBuildPhase section */
		A402B7311E2DF84200DA2C56 /* Frameworks */ = {
			isa = PBXFrameworksBuildPhase;
			buildActionMask = 2147483647;
			files = (
				A4D1024B1E2E389A007F374C /* libssl.a in Frameworks */,
				A4ACAC221E2F5F8500E7BE41 /* libev.a in Frameworks */,
				A4D1014B1E2E3880007F374C /* libleveldb.a in Frameworks */,
				A4D1024A1E2E389A007F374C /* libcrypto.a in Frameworks */,
				A4D1014C1E2E3880007F374C /* libmemenv.a in Frameworks */,
			);
			runOnlyForDeploymentPostprocessing = 0;
		};
/* End PBXFrameworksBuildPhase section */

/* Begin PBXGroup section */
		A402B72B1E2DF84200DA2C56 = {
			isa = PBXGroup;
			children = (
				A4A303FE1E2E3D59004BF97E /* submodule */,
				A4D100A61E2E2BAA007F374C /* staticlib */,
				A402B7361E2DF84200DA2C56 /* heibaiyu */,
				A402B7351E2DF84200DA2C56 /* Products */,
			);
			sourceTree = "<group>";
		};
		A402B7351E2DF84200DA2C56 /* Products */ = {
			isa = PBXGroup;
			children = (
				A402B7341E2DF84200DA2C56 /* heibaiyu.app */,
			);
			name = Products;
			sourceTree = "<group>";
		};
		A402B7361E2DF84200DA2C56 /* heibaiyu */ = {
			isa = PBXGroup;
			children = (
				A402B7371E2DF84200DA2C56 /* AppDelegate.swift */,
				A402B7391E2DF84200DA2C56 /* ViewController.swift */,
				A402B73B1E2DF84200DA2C56 /* Main.storyboard */,
				A402B73E1E2DF84200DA2C56 /* Assets.xcassets */,
				A402B7401E2DF84200DA2C56 /* LaunchScreen.storyboard */,
				A402B7431E2DF84200DA2C56 /* Info.plist */,
			);
			path = heibaiyu;
			sourceTree = "<group>";
		};
		A4A303FE1E2E3D59004BF97E /* submodule */ = {
			isa = PBXGroup;
			children = (
			);
			name = submodule;
			sourceTree = "<group>";
		};
		A4ACAC1B1E2F5F8500E7BE41 /* libev */ = {
			isa = PBXGroup;
			children = (
				A4ACAC1C1E2F5F8500E7BE41 /* include */,
				A4ACAC201E2F5F8500E7BE41 /* lib */,
			);
			path = libev;
			sourceTree = "<group>";
		};
		A4ACAC1C1E2F5F8500E7BE41 /* include */ = {
			isa = PBXGroup;
			children = (
				A4ACAC1D1E2F5F8500E7BE41 /* ev++.h */,
				A4ACAC1E1E2F5F8500E7BE41 /* ev.h */,
				A4ACAC1F1E2F5F8500E7BE41 /* event.h */,
			);
			path = include;
			sourceTree = "<group>";
		};
		A4ACAC201E2F5F8500E7BE41 /* lib */ = {
			isa = PBXGroup;
			children = (
				A4ACAC211E2F5F8500E7BE41 /* libev.a */,
			);
			path = lib;
			sourceTree = "<group>";
		};
		A4D100A61E2E2BAA007F374C /* staticlib */ = {
			isa = PBXGroup;
			children = (
				A4ACAC1B1E2F5F8500E7BE41 /* libev */,
				A4D101FA1E2E389A007F374C /* openssl */,
				A4D101381E2E3880007F374C /* leveldb */,
			);
			path = staticlib;
			sourceTree = "<group>";
		};
		A4D101381E2E3880007F374C /* leveldb */ = {
			isa = PBXGroup;
			children = (
				A4D101391E2E3880007F374C /* include */,
				A4D101481E2E3880007F374C /* lib */,
			);
			path = leveldb;
			sourceTree = "<group>";
		};
		A4D101391E2E3880007F374C /* include */ = {
			isa = PBXGroup;
			children = (
				A4D1013A1E2E3880007F374C /* c.h */,
				A4D1013B1E2E3880007F374C /* cache.h */,
				A4D1013C1E2E3880007F374C /* comparator.h */,
				A4D1013D1E2E3880007F374C /* db.h */,
				A4D1013E1E2E3880007F374C /* dumpfile.h */,
				A4D1013F1E2E3880007F374C /* env.h */,
				A4D101401E2E3880007F374C /* filter_policy.h */,
				A4D101411E2E3880007F374C /* iterator.h */,
				A4D101421E2E3880007F374C /* options.h */,
				A4D101431E2E3880007F374C /* slice.h */,
				A4D101441E2E3880007F374C /* status.h */,
				A4D101451E2E3880007F374C /* table.h */,
				A4D101461E2E3880007F374C /* table_builder.h */,
				A4D101471E2E3880007F374C /* write_batch.h */,
			);
			path = include;
			sourceTree = "<group>";
		};
		A4D101481E2E3880007F374C /* lib */ = {
			isa = PBXGroup;
			children = (
				A4D101491E2E3880007F374C /* libleveldb.a */,
				A4D1014A1E2E3880007F374C /* libmemenv.a */,
			);
			path = lib;
			sourceTree = "<group>";
		};
		A4D101FA1E2E389A007F374C /* openssl */ = {
			isa = PBXGroup;
			children = (
				A4D101FB1E2E389A007F374C /* include */,
				A4D102471E2E389A007F374C /* lib */,
			);
			path = openssl;
			sourceTree = "<group>";
		};
		A4D101FB1E2E389A007F374C /* include */ = {
			isa = PBXGroup;
			children = (
				A4D101FC1E2E389A007F374C /* aes.h */,
				A4D101FD1E2E389A007F374C /* asn1.h */,
				A4D101FE1E2E389A007F374C /* asn1_mac.h */,
				A4D101FF1E2E389A007F374C /* asn1t.h */,
				A4D102001E2E389A007F374C /* bio.h */,
				A4D102011E2E389A007F374C /* blowfish.h */,
				A4D102021E2E389A007F374C /* bn.h */,
				A4D102031E2E389A007F374C /* buffer.h */,
				A4D102041E2E389A007F374C /* camellia.h */,
				A4D102051E2E389A007F374C /* cast.h */,
				A4D102061E2E389A007F374C /* cmac.h */,
				A4D102071E2E389A007F374C /* cms.h */,
				A4D102081E2E389A007F374C /* comp.h */,
				A4D102091E2E389A007F374C /* conf.h */,
				A4D1020A1E2E389A007F374C /* conf_api.h */,
				A4D1020B1E2E389A007F374C /* crypto.h */,
				A4D1020C1E2E389A007F374C /* des.h */,
				A4D1020D1E2E389A007F374C /* des_old.h */,
				A4D1020E1E2E389A007F374C /* dh.h */,
				A4D1020F1E2E389A007F374C /* dsa.h */,
				A4D102101E2E389A007F374C /* dso.h */,
				A4D102111E2E389A007F374C /* dtls1.h */,
				A4D102121E2E389A007F374C /* e_os2.h */,
				A4D102131E2E389A007F374C /* ebcdic.h */,
				A4D102141E2E389A007F374C /* ec.h */,
				A4D102151E2E389A007F374C /* ecdh.h */,
				A4D102161E2E389A007F374C /* ecdsa.h */,
				A4D102171E2E389A007F374C /* engine.h */,
				A4D102181E2E389A007F374C /* err.h */,
				A4D102191E2E389A007F374C /* evp.h */,
				A4D1021A1E2E389A007F374C /* hmac.h */,
				A4D1021B1E2E389A007F374C /* idea.h */,
				A4D1021C1E2E389A007F374C /* krb5_asn.h */,
				A4D1021D1E2E389A007F374C /* kssl.h */,
				A4D1021E1E2E389A007F374C /* lhash.h */,
				A4D1021F1E2E389A007F374C /* md4.h */,
				A4D102201E2E389A007F374C /* md5.h */,
				A4D102211E2E389A007F374C /* mdc2.h */,
				A4D102221E2E389A007F374C /* modes.h */,
				A4D102231E2E389A007F374C /* obj_mac.h */,
				A4D102241E2E389A007F374C /* objects.h */,
				A4D102251E2E389A007F374C /* ocsp.h */,
				A4D102261E2E389A007F374C /* opensslconf.h */,
				A4D102271E2E389A007F374C /* opensslv.h */,
				A4D102281E2E389A007F374C /* ossl_typ.h */,
				A4D102291E2E389A007F374C /* pem.h */,
				A4D1022A1E2E389A007F374C /* pem2.h */,
				A4D1022B1E2E389A007F374C /* pkcs12.h */,
				A4D1022C1E2E389A007F374C /* pkcs7.h */,
				A4D1022D1E2E389A007F374C /* pqueue.h */,
				A4D1022E1E2E389A007F374C /* rand.h */,
				A4D1022F1E2E389A007F374C /* rc2.h */,
				A4D102301E2E389A007F374C /* rc4.h */,
				A4D102311E2E389A007F374C /* ripemd.h */,
				A4D102321E2E389A007F374C /* rsa.h */,
				A4D102331E2E389A007F374C /* safestack.h */,
				A4D102341E2E389A007F374C /* seed.h */,
				A4D102351E2E389A007F374C /* sha.h */,
				A4D102361E2E389A007F374C /* srp.h */,
				A4D102371E2E389A007F374C /* srtp.h */,
				A4D102381E2E389A007F374C /* ssl.h */,
				A4D102391E2E389A007F374C /* ssl2.h */,
				A4D1023A1E2E389A007F374C /* ssl23.h */,
				A4D1023B1E2E389A007F374C /* ssl3.h */,
				A4D1023C1E2E389A007F374C /* stack.h */,
				A4D1023D1E2E389A007F374C /* symhacks.h */,
				A4D1023E1E2E389A007F374C /* tls1.h */,
				A4D1023F1E2E389A007F374C /* ts.h */,
				A4D102401E2E389A007F374C /* txt_db.h */,
				A4D102411E2E389A007F374C /* ui.h */,
				A4D102421E2E389A007F374C /* ui_compat.h */,
				A4D102431E2E389A007F374C /* whrlpool.h */,
				A4D102441E2E389A007F374C /* x509.h */,
				A4D102451E2E389A007F374C /* x509_vfy.h */,
				A4D102461E2E389A007F374C /* x509v3.h */,
			);
			path = include;
			sourceTree = "<group>";
		};
		A4D102471E2E389A007F374C /* lib */ = {
			isa = PBXGroup;
			children = (
				A4D102481E2E389A007F374C /* libcrypto.a */,
				A4D102491E2E389A007F374C /* libssl.a */,
			);
			path = lib;
			sourceTree = "<group>";
		};
/* End PBXGroup section */

/* Begin PBXNativeTarget section */
		A402B7331E2DF84200DA2C56 /* heibaiyu */ = {
			isa = PBXNativeTarget;
			buildConfigurationList = A402B75C1E2DF84200DA2C56 /* Build configuration list for PBXNativeTarget "heibaiyu" */;
			buildPhases = (
				A402B7301E2DF84200DA2C56 /* Sources */,
				A402B7311E2DF84200DA2C56 /* Frameworks */,
				A402B7321E2DF84200DA2C56 /* Resources */,
			);
			buildRules = (
			);
			dependencies = (
			);
			name = heibaiyu;
			productName = heibaiyu;
			productReference = A402B7341E2DF84200DA2C56 /* heibaiyu.app */;
			productType = "com.apple.product-type.application";
		};
/* End PBXNativeTarget section */

/* Begin PBXProject section */
		A402B72C1E2DF84200DA2C56 /* Project object */ = {
			isa = PBXProject;
			attributes = {
				LastSwiftUpdateCheck = 0820;
				LastUpgradeCheck = 0820;
				ORGANIZATIONNAME = yijian;
				TargetAttributes = {
					A402B7331E2DF84200DA2C56 = {
						CreatedOnToolsVersion = 8.2.1;
						DevelopmentTeam = WXN2XA3VYP;
						ProvisioningStyle = Automatic;
					};
				};
			};
			buildConfigurationList = A402B72F1E2DF84200DA2C56 /* Build configuration list for PBXProject "heibaiyu" */;
			compatibilityVersion = "Xcode 3.2";
			developmentRegion = English;
			hasScannedForEncodings = 0;
			knownRegions = (
				en,
				Base,
				ja,
				de,
				es,
				fr,
				he,
				it,
				"zh-Hans",
				"zh-Hant",
				nl,
			);
			mainGroup = A402B72B1E2DF84200DA2C56;
			productRefGroup = A402B7351E2DF84200DA2C56 /* Products */;
			projectDirPath = "";
			projectRoot = "";
			targets = (
				A402B7331E2DF84200DA2C56 /* heibaiyu */,
			);
		};
/* End PBXProject section */

/* Begin PBXResourcesBuildPhase section */
		A402B7321E2DF84200DA2C56 /* Resources */ = {
			isa = PBXResourcesBuildPhase;
			buildActionMask = 2147483647;
			files = (
				A402B7421E2DF84200DA2C56 /* LaunchScreen.storyboard in Resources */,
				A402B73F1E2DF84200DA2C56 /* Assets.xcassets in Resources */,
				A402B73D1E2DF84200DA2C56 /* Main.storyboard in Resources */,
			);
			runOnlyForDeploymentPostprocessing = 0;
		};
/* End PBXResourcesBuildPhase section */

/* Begin PBXSourcesBuildPhase section */
		A402B7301E2DF84200DA2C56 /* Sources */ = {
			isa = PBXSourcesBuildPhase;
			buildActionMask = 2147483647;
			files = (
				A402B73A1E2DF84200DA2C56 /* ViewController.swift in Sources */,
				A402B7381E2DF84200DA2C56 /* AppDelegate.swift in Sources */,
			);
			runOnlyForDeploymentPostprocessing = 0;
		};
/* End PBXSourcesBuildPhase section */

/* Begin PBXVariantGroup section */
		A402B73B1E2DF84200DA2C56 /* Main.storyboard */ = {
			isa = PBXVariantGroup;
			children = (
				A402B73C1E2DF84200DA2C56 /* Base */,
			);
			name = Main.storyboard;
			sourceTree = "<group>";
		};
		A402B7401E2DF84200DA2C56 /* LaunchScreen.storyboard */ = {
			isa = PBXVariantGroup;
			children = (
				A402B7411E2DF84200DA2C56 /* Base */,
			);
			name = LaunchScreen.storyboard;
			sourceTree = "<group>";
		};
/* End PBXVariantGroup section */

/* Begin XCBuildConfiguration section */
		A402B75A1E2DF84200DA2C56 /* Debug */ = {
			isa = XCBuildConfiguration;
			buildSettings = {
				ALWAYS_SEARCH_USER_PATHS = NO;
				CLANG_ANALYZER_NONNULL = YES;
				CLANG_CXX_LANGUAGE_STANDARD = "gnu++0x";
				CLANG_CXX_LIBRARY = "libc++";
				CLANG_ENABLE_MODULES = YES;
				CLANG_ENABLE_OBJC_ARC = YES;
				CLANG_WARN_BOOL_CONVERSION = YES;
				CLANG_WARN_CONSTANT_CONVERSION = YES;
				CLANG_WARN_DIRECT_OBJC_ISA_USAGE = YES_ERROR;
				CLANG_WARN_DOCUMENTATION_COMMENTS = YES;
				CLANG_WARN_EMPTY_BODY = YES;
				CLANG_WARN_ENUM_CONVERSION = YES;
				CLANG_WARN_INFINITE_RECURSION = YES;
				CLANG_WARN_INT_CONVERSION = YES;
				CLANG_WARN_OBJC_ROOT_CLASS = YES_ERROR;
				CLANG_WARN_SUSPICIOUS_MOVE = YES;
				CLANG_WARN_UNREACHABLE_CODE = YES;
				CLANG_WARN__DUPLICATE_METHOD_MATCH = YES;
				"CODE_SIGN_IDENTITY[sdk=iphoneos*]" = "iPhone Developer";
				COPY_PHASE_STRIP = NO;
				DEBUG_INFORMATION_FORMAT = dwarf;
				ENABLE_STRICT_OBJC_MSGSEND = YES;
				ENABLE_TESTABILITY = YES;
				GCC_C_LANGUAGE_STANDARD = gnu99;
				GCC_DYNAMIC_NO_PIC = NO;
				GCC_NO_COMMON_BLOCKS = YES;
				GCC_OPTIMIZATION_LEVEL = 0;
				GCC_PREPROCESSOR_DEFINITIONS = (
					"DEBUG=1",
					"$(inherited)",
				);
				GCC_WARN_64_TO_32_BIT_CONVERSION = YES;
				GCC_WARN_ABOUT_RETURN_TYPE = YES_ERROR;
				GCC_WARN_UNDECLARED_SELECTOR = YES;
				GCC_WARN_UNINITIALIZED_AUTOS = YES_AGGRESSIVE;
				GCC_WARN_UNUSED_FUNCTION = YES;
				GCC_WARN_UNUSED_VARIABLE = YES;
				IPHONEOS_DEPLOYMENT_TARGET = 10.2;
				MTL_ENABLE_DEBUG_INFO = YES;
				ONLY_ACTIVE_ARCH = YES;
				SDKROOT = iphoneos;
				SWIFT_ACTIVE_COMPILATION_CONDITIONS = DEBUG;
				SWIFT_OPTIMIZATION_LEVEL = "-Onone";
				TARGETED_DEVICE_FAMILY = "1,2";
			};
			name = Debug;
		};
		A402B75B1E2DF84200DA2C56 /* Release */ = {
			isa = XCBuildConfiguration;
			buildSettings = {
				ALWAYS_SEARCH_USER_PATHS = NO;
				CLANG_ANALYZER_NONNULL = YES;
				CLANG_CXX_LANGUAGE_STANDARD = "gnu++0x";
				CLANG_CXX_LIBRARY = "libc++";
				CLANG_ENABLE_MODULES = YES;
				CLANG_ENABLE_OBJC_ARC = YES;
				CLANG_WARN_BOOL_CONVERSION = YES;
				CLANG_WARN_CONSTANT_CONVERSION = YES;
				CLANG_WARN_DIRECT_OBJC_ISA_USAGE = YES_ERROR;
				CLANG_WARN_DOCUMENTATION_COMMENTS = YES;
				CLANG_WARN_EMPTY_BODY = YES;
				CLANG_WARN_ENUM_CONVERSION = YES;
				CLANG_WARN_INFINITE_RECURSION = YES;
				CLANG_WARN_INT_CONVERSION = YES;
				CLANG_WARN_OBJC_ROOT_CLASS = YES_ERROR;
				CLANG_WARN_SUSPICIOUS_MOVE = YES;
				CLANG_WARN_UNREACHABLE_CODE = YES;
				CLANG_WARN__DUPLICATE_METHOD_MATCH = YES;
				"CODE_SIGN_IDENTITY[sdk=iphoneos*]" = "iPhone Developer";
				COPY_PHASE_STRIP = NO;
				DEBUG_INFORMATION_FORMAT = "dwarf-with-dsym";
				ENABLE_NS_ASSERTIONS = NO;
				ENABLE_STRICT_OBJC_MSGSEND = YES;
				GCC_C_LANGUAGE_STANDARD = gnu99;
				GCC_NO_COMMON_BLOCKS = YES;
				GCC_WARN_64_TO_32_BIT_CONVERSION = YES;
				GCC_WARN_ABOUT_RETURN_TYPE = YES_ERROR;
				GCC_WARN_UNDECLARED_SELECTOR = YES;
				GCC_WARN_UNINITIALIZED_AUTOS = YES_AGGRESSIVE;
				GCC_WARN_UNUSED_FUNCTION = YES;
				GCC_WARN_UNUSED_VARIABLE = YES;
				IPHONEOS_DEPLOYMENT_TARGET = 10.2;
				MTL_ENABLE_DEBUG_INFO = NO;
				SDKROOT = iphoneos;
				SWIFT_OPTIMIZATION_LEVEL = "-Owholemodule";
				TARGETED_DEVICE_FAMILY = "1,2";
				VALIDATE_PRODUCT = YES;
			};
			name = Release;
		};
		A402B75D1E2DF84200DA2C56 /* Debug */ = {
			isa = XCBuildConfiguration;
			buildSettings = {
				ASSETCATALOG_COMPILER_APPICON_NAME = AppIcon;
				DEVELOPMENT_TEAM = WXN2XA3VYP;
				INFOPLIST_FILE = heibaiyu/Info.plist;
				LD_RUNPATH_SEARCH_PATHS = "$(inherited) @executable_path/Frameworks";
				LIBRARY_SEARCH_PATHS = (
					"$(inherited)",
					"$(PROJECT_DIR)/staticlib/openssl/lib",
					"$(PROJECT_DIR)/staticlib/leveldb/lib",
					"$(PROJECT_DIR)/staticlib/libev/lib",
				);
				PRODUCT_BUNDLE_IDENTIFIER = yijian.heibaiyu;
				PRODUCT_NAME = "$(TARGET_NAME)";
				SWIFT_VERSION = 3.0;
			};
			name = Debug;
		};
		A402B75E1E2DF84200DA2C56 /* Release */ = {
			isa = XCBuildConfiguration;
			buildSettings = {
				ASSETCATALOG_COMPILER_APPICON_NAME = AppIcon;
				DEVELOPMENT_TEAM = WXN2XA3VYP;
				INFOPLIST_FILE = heibaiyu/Info.plist;
				LD_RUNPATH_SEARCH_PATHS = "$(inherited) @executable_path/Frameworks";
				LIBRARY_SEARCH_PATHS = (
					"$(inherited)",
					"$(PROJECT_DIR)/staticlib/openssl/lib",
					"$(PROJECT_DIR)/staticlib/leveldb/lib",
					"$(PROJECT_DIR)/staticlib/libev/lib",
				);
				PRODUCT_BUNDLE_IDENTIFIER = yijian.heibaiyu;
				PRODUCT_NAME = "$(TARGET_NAME)";
				SWIFT_VERSION = 3.0;
			};
			name = Release;
		};
/* End XCBuildConfiguration section */

/* Begin XCConfigurationList section */
		A402B72F1E2DF84200DA2C56 /* Build configuration list for PBXProject "heibaiyu" */ = {
			isa = XCConfigurationList;
			buildConfigurations = (
				A402B75A1E2DF84200DA2C56 /* Debug */,
				A402B75B1E2DF84200DA2C56 /* Release */,
			);
			defaultConfigurationIsVisible = 0;
			defaultConfigurationName = Release;
		};
		A402B75C1E2DF84200DA2C56 /* Build configuration list for PBXNativeTarget "heibaiyu" */ = {
			isa = XCConfigurationList;
			buildConfigurations = (
				A402B75D1E2DF84200DA2C56 /* Debug */,
				A402B75E1E2DF84200DA2C56 /* Release */,
			);
			defaultConfigurationIsVisible = 0;
			defaultConfigurationName = Release;
		};
/* End XCConfigurationList section */
	};
	rootObject = A402B72C1E2DF84200DA2C56 /* Project object */;
}
